
Microsoft Visual Studio Solution File, Format Version 12.00
# Visual Studio Version 17
VisualStudioVersion = 17.0.32014.148
MinimumVisualStudioVersion = 10.0.40219.1
Project("{9A19103F-16F7-4668-BE54-9A1E7A4F7556}") = "Sonar", "Sonar\Sonar.csproj", "{74EA95C3-66EE-4E6F-A551-11883E3CD0C5}"
EndProject
Project("{9A19103F-16F7-4668-BE54-9A1E7A4F7556}") = "SonarPlugin", "SonarPlugin\SonarPlugin.csproj", "{F5BA4BB1-26FA-4FB9-B557-85BB4AEFAB0F}"
EndProject
Project("{9A19103F-16F7-4668-BE54-9A1E7A4F7556}") = "SonarResources", "SonarResources\SonarResources.csproj", "{EE8B5077-F0D1-4D5D-A7CD-847F49E96C77}"
EndProject
Project("{9A19103F-16F7-4668-BE54-9A1E7A4F7556}") = "SonarServer", "SonarServer\SonarServer.csproj", "{AE30030E-9F89-432F-8378-C7C7C5F2E5BE}"
EndProject
Project("{2150E333-8FDC-42A3-9474-1A3956D46DE8}") = "Solution Items", "Solution Items", "{8F7B1230-AB17-4773-A174-A23DB0B121D3}"
	ProjectSection(SolutionItems) = preProject
		.editorconfig = .editorconfig
		.gitattributes = .gitattributes
		.gitignore = .gitignore
		deploy.sh = deploy.sh
		plogonbuild.sh = plogonbuild.sh
		post-build.sh = post-build.sh
		pre-build.sh = pre-build.sh
		Private notes.txt = Private notes.txt
		SonarCommon.props = SonarCommon.props
	EndProjectSection
EndProject
Project("{9A19103F-16F7-4668-BE54-9A1E7A4F7556}") = "SonarTesting", "SonarTesting\SonarTesting.csproj", "{7B66A9EF-FEB2-4F97-96F0-2301D24FD43B}"
EndProject
Project("{9A19103F-16F7-4668-BE54-9A1E7A4F7556}") = "SonarUtils", "SonarUtils\SonarUtils.csproj", "{5C97CBA6-4860-4852-80A8-3DDB96A6E3FF}"
EndProject
Project("{9A19103F-16F7-4668-BE54-9A1E7A4F7556}") = "SonarTests", "SonarTests\SonarTests.csproj", "{99ACFDF7-D033-4DBE-ABFC-CC958A1FC546}"
EndProject
Project("{9092AA53-FB77-4645-B42D-1CCCA6BD08BD}") = "FlavorChanger", "FlavorChanger\FlavorChanger.njsproj", "{BD7B4CA2-1818-40E8-9A23-579CF12781DA}"
EndProject
Project("{9A19103F-16F7-4668-BE54-9A1E7A4F7556}") = "SonarBenchmarks", "SonarBenchmarks\SonarBenchmarks.csproj", "{DBC39DE3-7A30-478F-9336-A02C58226E47}"
EndProject
Project("{9A19103F-16F7-4668-BE54-9A1E7A4F7556}") = "SonarSecrets", "SonarSecrets\SonarSecrets.csproj", "{8759AE7B-B9AC-48F5-8A97-456460040C58}"
EndProject
Project("{9A19103F-16F7-4668-BE54-9A1E7A4F7556}") = "SonarUtils.Tests", "SonarUtils.Tests\SonarUtils.Tests.csproj", "{2604D25D-E90F-4695-B600-2FB19293A140}"
EndProject
Project("{2150E333-8FDC-42A3-9474-1A3956D46DE8}") = ".github", ".github", "{35C5F924-32BF-4CCD-B1FD-52FFF8A5139B}"
	ProjectSection(SolutionItems) = preProject
		.github\workflows\dotnet.yml = .github\workflows\dotnet.yml
	EndProjectSection
EndProject
Project("{2150E333-8FDC-42A3-9474-1A3956D46DE8}") = "Shortcuts", "Shortcuts", "{1C52BF27-7EB8-4E90-882D-47C00E3899D9}"
	ProjectSection(SolutionItems) = preProject
		C:\Users\Administrator\AppData\Roaming\XIVLauncher\addon\Hooks\dev\targets\Dalamud.Plugin.targets = C:\Users\Administrator\AppData\Roaming\XIVLauncher\addon\Hooks\dev\targets\Dalamud.Plugin.targets
	EndProjectSection
EndProject
Global
	GlobalSection(SolutionConfigurationPlatforms) = preSolution
		Debug|Any CPU = Debug|Any CPU
		Release|Any CPU = Release|Any CPU
	EndGlobalSection
	GlobalSection(ProjectConfigurationPlatforms) = postSolution
		{74EA95C3-66EE-4E6F-A551-11883E3CD0C5}.Debug|Any CPU.ActiveCfg = Debug|Any CPU
		{74EA95C3-66EE-4E6F-A551-11883E3CD0C5}.Debug|Any CPU.Build.0 = Debug|Any CPU
		{74EA95C3-66EE-4E6F-A551-11883E3CD0C5}.Release|Any CPU.ActiveCfg = Release|Any CPU
		{74EA95C3-66EE-4E6F-A551-11883E3CD0C5}.Release|Any CPU.Build.0 = Release|Any CPU
		{F5BA4BB1-26FA-4FB9-B557-85BB4AEFAB0F}.Debug|Any CPU.ActiveCfg = Debug|x64
		{F5BA4BB1-26FA-4FB9-B557-85BB4AEFAB0F}.Debug|Any CPU.Build.0 = Debug|x64
		{F5BA4BB1-26FA-4FB9-B557-85BB4AEFAB0F}.Release|Any CPU.ActiveCfg = Release|x64
		{F5BA4BB1-26FA-4FB9-B557-85BB4AEFAB0F}.Release|Any CPU.Build.0 = Release|x64
		{EE8B5077-F0D1-4D5D-A7CD-847F49E96C77}.Debug|Any CPU.ActiveCfg = Debug|Any CPU
		{EE8B5077-F0D1-4D5D-A7CD-847F49E96C77}.Debug|Any CPU.Build.0 = Debug|Any CPU
		{EE8B5077-F0D1-4D5D-A7CD-847F49E96C77}.Release|Any CPU.ActiveCfg = Release|Any CPU
		{EE8B5077-F0D1-4D5D-A7CD-847F49E96C77}.Release|Any CPU.Build.0 = Release|Any CPU
		{AE30030E-9F89-432F-8378-C7C7C5F2E5BE}.Debug|Any CPU.ActiveCfg = Debug|Any CPU
		{AE30030E-9F89-432F-8378-C7C7C5F2E5BE}.Debug|Any CPU.Build.0 = Debug|Any CPU
		{AE30030E-9F89-432F-8378-C7C7C5F2E5BE}.Release|Any CPU.ActiveCfg = Release|Any CPU
		{AE30030E-9F89-432F-8378-C7C7C5F2E5BE}.Release|Any CPU.Build.0 = Release|Any CPU
		{7B66A9EF-FEB2-4F97-96F0-2301D24FD43B}.Debug|Any CPU.ActiveCfg = Debug|Any CPU
		{7B66A9EF-FEB2-4F97-96F0-2301D24FD43B}.Debug|Any CPU.Build.0 = Debug|Any CPU
		{7B66A9EF-FEB2-4F97-96F0-2301D24FD43B}.Release|Any CPU.ActiveCfg = Release|Any CPU
		{7B66A9EF-FEB2-4F97-96F0-2301D24FD43B}.Release|Any CPU.Build.0 = Release|Any CPU
		{5C97CBA6-4860-4852-80A8-3DDB96A6E3FF}.Debug|Any CPU.ActiveCfg = Debug|Any CPU
		{5C97CBA6-4860-4852-80A8-3DDB96A6E3FF}.Debug|Any CPU.Build.0 = Debug|Any CPU
		{5C97CBA6-4860-4852-80A8-3DDB96A6E3FF}.Release|Any CPU.ActiveCfg = Release|Any CPU
		{5C97CBA6-4860-4852-80A8-3DDB96A6E3FF}.Release|Any CPU.Build.0 = Release|Any CPU
		{99ACFDF7-D033-4DBE-ABFC-CC958A1FC546}.Debug|Any CPU.ActiveCfg = Debug|Any CPU
		{99ACFDF7-D033-4DBE-ABFC-CC958A1FC546}.Debug|Any CPU.Build.0 = Debug|Any CPU
		{99ACFDF7-D033-4DBE-ABFC-CC958A1FC546}.Release|Any CPU.ActiveCfg = Release|Any CPU
		{99ACFDF7-D033-4DBE-ABFC-CC958A1FC546}.Release|Any CPU.Build.0 = Release|Any CPU
		{BD7B4CA2-1818-40E8-9A23-579CF12781DA}.Debug|Any CPU.ActiveCfg = Debug|Any CPU
		{BD7B4CA2-1818-40E8-9A23-579CF12781DA}.Release|Any CPU.ActiveCfg = Release|Any CPU
		{DBC39DE3-7A30-478F-9336-A02C58226E47}.Debug|Any CPU.ActiveCfg = Debug|Any CPU
		{DBC39DE3-7A30-478F-9336-A02C58226E47}.Debug|Any CPU.Build.0 = Debug|Any CPU
		{DBC39DE3-7A30-478F-9336-A02C58226E47}.Release|Any CPU.ActiveCfg = Release|Any CPU
		{DBC39DE3-7A30-478F-9336-A02C58226E47}.Release|Any CPU.Build.0 = Release|Any CPU
		{8759AE7B-B9AC-48F5-8A97-456460040C58}.Debug|Any CPU.ActiveCfg = Debug|Any CPU
		{8759AE7B-B9AC-48F5-8A97-456460040C58}.Debug|Any CPU.Build.0 = Debug|Any CPU
		{8759AE7B-B9AC-48F5-8A97-456460040C58}.Release|Any CPU.ActiveCfg = Release|Any CPU
		{8759AE7B-B9AC-48F5-8A97-456460040C58}.Release|Any CPU.Build.0 = Release|Any CPU
		{2604D25D-E90F-4695-B600-2FB19293A140}.Debug|Any CPU.ActiveCfg = Debug|Any CPU
		{2604D25D-E90F-4695-B600-2FB19293A140}.Debug|Any CPU.Build.0 = Debug|Any CPU
		{2604D25D-E90F-4695-B600-2FB19293A140}.Release|Any CPU.ActiveCfg = Release|Any CPU
		{2604D25D-E90F-4695-B600-2FB19293A140}.Release|Any CPU.Build.0 = Release|Any CPU
	EndGlobalSection
	GlobalSection(SolutionProperties) = preSolution
		HideSolutionNode = FALSE
	EndGlobalSection
	GlobalSection(NestedProjects) = preSolution
		{35C5F924-32BF-4CCD-B1FD-52FFF8A5139B} = {8F7B1230-AB17-4773-A174-A23DB0B121D3}
		{1C52BF27-7EB8-4E90-882D-47C00E3899D9} = {8F7B1230-AB17-4773-A174-A23DB0B121D3}
	EndGlobalSection
	GlobalSection(ExtensibilityGlobals) = postSolution
		SolutionGuid = {F039DA17-64AE-4558-8887-BA8C2D0CDCE2}
	EndGlobalSection
EndGlobal
