{
  "version": 1,
  "dependencies": {
    "net10.0-windows7.0": {
      "DalamudPackager": {
        "type": "Direct",
        "requested": "[14.0.1, )",
        "resolved": "14.0.1",
        "contentHash": "y0WWyUE6dhpGdolK3iKgwys05/nZaVf4ZPtIjpLhJBZvHxkkiE23zYRo7K7uqAgoK/QvK5cqF6l3VG5AbgC6KA=="
      },
      "DotNet.ReproducibleBuilds": {
        "type": "Direct",
        "requested": "[1.2.39, )",
        "resolved": "1.2.39",
        "contentHash": "fcFN01tDTIQqDuTwr1jUQK/geofiwjG5DycJQOnC72i1SsLAk1ELe+apBOuZ11UMQG8YKFZG1FgvjZPbqHyatg=="
      },
      "DryIoc.dll": {
        "type": "Direct",
        "requested": "[5.4.3, )",
        "resolved": "5.4.3",
        "contentHash": "yhXOG3SOxeWYxBAWskNRDD8fzw5hriEawv4VN4WKaFHOuubiop4kxe2rkWTEyCnTgRVgxVUSQCDBBkZqwPm1iQ=="
      },
      "DryIoc.MefAttributedModel.dll": {
        "type": "Direct",
        "requested": "[7.0.2, )",
        "resolved": "7.0.2",
        "contentHash": "vshe/0Gf+Aesxi6l73AdWvPkjhgliw10jsS84Z8iq4aiZPtlt+diL16sr4zVDoSmUrmuFn3VPE0Z0hs1sALe9A==",
        "dependencies": {
          "DryIoc.dll": "5.4.2",
          "DryIocAttributes.dll": "7.0.0"
        }
      },
      "AG": {
        "type": "Transitive",
        "resolved": "0.1.2-alpha",
        "contentHash": "gWkXcwS8zyCTNSGmEex8nWlfqnfVFc40gkasdlOWm4MhMAD4mWnxTKH5C4Z47uR/uxh7I2qntg/LNiauakOwnA=="
      },
      "AG.Collections.Concurrent": {
        "type": "Transitive",
        "resolved": "0.1.2-alpha",
        "contentHash": "gqJoa2iJ53mdFr1PcUykurc+ULRy3BRE7v3bdf1OZ76n976r+xZ2g69NuvDOKP7eM81qRhvUT3ngFa+LT8M9ZQ==",
        "dependencies": {
          "AG": "0.1.2-alpha",
          "AG.Collections.Generic": "0.1.2-alpha"
        }
      },
      "AG.Collections.Generic": {
        "type": "Transitive",
        "resolved": "0.1.2-alpha",
        "contentHash": "6KdevDpXfX1FZNsrFtWYtIWHQq2fUF8AiNpE/A3P4AaZ6Q2WKImj6vdGBxVaotT0+KGwB7xRa0dUNTHJ/ZOoAA==",
        "dependencies": {
          "AG": "0.1.2-alpha"
        }
      },
      "AG.EnumLocalization": {
        "type": "Transitive",
        "resolved": "0.1.3-alpha",
        "contentHash": "BNvyTUh46XipY5ka/SPOpFnUrBHiZSC78vjjvBpLPjYO2hK0OhhyuMHty3fdqXkoIPy/TjcmeF4a2j9p8+OmuA=="
      },
      "BouncyCastle.Cryptography": {
        "type": "Transitive",
        "resolved": "2.6.2",
        "contentHash": "7oWOcvnntmMKNzDLsdxAYqApt+AjpRpP2CShjMfIa3umZ42UQMvH0tl1qAliYPNYO6vTdcGMqnRrCPmsfzTI1w=="
      },
      "DryIocAttributes.dll": {
        "type": "Transitive",
        "resolved": "7.0.0",
        "contentHash": "/fCyHfqZxVerHK9lt0CMoZraaoc411WgUTnAKog7NjqiKyiX/WeiyOKZGmPIvfC7kVoEkrOSNhqRmfxx8q5Tbw==",
        "dependencies": {
          "System.ComponentModel.Composition": "4.7.0"
        }
      },
      "Farmhash.Sharp": {
        "type": "Transitive",
        "resolved": "0.9.0",
        "contentHash": "6Ij80JrfPyiDRM4QqdlEIjev4Q97eqEakh7wFJZYmbUkWVoCJb1+YdSdoXpzvn+Fs2dXH8THRsn+uUvrhMNKpQ=="
      },
      "System.ComponentModel.Composition": {
        "type": "Transitive",
        "resolved": "4.7.0",
        "contentHash": "TKOHGbuqp7++lEna7+p19kTR8rKeAeoo2Faab2n2q7spV2CWPevmUkghMG6POKfSdeQhtAJoNZ33FT+01CNe3g=="
      },
      "XoshiroPRNG.Net": {
        "type": "Transitive",
        "resolved": "1.6.0",
        "contentHash": "Agj7DDi1obbcZXzPJDGpx4ncwrlr0Q39xe/coNGJV2DU3AzhWiHF33sM2nkHlgIL1icLacx1hkqNz8No7pdWWg=="
      },
      "sonarutils": {
        "type": "Project",
        "dependencies": {
          "AG.Collections.Concurrent": "[0.1.2-alpha, )",
          "AG.EnumLocalization": "[0.1.3-alpha, )",
          "BouncyCastle.Cryptography": "[2.6.2, )",
          "Farmhash.Sharp": "[0.9.0, )",
          "XoshiroPRNG.Net": "[1.6.0, )"
        }
      }
    }
  }
}