{
  "version": 1,
  "dependencies": {
    "net7.0": {
      "ConcurrencyLab.ParallelChecker": {
        "type": "Direct",
        "requested": "[2.7.0, )",
        "resolved": "2.7.0",
        "contentHash": "ydBfxgn7cMWywJNIFv4eIXWa08ze2+5o/GnEYLnpo4A+dC6nO0F+UxCbPyG1dYbVwsNO7EASKoo47hdb/0z+Vw=="
      },
      "Farmhash.Sharp": {
        "type": "Direct",
        "requested": "[0.9.0, )",
        "resolved": "0.9.0",
        "contentHash": "6Ij80JrfPyiDRM4QqdlEIjev4Q97eqEakh7wFJZYmbUkWVoCJb1+YdSdoXpzvn+Fs2dXH8THRsn+uUvrhMNKpQ=="
      },
      "XoshiroPRNG.Net": {
        "type": "Direct",
        "requested": "[1.6.0, )",
        "resolved": "1.6.0",
        "contentHash": "Agj7DDi1obbcZXzPJDGpx4ncwrlr0Q39xe/coNGJV2DU3AzhWiHF33sM2nkHlgIL1icLacx1hkqNz8No7pdWWg=="
      }
    },
    "net7.0/linux-x64": {}
  }
}