{
  "version": 1,
  "dependencies": {
    "net8.0": {
      "AG.Collections.Concurrent": {
        "type": "Direct",
        "requested": "[0.0.2-alpha, )",
        "resolved": "0.0.2-alpha",
        "contentHash": "dYyWg+X8Nk2Ax169IhObwxsY7gf9QDN97/V05huCca0N0EWGBFCs0DV/MlQN+bABBRJqNFEbYFHtfbRrkFLM/Q==",
        "dependencies": {
          "AG": "0.0.2-alpha",
          "AG.Collections.Generic": "0.0.2-alpha"
        }
      },
      "Farmhash.Sharp": {
        "type": "Direct",
        "requested": "[0.9.0, )",
        "resolved": "0.9.0",
        "contentHash": "6Ij80JrfPyiDRM4QqdlEIjev4Q97eqEakh7wFJZYmbUkWVoCJb1+YdSdoXpzvn+Fs2dXH8THRsn+uUvrhMNKpQ=="
      },
      "XoshiroPRNG.Net": {
        "type": "Direct",
        "requested": "[1.6.0, )",
        "resolved": "1.6.0",
        "contentHash": "Agj7DDi1obbcZXzPJDGpx4ncwrlr0Q39xe/coNGJV2DU3AzhWiHF33sM2nkHlgIL1icLacx1hkqNz8No7pdWWg=="
      },
      "AG": {
        "type": "Transitive",
        "resolved": "0.0.2-alpha",
        "contentHash": "GWUPucUf0fPIK1rAEDF4TTMoWkTQ78UCBbCqatATOTdD+D7xilPlaeKowVjb7X8u+s6j+Q/prvhjxQbBcRNDhg=="
      },
      "AG.Collections.Generic": {
        "type": "Transitive",
        "resolved": "0.0.2-alpha",
        "contentHash": "6FdFplFvKxxShS5eQvarJrulroN6U60lw2FVtBKuFr1yjJaZ6lRWFsjNb0IE2kBDGQ9cT4Uo1m6QH1gxNM65dA==",
        "dependencies": {
          "AG": "0.0.2-alpha"
        }
      }
    },
    "net8.0/linux-x64": {}
  }
}