{
  "version": 1,
  "dependencies": {
    "net8.0": {
      "AG.Collections.Concurrent": {
        "type": "Direct",
        "requested": "[0.0.6-alpha, )",
        "resolved": "0.0.6-alpha",
        "contentHash": "RzcnU58gROr8MJSIWuj/HC7S52iciS8EVk8xvsUbKUskkh9n0pj+PWfRkqbPUnls1AOf9IsJFipldV8X+H4Y+Q==",
        "dependencies": {
          "AG": "0.0.6-alpha",
          "AG.Collections.Generic": "0.0.6-alpha"
        }
      },
      "Farmhash.Sharp": {
        "type": "Direct",
        "requested": "[0.9.0, )",
        "resolved": "0.9.0",
        "contentHash": "6Ij80JrfPyiDRM4QqdlEIjev4Q97eqEakh7wFJZYmbUkWVoCJb1+YdSdoXpzvn+Fs2dXH8THRsn+uUvrhMNKpQ=="
      },
      "XoshiroPRNG.Net": {
        "type": "Direct",
        "requested": "[1.6.0, )",
        "resolved": "1.6.0",
        "contentHash": "Agj7DDi1obbcZXzPJDGpx4ncwrlr0Q39xe/coNGJV2DU3AzhWiHF33sM2nkHlgIL1icLacx1hkqNz8No7pdWWg=="
      },
      "AG": {
        "type": "Transitive",
        "resolved": "0.0.6-alpha",
        "contentHash": "sRKdbX+Hm5nFuSWTKFkPQQ2co17hhdKQgpnjPADm4AUgeCCt6ctSRpOLPRz6TJ+5zPUU78RZX4s9nUBzjML3WQ=="
      },
      "AG.Collections.Generic": {
        "type": "Transitive",
        "resolved": "0.0.6-alpha",
        "contentHash": "GlqU758Jid5d5hsKT+fPs2E/2YutuLHnwrswN7utwlPlZRsLiq5YAyVjftefhqhk9Z4wHeEb2sqEZyIXDX9uRA==",
        "dependencies": {
          "AG": "0.0.6-alpha"
        }
      }
    },
    "net8.0/linux-x64": {}
  }
}