{
  "version": 1,
  "dependencies": {
    "net9.0": {
      "AG.NonBlocking": {
        "type": "Direct",
        "requested": "[2.1.1, )",
        "resolved": "2.1.1",
        "contentHash": "YQFUqdQLS2JRlWMFJL2Ejt2dKs3JgUSrYBrCailSdZjO0SXmyLLyDHIskq2p0oVjv9DqVbOa9DgauFvHAA9DIA==",
        "dependencies": {
          "System.Runtime.CompilerServices.Unsafe": "6.0.0"
        }
      },
      "ConfigureAwait.Fody": {
        "type": "Direct",
        "requested": "[3.3.2, )",
        "resolved": "3.3.2",
        "contentHash": "vzGcpFU7uY4SbdB1Q68sFqv52HU5V1l39bF1rw6BIb7Os/DRLZa5ObV1yf/CNuTXj8IZjqJQ7PnTzSUiI/W49A==",
        "dependencies": {
          "Fody": "6.6.4"
        }
      },
      "DeviceId": {
        "type": "Direct",
        "requested": "[6.9.0, )",
        "resolved": "6.9.0",
        "contentHash": "2nfdZxcEfXVKJSg6n0Cv9JdH1UmlEdIIplfRy5AGqhzzmOOy5lK/kPcP0dHky1ZbwxqGIlf4fMq2qYCtMtX+0A=="
      },
      "DeviceId.Linux": {
        "type": "Direct",
        "requested": "[6.9.0, )",
        "resolved": "6.9.0",
        "contentHash": "+n8CosDFVVbCuEQnGB+uihhWXjTiQcBtbe0hTSf0uBgDCc+lZfWrTgvBU4nxeX6zpnujaTPsnSfCyiwtVXqgQw==",
        "dependencies": {
          "DeviceId": "6.9.0",
          "System.Text.Json": "9.0.3"
        }
      },
      "DeviceId.Mac": {
        "type": "Direct",
        "requested": "[6.9.0, )",
        "resolved": "6.9.0",
        "contentHash": "xuRcWmO+XmVycUUUT1tOktAN2C6Hl8bod3WZAQsoWxfB1D8aedeJiItIYWtBWN9i81SL0A8PFp5w2vWu/Fpueg==",
        "dependencies": {
          "DeviceId": "6.9.0"
        }
      },
      "DeviceId.Windows": {
        "type": "Direct",
        "requested": "[6.9.0, )",
        "resolved": "6.9.0",
        "contentHash": "6t172GxaXf7s5zn+S/HMT8eFBtuvUjn3mrvff3mjwVMQ68sZiMGvey8Mgw/ejkUjzDn+glifdV/GBxvAoaugUQ==",
        "dependencies": {
          "DeviceId": "6.9.0",
          "Microsoft.Win32.Registry": "5.0.0"
        }
      },
      "DeviceId.Windows.Wmi": {
        "type": "Direct",
        "requested": "[6.9.0, )",
        "resolved": "6.9.0",
        "contentHash": "KUhHWusC+lzJlucPpzgHUOjDWgpeQMYzkQVSgTdP/ntRF01lGk+ReTyX1tZ5deE2ZM5xGa8+X6crIDb5ODsNYg==",
        "dependencies": {
          "DeviceId": "6.9.0",
          "DeviceId.Windows": "6.9.0",
          "System.Management": "9.0.3"
        }
      },
      "DryIoc.dll": {
        "type": "Direct",
        "requested": "[5.4.3, )",
        "resolved": "5.4.3",
        "contentHash": "yhXOG3SOxeWYxBAWskNRDD8fzw5hriEawv4VN4WKaFHOuubiop4kxe2rkWTEyCnTgRVgxVUSQCDBBkZqwPm1iQ=="
      },
      "DryIoc.MefAttributedModel.dll": {
        "type": "Direct",
        "requested": "[7.0.2, )",
        "resolved": "7.0.2",
        "contentHash": "vshe/0Gf+Aesxi6l73AdWvPkjhgliw10jsS84Z8iq4aiZPtlt+diL16sr4zVDoSmUrmuFn3VPE0Z0hs1sALe9A==",
        "dependencies": {
          "DryIoc.dll": "5.4.2",
          "DryIocAttributes.dll": "7.0.0"
        }
      },
      "Fody": {
        "type": "Direct",
        "requested": "[6.9.3, )",
        "resolved": "6.9.3",
        "contentHash": "1CUGgFdyECDKgi5HaUBhdv6k+VG9Iy4OCforGfHyar3xQXAJypZkzymgKtWj/4SPd6nSG0Qi7NH71qHrDSZLaA=="
      },
      "InterlockedUtils": {
        "type": "Direct",
        "requested": "[1.0.1, )",
        "resolved": "1.0.1",
        "contentHash": "GW+lP8C2ioZOWyq3RwNN/cDbict8L/IpUn1h2QlITIABj+HrMCn1SBHcRBKM/FmvcFVceO/GNoauXsX+f+KDsw=="
      },
      "MessagePack": {
        "type": "Direct",
        "requested": "[3.1.4, )",
        "resolved": "3.1.4",
        "contentHash": "BH0wlHWmVoZpbAPyyt2Awbq30C+ZsS3eHSkYdnyUAbqVJ22fAJDzn2xTieBeoT5QlcBzp61vHcv878YJGfi3mg==",
        "dependencies": {
          "MessagePack.Annotations": "3.1.4",
          "MessagePackAnalyzer": "3.1.4",
          "Microsoft.NET.StringTools": "17.11.4"
        }
      },
      "MessagePack.Annotations": {
        "type": "Direct",
        "requested": "[3.1.4, )",
        "resolved": "3.1.4",
        "contentHash": "aVWrDAkCdqxwQsz/q0ldPh2EFn48M99YUzE9OvZjMq2RNLKz4o2z88iGFvSvbMqOWRweRvKPHBJZe22PRqzslQ=="
      },
      "MessagePackAnalyzer": {
        "type": "Direct",
        "requested": "[3.1.4, )",
        "resolved": "3.1.4",
        "contentHash": "CTaSsN/liJ7MhLCAB7Z4ZLBNuVGCq9lt2BT/cbrc9vzGv89yK3CqIA+z9T19a11eQYl9etZHL6MQJgCqECRVpg=="
      },
      "Microsoft.AspNetCore.SignalR.Client": {
        "type": "Direct",
        "requested": "[9.0.10, )",
        "resolved": "9.0.10",
        "contentHash": "TQDXsU5mTtI1el77bS55FoNYi1CPIuPoKUDp6W/j22FA/ajHMjgmeikC87UPiZkdiJDjNyCehj91YMGNi3xCDg==",
        "dependencies": {
          "Microsoft.AspNetCore.Http.Connections.Client": "9.0.10",
          "Microsoft.AspNetCore.SignalR.Client.Core": "9.0.10"
        }
      },
      "Microsoft.AspNetCore.SignalR.Protocols.MessagePack": {
        "type": "Direct",
        "requested": "[9.0.10, )",
        "resolved": "9.0.10",
        "contentHash": "VXD6Blc5YIqi/ZwJhkaD7wWIdcq2mIe2vuj9aqbQPVLlAKU/t/l/zf4ZqXAacyUMRTPGuHXQJzsRWQ6bytVQFQ==",
        "dependencies": {
          "MessagePack": "2.5.187",
          "Microsoft.AspNetCore.SignalR.Common": "9.0.10"
        }
      },
      "ZString": {
        "type": "Direct",
        "requested": "[2.6.0, )",
        "resolved": "2.6.0",
        "contentHash": "XE8a+11nZg0LRaf+RGABEWaHIf8yGd5w8v/Ra1iWxMBmAVzwuKbW7G21mS0U7w7sh1lYcgckInWGgnz4qyET8A=="
      },
      "AG": {
        "type": "Transitive",
        "resolved": "0.1.2-alpha",
        "contentHash": "gWkXcwS8zyCTNSGmEex8nWlfqnfVFc40gkasdlOWm4MhMAD4mWnxTKH5C4Z47uR/uxh7I2qntg/LNiauakOwnA=="
      },
      "AG.Collections.Concurrent": {
        "type": "Transitive",
        "resolved": "0.1.2-alpha",
        "contentHash": "gqJoa2iJ53mdFr1PcUykurc+ULRy3BRE7v3bdf1OZ76n976r+xZ2g69NuvDOKP7eM81qRhvUT3ngFa+LT8M9ZQ==",
        "dependencies": {
          "AG": "0.1.2-alpha",
          "AG.Collections.Generic": "0.1.2-alpha"
        }
      },
      "AG.Collections.Generic": {
        "type": "Transitive",
        "resolved": "0.1.2-alpha",
        "contentHash": "6KdevDpXfX1FZNsrFtWYtIWHQq2fUF8AiNpE/A3P4AaZ6Q2WKImj6vdGBxVaotT0+KGwB7xRa0dUNTHJ/ZOoAA==",
        "dependencies": {
          "AG": "0.1.2-alpha"
        }
      },
      "AG.EnumLocalization": {
        "type": "Transitive",
        "resolved": "0.1.3-alpha",
        "contentHash": "BNvyTUh46XipY5ka/SPOpFnUrBHiZSC78vjjvBpLPjYO2hK0OhhyuMHty3fdqXkoIPy/TjcmeF4a2j9p8+OmuA=="
      },
      "BouncyCastle.Cryptography": {
        "type": "Transitive",
        "resolved": "2.6.2",
        "contentHash": "7oWOcvnntmMKNzDLsdxAYqApt+AjpRpP2CShjMfIa3umZ42UQMvH0tl1qAliYPNYO6vTdcGMqnRrCPmsfzTI1w=="
      },
      "DryIocAttributes.dll": {
        "type": "Transitive",
        "resolved": "7.0.0",
        "contentHash": "/fCyHfqZxVerHK9lt0CMoZraaoc411WgUTnAKog7NjqiKyiX/WeiyOKZGmPIvfC7kVoEkrOSNhqRmfxx8q5Tbw==",
        "dependencies": {
          "System.ComponentModel.Composition": "4.7.0"
        }
      },
      "Farmhash.Sharp": {
        "type": "Transitive",
        "resolved": "0.9.0",
        "contentHash": "6Ij80JrfPyiDRM4QqdlEIjev4Q97eqEakh7wFJZYmbUkWVoCJb1+YdSdoXpzvn+Fs2dXH8THRsn+uUvrhMNKpQ=="
      },
      "Microsoft.AspNetCore.Connections.Abstractions": {
        "type": "Transitive",
        "resolved": "9.0.10",
        "contentHash": "z0sD3sBAgWNZ0omLYUvEO5vmec5NV7tvfMBfrhByRfLd7YLkzGxOZN/KvEWzH4Ifg6dBcHLZ+4cbJoFJHXrUUA==",
        "dependencies": {
          "Microsoft.Extensions.Features": "9.0.10"
        }
      },
      "Microsoft.AspNetCore.Http.Connections.Client": {
        "type": "Transitive",
        "resolved": "9.0.10",
        "contentHash": "wHXxSYZnXYom4sHWZMzGgngIpHBIG0M1/i5HfLF6tQjBpx399OdTwC+BO1yYjbTr6RyWHx4UglRGYNs+6fpUkA==",
        "dependencies": {
          "Microsoft.AspNetCore.Http.Connections.Common": "9.0.10",
          "Microsoft.Extensions.Logging.Abstractions": "9.0.10",
          "Microsoft.Extensions.Options": "9.0.10",
          "System.Net.ServerSentEvents": "9.0.10"
        }
      },
      "Microsoft.AspNetCore.Http.Connections.Common": {
        "type": "Transitive",
        "resolved": "9.0.10",
        "contentHash": "EARfS3nepXK/b3P3ROPKV4euaHuBRFpa63dmy9TSN0qS8Dp/lQAR+RB/Yhlm5CMXvvyr42Ue1QV/dN8XeGXD3w==",
        "dependencies": {
          "Microsoft.AspNetCore.Connections.Abstractions": "9.0.10"
        }
      },
      "Microsoft.AspNetCore.SignalR.Client.Core": {
        "type": "Transitive",
        "resolved": "9.0.10",
        "contentHash": "LxnasvhMSG7L+asb88VN7Z6yr0PJTdOdN8UnGtZClySbiSIQGMtsaoCNmQxT9AA6Yvb7QBA0/H+4AGDrT34Xew==",
        "dependencies": {
          "Microsoft.AspNetCore.SignalR.Common": "9.0.10",
          "Microsoft.AspNetCore.SignalR.Protocols.Json": "9.0.10",
          "Microsoft.Extensions.DependencyInjection": "9.0.10",
          "Microsoft.Extensions.Logging": "9.0.10",
          "System.Threading.Channels": "9.0.10"
        }
      },
      "Microsoft.AspNetCore.SignalR.Common": {
        "type": "Transitive",
        "resolved": "9.0.10",
        "contentHash": "jwoS5gG0GNwSXX8Fyn7m1sEUzeH/W9q8wqAJs4v2a6ffKBnqjcG4YiiPZDyN7UhJCWAjeU2low+XjJ3YfN7iHQ==",
        "dependencies": {
          "Microsoft.AspNetCore.Connections.Abstractions": "9.0.10",
          "Microsoft.Extensions.Options": "9.0.10"
        }
      },
      "Microsoft.AspNetCore.SignalR.Protocols.Json": {
        "type": "Transitive",
        "resolved": "9.0.10",
        "contentHash": "AhBUSG98Us2LLW3FjhtAaa6x0zL1jyjjYYZ0CSCoi9fmIuOLl/5WxXOP48VsrChi6NpZ3C31yHpScl4vqLdPcA==",
        "dependencies": {
          "Microsoft.AspNetCore.SignalR.Common": "9.0.10"
        }
      },
      "Microsoft.Extensions.DependencyInjection": {
        "type": "Transitive",
        "resolved": "9.0.10",
        "contentHash": "iEtXCkNd5XhjNJAOb/wO4IhDRdLIE2CsPxZggZQWJ/q2+sa8dmEPC393nnsiqdH8/4KV8Xn25IzgKPR1UEQ0og==",
        "dependencies": {
          "Microsoft.Extensions.DependencyInjection.Abstractions": "9.0.10"
        }
      },
      "Microsoft.Extensions.DependencyInjection.Abstractions": {
        "type": "Transitive",
        "resolved": "9.0.10",
        "contentHash": "r9waLiOPe9ZF1PvzUT+RDoHvpMmY8MW+lb4lqjYGObwKpnyPMLI3odVvlmshwuZcdoHynsGWOrCPA0hxZ63lIA=="
      },
      "Microsoft.Extensions.Features": {
        "type": "Transitive",
        "resolved": "9.0.10",
        "contentHash": "/94E6QLu+0jOWRzcaq80a0/7EmOzuwDWDNOyVYezMTeX4BzhXCfAsUrZi9Lg+4VP2J+21sTa+AaCgMdXiG/cpw=="
      },
      "Microsoft.Extensions.Logging": {
        "type": "Transitive",
        "resolved": "9.0.10",
        "contentHash": "UBXHqE9vyptVhaFnT1R7YJKCve7TqVI10yjjUZBNGMlW2lZ4c031Slt9hxsOzWCzlpPxxIFyf1Yk4a6Iubxx7w==",
        "dependencies": {
          "Microsoft.Extensions.DependencyInjection": "9.0.10",
          "Microsoft.Extensions.Logging.Abstractions": "9.0.10",
          "Microsoft.Extensions.Options": "9.0.10"
        }
      },
      "Microsoft.Extensions.Logging.Abstractions": {
        "type": "Transitive",
        "resolved": "9.0.10",
        "contentHash": "MFUPv/nN1rAQ19w43smm6bbf0JDYN/1HEPHoiMYY50pvDMFpglzWAuoTavByDmZq7UuhjaxwrET3joU69ZHoHQ==",
        "dependencies": {
          "Microsoft.Extensions.DependencyInjection.Abstractions": "9.0.10"
        }
      },
      "Microsoft.Extensions.Options": {
        "type": "Transitive",
        "resolved": "9.0.10",
        "contentHash": "zMNABt8eBv0B0XrWjFy9nZNgddavaOeq3ZdaD5IlHhRH65MrU7HM+Hd8GjWE3e2VDGFPZFfSAc6XVXC17f9fOA==",
        "dependencies": {
          "Microsoft.Extensions.DependencyInjection.Abstractions": "9.0.10",
          "Microsoft.Extensions.Primitives": "9.0.10"
        }
      },
      "Microsoft.Extensions.Primitives": {
        "type": "Transitive",
        "resolved": "9.0.10",
        "contentHash": "3pl8D1O5ZwMpDkZAT2uXrhQ6NipkwEgDLMFuURiHTf72TvkoMP61QYH3Vk1yrzVHnHBdNZk3cQACz8Zc7YGNhQ=="
      },
      "Microsoft.NET.StringTools": {
        "type": "Transitive",
        "resolved": "17.11.4",
        "contentHash": "mudqUHhNpeqIdJoUx2YDWZO/I9uEDYVowan89R6wsomfnUJQk6HteoQTlNjZDixhT2B4IXMkMtgZtoceIjLRmA=="
      },
      "Microsoft.NETCore.Platforms": {
        "type": "Transitive",
        "resolved": "5.0.0",
        "contentHash": "VyPlqzH2wavqquTcYpkIIAQ6WdenuKoFN0BdYBbCWsclXacSOHNQn66Gt4z5NBqEYW0FAPm5rlvki9ZiCij5xQ=="
      },
      "Microsoft.Win32.Registry": {
        "type": "Transitive",
        "resolved": "5.0.0",
        "contentHash": "dDoKi0PnDz31yAyETfRntsLArTlVAVzUzCIvvEDsDsucrl33Dl8pIJG06ePTJTI3tGpeyHS9Cq7Foc/s4EeKcg==",
        "dependencies": {
          "System.Security.AccessControl": "5.0.0",
          "System.Security.Principal.Windows": "5.0.0"
        }
      },
      "System.CodeDom": {
        "type": "Transitive",
        "resolved": "9.0.3",
        "contentHash": "KeFk4+is5IB3FCjFmPjtFYaTSYhFA/l6ZOeWBQo6CVVQchpvl6vv+3kPPfNttkEoA/Gq78FsJFMu4Eej/ln44Q=="
      },
      "System.ComponentModel.Composition": {
        "type": "Transitive",
        "resolved": "4.7.0",
        "contentHash": "TKOHGbuqp7++lEna7+p19kTR8rKeAeoo2Faab2n2q7spV2CWPevmUkghMG6POKfSdeQhtAJoNZ33FT+01CNe3g=="
      },
      "System.Management": {
        "type": "Transitive",
        "resolved": "9.0.3",
        "contentHash": "Wsb47+pRN1xnCxKOXcj+80FZ5OYQK2Dr8nnS8CHS1LVB+MXdzyK90sEmDYs/ux+btrxpE1N56FZo5rDbzpd1HA==",
        "dependencies": {
          "System.CodeDom": "9.0.3"
        }
      },
      "System.Net.ServerSentEvents": {
        "type": "Transitive",
        "resolved": "9.0.10",
        "contentHash": "PuUpJ0Hl37jY8lTY9+A1zyE+KxHIkomBJ9K8iMoDEeHiSN4BKModSeC6mopzEsw7hdhEv6upSpuT+wKE6HGuHw=="
      },
      "System.Runtime.CompilerServices.Unsafe": {
        "type": "Transitive",
        "resolved": "6.0.0",
        "contentHash": "/iUeP3tq1S0XdNNoMz5C9twLSrM/TH+qElHkXWaPvuNOt+99G75NrV0OS2EqHx5wMN7popYjpc8oTjC1y16DLg=="
      },
      "System.Security.AccessControl": {
        "type": "Transitive",
        "resolved": "5.0.0",
        "contentHash": "dagJ1mHZO3Ani8GH0PHpPEe/oYO+rVdbQjvjJkBRNQkX4t0r1iaeGn8+/ybkSLEan3/slM0t59SVdHzuHf2jmw==",
        "dependencies": {
          "Microsoft.NETCore.Platforms": "5.0.0",
          "System.Security.Principal.Windows": "5.0.0"
        }
      },
      "System.Security.Principal.Windows": {
        "type": "Transitive",
        "resolved": "5.0.0",
        "contentHash": "t0MGLukB5WAVU9bO3MGzvlGnyJPgUlcwerXn1kzBRjwLKixT96XV0Uza41W49gVd8zEMFu9vQEFlv0IOrytICA=="
      },
      "System.Text.Json": {
        "type": "Transitive",
        "resolved": "9.0.3",
        "contentHash": "r2JRkLjsYrq5Dpo7+y3Wa73OfirZPdVhxiTJWwZ+oJM7FOAe0LkM3GlH+pgkNRdd1G1kwUbmRCdmh4uoaWwu1g=="
      },
      "System.Threading.Channels": {
        "type": "Transitive",
        "resolved": "9.0.10",
        "contentHash": "2skUPYIRYwMyOg+BQkHaUDc3mOjHmIqT6U67+oIiRJVVtDrkCG2GZxceui6bos18kosyIE0Eg6FyJWgNsc+6og=="
      },
      "XoshiroPRNG.Net": {
        "type": "Transitive",
        "resolved": "1.6.0",
        "contentHash": "Agj7DDi1obbcZXzPJDGpx4ncwrlr0Q39xe/coNGJV2DU3AzhWiHF33sM2nkHlgIL1icLacx1hkqNz8No7pdWWg=="
      },
      "sonarutils": {
        "type": "Project",
        "dependencies": {
          "AG.Collections.Concurrent": "[0.1.2-alpha, )",
          "AG.EnumLocalization": "[0.1.3-alpha, )",
          "BouncyCastle.Cryptography": "[2.6.2, )",
          "Farmhash.Sharp": "[0.9.0, )",
          "XoshiroPRNG.Net": "[1.6.0, )"
        }
      }
    },
    "net9.0/linux-x64": {
      "Microsoft.Win32.Registry": {
        "type": "Transitive",
        "resolved": "5.0.0",
        "contentHash": "dDoKi0PnDz31yAyETfRntsLArTlVAVzUzCIvvEDsDsucrl33Dl8pIJG06ePTJTI3tGpeyHS9Cq7Foc/s4EeKcg==",
        "dependencies": {
          "System.Security.AccessControl": "5.0.0",
          "System.Security.Principal.Windows": "5.0.0"
        }
      },
      "System.Management": {
        "type": "Transitive",
        "resolved": "9.0.3",
        "contentHash": "Wsb47+pRN1xnCxKOXcj+80FZ5OYQK2Dr8nnS8CHS1LVB+MXdzyK90sEmDYs/ux+btrxpE1N56FZo5rDbzpd1HA==",
        "dependencies": {
          "System.CodeDom": "9.0.3"
        }
      },
      "System.Security.AccessControl": {
        "type": "Transitive",
        "resolved": "5.0.0",
        "contentHash": "dagJ1mHZO3Ani8GH0PHpPEe/oYO+rVdbQjvjJkBRNQkX4t0r1iaeGn8+/ybkSLEan3/slM0t59SVdHzuHf2jmw==",
        "dependencies": {
          "Microsoft.NETCore.Platforms": "5.0.0",
          "System.Security.Principal.Windows": "5.0.0"
        }
      },
      "System.Security.Principal.Windows": {
        "type": "Transitive",
        "resolved": "5.0.0",
        "contentHash": "t0MGLukB5WAVU9bO3MGzvlGnyJPgUlcwerXn1kzBRjwLKixT96XV0Uza41W49gVd8zEMFu9vQEFlv0IOrytICA=="
      }
    }
  }
}