{
  "version": 1,
  "dependencies": {
    "net10.0": {
      "AG.NonBlocking": {
        "type": "Direct",
        "requested": "[2.1.1, )",
        "resolved": "2.1.1",
        "contentHash": "YQFUqdQLS2JRlWMFJL2Ejt2dKs3JgUSrYBrCailSdZjO0SXmyLLyDHIskq2p0oVjv9DqVbOa9DgauFvHAA9DIA=="
      },
      "ConfigureAwait.Fody": {
        "type": "Direct",
        "requested": "[3.3.2, )",
        "resolved": "3.3.2",
        "contentHash": "vzGcpFU7uY4SbdB1Q68sFqv52HU5V1l39bF1rw6BIb7Os/DRLZa5ObV1yf/CNuTXj8IZjqJQ7PnTzSUiI/W49A==",
        "dependencies": {
          "Fody": "6.6.4"
        }
      },
      "DeviceId": {
        "type": "Direct",
        "requested": "[6.9.0, )",
        "resolved": "6.9.0",
        "contentHash": "2nfdZxcEfXVKJSg6n0Cv9JdH1UmlEdIIplfRy5AGqhzzmOOy5lK/kPcP0dHky1ZbwxqGIlf4fMq2qYCtMtX+0A=="
      },
      "DeviceId.Linux": {
        "type": "Direct",
        "requested": "[6.9.0, )",
        "resolved": "6.9.0",
        "contentHash": "+n8CosDFVVbCuEQnGB+uihhWXjTiQcBtbe0hTSf0uBgDCc+lZfWrTgvBU4nxeX6zpnujaTPsnSfCyiwtVXqgQw==",
        "dependencies": {
          "DeviceId": "6.9.0"
        }
      },
      "DeviceId.Mac": {
        "type": "Direct",
        "requested": "[6.9.0, )",
        "resolved": "6.9.0",
        "contentHash": "xuRcWmO+XmVycUUUT1tOktAN2C6Hl8bod3WZAQsoWxfB1D8aedeJiItIYWtBWN9i81SL0A8PFp5w2vWu/Fpueg==",
        "dependencies": {
          "DeviceId": "6.9.0"
        }
      },
      "DeviceId.Windows": {
        "type": "Direct",
        "requested": "[6.9.0, )",
        "resolved": "6.9.0",
        "contentHash": "6t172GxaXf7s5zn+S/HMT8eFBtuvUjn3mrvff3mjwVMQ68sZiMGvey8Mgw/ejkUjzDn+glifdV/GBxvAoaugUQ==",
        "dependencies": {
          "DeviceId": "6.9.0"
        }
      },
      "DeviceId.Windows.Wmi": {
        "type": "Direct",
        "requested": "[6.9.0, )",
        "resolved": "6.9.0",
        "contentHash": "KUhHWusC+lzJlucPpzgHUOjDWgpeQMYzkQVSgTdP/ntRF01lGk+ReTyX1tZ5deE2ZM5xGa8+X6crIDb5ODsNYg==",
        "dependencies": {
          "DeviceId": "6.9.0",
          "DeviceId.Windows": "6.9.0",
          "System.Management": "9.0.3"
        }
      },
      "DryIoc.dll": {
        "type": "Direct",
        "requested": "[5.4.3, )",
        "resolved": "5.4.3",
        "contentHash": "yhXOG3SOxeWYxBAWskNRDD8fzw5hriEawv4VN4WKaFHOuubiop4kxe2rkWTEyCnTgRVgxVUSQCDBBkZqwPm1iQ=="
      },
      "DryIoc.MefAttributedModel.dll": {
        "type": "Direct",
        "requested": "[7.0.2, )",
        "resolved": "7.0.2",
        "contentHash": "vshe/0Gf+Aesxi6l73AdWvPkjhgliw10jsS84Z8iq4aiZPtlt+diL16sr4zVDoSmUrmuFn3VPE0Z0hs1sALe9A==",
        "dependencies": {
          "DryIoc.dll": "5.4.2",
          "DryIocAttributes.dll": "7.0.0"
        }
      },
      "Fody": {
        "type": "Direct",
        "requested": "[6.9.3, )",
        "resolved": "6.9.3",
        "contentHash": "1CUGgFdyECDKgi5HaUBhdv6k+VG9Iy4OCforGfHyar3xQXAJypZkzymgKtWj/4SPd6nSG0Qi7NH71qHrDSZLaA=="
      },
      "InterlockedUtils": {
        "type": "Direct",
        "requested": "[1.0.1, )",
        "resolved": "1.0.1",
        "contentHash": "GW+lP8C2ioZOWyq3RwNN/cDbict8L/IpUn1h2QlITIABj+HrMCn1SBHcRBKM/FmvcFVceO/GNoauXsX+f+KDsw=="
      },
      "MessagePack": {
        "type": "Direct",
        "requested": "[3.1.4, )",
        "resolved": "3.1.4",
        "contentHash": "BH0wlHWmVoZpbAPyyt2Awbq30C+ZsS3eHSkYdnyUAbqVJ22fAJDzn2xTieBeoT5QlcBzp61vHcv878YJGfi3mg==",
        "dependencies": {
          "MessagePack.Annotations": "3.1.4",
          "MessagePackAnalyzer": "3.1.4",
          "Microsoft.NET.StringTools": "17.11.4"
        }
      },
      "MessagePack.Annotations": {
        "type": "Direct",
        "requested": "[3.1.4, )",
        "resolved": "3.1.4",
        "contentHash": "aVWrDAkCdqxwQsz/q0ldPh2EFn48M99YUzE9OvZjMq2RNLKz4o2z88iGFvSvbMqOWRweRvKPHBJZe22PRqzslQ=="
      },
      "MessagePackAnalyzer": {
        "type": "Direct",
        "requested": "[3.1.4, )",
        "resolved": "3.1.4",
        "contentHash": "CTaSsN/liJ7MhLCAB7Z4ZLBNuVGCq9lt2BT/cbrc9vzGv89yK3CqIA+z9T19a11eQYl9etZHL6MQJgCqECRVpg=="
      },
      "Microsoft.AspNetCore.SignalR.Client": {
        "type": "Direct",
        "requested": "[10.0.1, )",
        "resolved": "10.0.1",
        "contentHash": "mGlS8W2siQaJVVId2VGQ0I+7Lj49oqFxsb/bIil7GBNeazB6fBP8Ljf5tZUNzUN9WdQU5aI85WXCW9+Fsx2dZQ==",
        "dependencies": {
          "Microsoft.AspNetCore.Http.Connections.Client": "10.0.1",
          "Microsoft.AspNetCore.SignalR.Client.Core": "10.0.1"
        }
      },
      "Microsoft.AspNetCore.SignalR.Protocols.MessagePack": {
        "type": "Direct",
        "requested": "[10.0.1, )",
        "resolved": "10.0.1",
        "contentHash": "WWrnA6CosCDfMKgLkmH/65c+7XV1js4FXl8Ft/Izshn3O+r8cQkT64Om7VcVy+pa6nlSt32tY5TjV/jT/84tkQ==",
        "dependencies": {
          "MessagePack": "2.5.187",
          "Microsoft.AspNetCore.SignalR.Common": "10.0.1"
        }
      },
      "ZString": {
        "type": "Direct",
        "requested": "[2.6.0, )",
        "resolved": "2.6.0",
        "contentHash": "XE8a+11nZg0LRaf+RGABEWaHIf8yGd5w8v/Ra1iWxMBmAVzwuKbW7G21mS0U7w7sh1lYcgckInWGgnz4qyET8A=="
      },
      "AG": {
        "type": "Transitive",
        "resolved": "0.1.2-alpha",
        "contentHash": "gWkXcwS8zyCTNSGmEex8nWlfqnfVFc40gkasdlOWm4MhMAD4mWnxTKH5C4Z47uR/uxh7I2qntg/LNiauakOwnA=="
      },
      "AG.Collections.Concurrent": {
        "type": "Transitive",
        "resolved": "0.1.2-alpha",
        "contentHash": "gqJoa2iJ53mdFr1PcUykurc+ULRy3BRE7v3bdf1OZ76n976r+xZ2g69NuvDOKP7eM81qRhvUT3ngFa+LT8M9ZQ==",
        "dependencies": {
          "AG": "0.1.2-alpha",
          "AG.Collections.Generic": "0.1.2-alpha"
        }
      },
      "AG.Collections.Generic": {
        "type": "Transitive",
        "resolved": "0.1.2-alpha",
        "contentHash": "6KdevDpXfX1FZNsrFtWYtIWHQq2fUF8AiNpE/A3P4AaZ6Q2WKImj6vdGBxVaotT0+KGwB7xRa0dUNTHJ/ZOoAA==",
        "dependencies": {
          "AG": "0.1.2-alpha"
        }
      },
      "AG.EnumLocalization": {
        "type": "Transitive",
        "resolved": "0.1.3-alpha",
        "contentHash": "BNvyTUh46XipY5ka/SPOpFnUrBHiZSC78vjjvBpLPjYO2hK0OhhyuMHty3fdqXkoIPy/TjcmeF4a2j9p8+OmuA=="
      },
      "BouncyCastle.Cryptography": {
        "type": "Transitive",
        "resolved": "2.6.2",
        "contentHash": "7oWOcvnntmMKNzDLsdxAYqApt+AjpRpP2CShjMfIa3umZ42UQMvH0tl1qAliYPNYO6vTdcGMqnRrCPmsfzTI1w=="
      },
      "DryIocAttributes.dll": {
        "type": "Transitive",
        "resolved": "7.0.0",
        "contentHash": "/fCyHfqZxVerHK9lt0CMoZraaoc411WgUTnAKog7NjqiKyiX/WeiyOKZGmPIvfC7kVoEkrOSNhqRmfxx8q5Tbw==",
        "dependencies": {
          "System.ComponentModel.Composition": "4.7.0"
        }
      },
      "Farmhash.Sharp": {
        "type": "Transitive",
        "resolved": "0.9.0",
        "contentHash": "6Ij80JrfPyiDRM4QqdlEIjev4Q97eqEakh7wFJZYmbUkWVoCJb1+YdSdoXpzvn+Fs2dXH8THRsn+uUvrhMNKpQ=="
      },
      "Microsoft.AspNetCore.Connections.Abstractions": {
        "type": "Transitive",
        "resolved": "10.0.1",
        "contentHash": "/jLwhtGfKPbXK395evmQYhBObZ9sZ7pckirDBTwpSM6QSJGXbUakzviOo84OmfaKj36btwfR/uaKu1hNlssUAA==",
        "dependencies": {
          "Microsoft.Extensions.Features": "10.0.1"
        }
      },
      "Microsoft.AspNetCore.Http.Connections.Client": {
        "type": "Transitive",
        "resolved": "10.0.1",
        "contentHash": "+6lrifIZCL1heJtLugtkqEa191BIfUkhyAnBORbHg1eg4Vl+ijsxAzyOZxQTZbVMSJHKQCQFTEKf6H+YpSDWjA==",
        "dependencies": {
          "Microsoft.AspNetCore.Http.Connections.Common": "10.0.1",
          "Microsoft.Extensions.Logging.Abstractions": "10.0.1",
          "Microsoft.Extensions.Options": "10.0.1"
        }
      },
      "Microsoft.AspNetCore.Http.Connections.Common": {
        "type": "Transitive",
        "resolved": "10.0.1",
        "contentHash": "RzryafnXWvWncojw6vD15tVdbhe3LE7MiosmLpJ5AqcWyWLk5oBACtzpp7fU5Yqa8Zc3Pcbe3jXu5DRMCRm6Xw==",
        "dependencies": {
          "Microsoft.AspNetCore.Connections.Abstractions": "10.0.1"
        }
      },
      "Microsoft.AspNetCore.SignalR.Client.Core": {
        "type": "Transitive",
        "resolved": "10.0.1",
        "contentHash": "lkPaGkCtVibYBzUzO8gTGsX39L5XeZl8KArueePWMYqs6c2G58ch4fmKL0qMRqsFQ84uqd+5uOJ96dClusC+IQ==",
        "dependencies": {
          "Microsoft.AspNetCore.SignalR.Common": "10.0.1",
          "Microsoft.AspNetCore.SignalR.Protocols.Json": "10.0.1",
          "Microsoft.Extensions.DependencyInjection": "10.0.1",
          "Microsoft.Extensions.Logging": "10.0.1"
        }
      },
      "Microsoft.AspNetCore.SignalR.Common": {
        "type": "Transitive",
        "resolved": "10.0.1",
        "contentHash": "BwXSW2/fksJMY17fTInCb434TznOovgkON8IP6BFI54K0kiZkRDvcFxnUx27DTFAgDphz3oed8RvzFo/yGTkbQ==",
        "dependencies": {
          "Microsoft.AspNetCore.Connections.Abstractions": "10.0.1",
          "Microsoft.Extensions.Options": "10.0.1"
        }
      },
      "Microsoft.AspNetCore.SignalR.Protocols.Json": {
        "type": "Transitive",
        "resolved": "10.0.1",
        "contentHash": "mv5FggqTA1uIOhgrp+ZixYICplvCMNvpDBvV5DfT9nLJ9luteaskbqsNoaPRLZi23ZKpg20Y9ZLhxkk2C91gMA==",
        "dependencies": {
          "Microsoft.AspNetCore.SignalR.Common": "10.0.1"
        }
      },
      "Microsoft.Extensions.DependencyInjection": {
        "type": "Transitive",
        "resolved": "10.0.1",
        "contentHash": "zerXV0GAR9LCSXoSIApbWn+Dq1/T+6vbXMHGduq1LoVQRHT0BXsGQEau0jeLUBUcsoF/NaUT8ADPu8b+eNcIyg==",
        "dependencies": {
          "Microsoft.Extensions.DependencyInjection.Abstractions": "10.0.1"
        }
      },
      "Microsoft.Extensions.DependencyInjection.Abstractions": {
        "type": "Transitive",
        "resolved": "10.0.1",
        "contentHash": "oIy8fQxxbUsSrrOvgBqlVgOeCtDmrcynnTG+FQufcUWBrwyPfwlUkCDB2vaiBeYPyT+20u9/HeuHeBf+H4F/8g=="
      },
      "Microsoft.Extensions.Features": {
        "type": "Transitive",
        "resolved": "10.0.1",
        "contentHash": "kxUFH96eZsr63CTKGDaUUaXks7JxUxt4xs91lXeqBQmtyIEjDll2detJlBDuZTZIdmJOFoSH+YmnGr/mImcvXA=="
      },
      "Microsoft.Extensions.Logging": {
        "type": "Transitive",
        "resolved": "10.0.1",
        "contentHash": "9ItMpMLFZFJFqCuHLLbR3LiA4ahA8dMtYuXpXl2YamSDWZhYS9BruPprkftY0tYi2bQ0slNrixdFm+4kpz1g5w==",
        "dependencies": {
          "Microsoft.Extensions.DependencyInjection": "10.0.1",
          "Microsoft.Extensions.Logging.Abstractions": "10.0.1",
          "Microsoft.Extensions.Options": "10.0.1"
        }
      },
      "Microsoft.Extensions.Logging.Abstractions": {
        "type": "Transitive",
        "resolved": "10.0.1",
        "contentHash": "YkmyiPIWAXVb+lPIrM0LE5bbtLOJkCiRTFiHpkVOvhI7uTvCfoOHLEN0LcsY56GpSD7NqX3gJNpsaDe87/B3zg==",
        "dependencies": {
          "Microsoft.Extensions.DependencyInjection.Abstractions": "10.0.1"
        }
      },
      "Microsoft.Extensions.Options": {
        "type": "Transitive",
        "resolved": "10.0.1",
        "contentHash": "G6VVwywpJI4XIobetGHwg7wDOYC2L2XBYdtskxLaKF/Ynb5QBwLl7Q//wxAR2aVCLkMpoQrjSP9VoORkyddsNQ==",
        "dependencies": {
          "Microsoft.Extensions.DependencyInjection.Abstractions": "10.0.1",
          "Microsoft.Extensions.Primitives": "10.0.1"
        }
      },
      "Microsoft.Extensions.Primitives": {
        "type": "Transitive",
        "resolved": "10.0.1",
        "contentHash": "DO8XrJkp5x4PddDuc/CH37yDBCs9BYN6ijlKyR3vMb55BP1Vwh90vOX8bNfnKxr5B2qEI3D8bvbY1fFbDveDHQ=="
      },
      "Microsoft.NET.StringTools": {
        "type": "Transitive",
        "resolved": "17.11.4",
        "contentHash": "mudqUHhNpeqIdJoUx2YDWZO/I9uEDYVowan89R6wsomfnUJQk6HteoQTlNjZDixhT2B4IXMkMtgZtoceIjLRmA=="
      },
      "System.CodeDom": {
        "type": "Transitive",
        "resolved": "9.0.3",
        "contentHash": "KeFk4+is5IB3FCjFmPjtFYaTSYhFA/l6ZOeWBQo6CVVQchpvl6vv+3kPPfNttkEoA/Gq78FsJFMu4Eej/ln44Q=="
      },
      "System.ComponentModel.Composition": {
        "type": "Transitive",
        "resolved": "4.7.0",
        "contentHash": "TKOHGbuqp7++lEna7+p19kTR8rKeAeoo2Faab2n2q7spV2CWPevmUkghMG6POKfSdeQhtAJoNZ33FT+01CNe3g=="
      },
      "System.Management": {
        "type": "Transitive",
        "resolved": "9.0.3",
        "contentHash": "Wsb47+pRN1xnCxKOXcj+80FZ5OYQK2Dr8nnS8CHS1LVB+MXdzyK90sEmDYs/ux+btrxpE1N56FZo5rDbzpd1HA==",
        "dependencies": {
          "System.CodeDom": "9.0.3"
        }
      },
      "XoshiroPRNG.Net": {
        "type": "Transitive",
        "resolved": "1.6.0",
        "contentHash": "Agj7DDi1obbcZXzPJDGpx4ncwrlr0Q39xe/coNGJV2DU3AzhWiHF33sM2nkHlgIL1icLacx1hkqNz8No7pdWWg=="
      },
      "sonarutils": {
        "type": "Project",
        "dependencies": {
          "AG.Collections.Concurrent": "[0.1.2-alpha, )",
          "AG.EnumLocalization": "[0.1.3-alpha, )",
          "BouncyCastle.Cryptography": "[2.6.2, )",
          "Farmhash.Sharp": "[0.9.0, )",
          "XoshiroPRNG.Net": "[1.6.0, )"
        }
      }
    },
    "net10.0/linux-x64": {
      "System.Management": {
        "type": "Transitive",
        "resolved": "9.0.3",
        "contentHash": "Wsb47+pRN1xnCxKOXcj+80FZ5OYQK2Dr8nnS8CHS1LVB+MXdzyK90sEmDYs/ux+btrxpE1N56FZo5rDbzpd1HA==",
        "dependencies": {
          "System.CodeDom": "9.0.3"
        }
      }
    }
  }
}