{
  "version": 1,
  "dependencies": {
    "net10.0": {
      "Blurhash.Core": {
        "type": "Direct",
        "requested": "[4.0.0, )",
        "resolved": "4.0.0",
        "contentHash": "0F9bPDxJ+tfCKKcNzA9x1XzibCZlEYpCSOu2A4e0H1aPLfhRhPRy3W0JhotUh3wtwQayR3vBOR7Q+XBcbzdJqA=="
      },
      "DryIoc.dll": {
        "type": "Direct",
        "requested": "[5.4.3, )",
        "resolved": "5.4.3",
        "contentHash": "yhXOG3SOxeWYxBAWskNRDD8fzw5hriEawv4VN4WKaFHOuubiop4kxe2rkWTEyCnTgRVgxVUSQCDBBkZqwPm1iQ=="
      },
      "DryIoc.MefAttributedModel.dll": {
        "type": "Direct",
        "requested": "[7.0.2, )",
        "resolved": "7.0.2",
        "contentHash": "vshe/0Gf+Aesxi6l73AdWvPkjhgliw10jsS84Z8iq4aiZPtlt+diL16sr4zVDoSmUrmuFn3VPE0Z0hs1sALe9A==",
        "dependencies": {
          "DryIoc.dll": "5.4.2",
          "DryIocAttributes.dll": "7.0.0"
        }
      },
      "FileSystemLinks": {
        "type": "Direct",
        "requested": "[1.0.3, )",
        "resolved": "1.0.3",
        "contentHash": "irD217NSRJEpAg/8r+9me/ENti+m5aap5bTHMJnNQGGn2nrKsy621FM+dCazZTUiwtsq/bgFa93Z+GTE/Y7uqQ=="
      },
      "Humanizer": {
        "type": "Direct",
        "requested": "[3.0.1, )",
        "resolved": "3.0.1",
        "contentHash": "uRZV5kBBsgDO4ImrjmsJOcx7OGUb5nIlj2Yhm7aWzqJHv2ymMAMcAIvkHbHzE6Z35tYRz3u83lmXJ8vUGsuCFg==",
        "dependencies": {
          "Humanizer.Core.af": "3.0.1",
          "Humanizer.Core.ar": "3.0.1",
          "Humanizer.Core.az": "3.0.1",
          "Humanizer.Core.bg": "3.0.1",
          "Humanizer.Core.bn": "3.0.1",
          "Humanizer.Core.ca": "3.0.1",
          "Humanizer.Core.cs": "3.0.1",
          "Humanizer.Core.da": "3.0.1",
          "Humanizer.Core.de": "3.0.1",
          "Humanizer.Core.el": "3.0.1",
          "Humanizer.Core.es": "3.0.1",
          "Humanizer.Core.fa": "3.0.1",
          "Humanizer.Core.fi": "3.0.1",
          "Humanizer.Core.fil": "3.0.1",
          "Humanizer.Core.fr": "3.0.1",
          "Humanizer.Core.he": "3.0.1",
          "Humanizer.Core.hr": "3.0.1",
          "Humanizer.Core.hu": "3.0.1",
          "Humanizer.Core.hy": "3.0.1",
          "Humanizer.Core.id": "3.0.1",
          "Humanizer.Core.is": "3.0.1",
          "Humanizer.Core.it": "3.0.1",
          "Humanizer.Core.ja": "3.0.1",
          "Humanizer.Core.ko": "3.0.1",
          "Humanizer.Core.ku": "3.0.1",
          "Humanizer.Core.lb": "3.0.1",
          "Humanizer.Core.lt": "3.0.1",
          "Humanizer.Core.lv": "3.0.1",
          "Humanizer.Core.ms": "3.0.1",
          "Humanizer.Core.mt": "3.0.1",
          "Humanizer.Core.nb": "3.0.1",
          "Humanizer.Core.nl": "3.0.1",
          "Humanizer.Core.pl": "3.0.1",
          "Humanizer.Core.pt": "3.0.1",
          "Humanizer.Core.pt-BR": "3.0.1",
          "Humanizer.Core.ro": "3.0.1",
          "Humanizer.Core.ru": "3.0.1",
          "Humanizer.Core.sk": "3.0.1",
          "Humanizer.Core.sl": "3.0.1",
          "Humanizer.Core.sr": "3.0.1",
          "Humanizer.Core.sr-Latn": "3.0.1",
          "Humanizer.Core.sv": "3.0.1",
          "Humanizer.Core.th": "3.0.1",
          "Humanizer.Core.tr": "3.0.1",
          "Humanizer.Core.uk": "3.0.1",
          "Humanizer.Core.uz-Cyrl-UZ": "3.0.1",
          "Humanizer.Core.uz-Latn-UZ": "3.0.1",
          "Humanizer.Core.vi": "3.0.1",
          "Humanizer.Core.zh-CN": "3.0.1",
          "Humanizer.Core.zh-Hans": "3.0.1",
          "Humanizer.Core.zh-Hant": "3.0.1"
        }
      },
      "Lumina": {
        "type": "Direct",
        "requested": "[7.1.0, )",
        "resolved": "7.1.0",
        "contentHash": "7zjreOpMXOhf+m5uTefoLZO6Mt3y68XhK036eDOS5JJ8yuIjAgFteWkzdCRcss8+PH5skMnDMDUZoTJJefQCtg==",
        "dependencies": {
          "BCnEncoder.Net": "2.2.1",
          "Microsoft.Extensions.ObjectPool": "10.0.0"
        }
      },
      "Lumina.Excel": {
        "type": "Direct",
        "requested": "[7.4.3, )",
        "resolved": "7.4.3",
        "contentHash": "3FXHgq3ihk3yLSriYjM5j+w/114i/rawAbt7+O9LMFHyY0fGVIP+MOpQaLa1CruEOXjwmT9CvLKkDy4h1ESDlA==",
        "dependencies": {
          "Lumina": "7.1.0"
        }
      },
      "Magick.NET-Q8-x64": {
        "type": "Direct",
        "requested": "[14.10.2, )",
        "resolved": "14.10.2",
        "contentHash": "xTW5HnMuTCw554U9J1TdS7JwkVaEXoGeK3U790JXkRR+hmp0BiINOwEZBRQ9jzrouhMl2wD4V+LYAm9KxCuRVQ==",
        "dependencies": {
          "Magick.NET.Core": "14.10.2"
        }
      },
      "MessagePack": {
        "type": "Direct",
        "requested": "[3.1.4, )",
        "resolved": "3.1.4",
        "contentHash": "BH0wlHWmVoZpbAPyyt2Awbq30C+ZsS3eHSkYdnyUAbqVJ22fAJDzn2xTieBeoT5QlcBzp61vHcv878YJGfi3mg==",
        "dependencies": {
          "MessagePack.Annotations": "3.1.4",
          "MessagePackAnalyzer": "3.1.4",
          "Microsoft.NET.StringTools": "17.11.4"
        }
      },
      "Spectre.Console": {
        "type": "Direct",
        "requested": "[0.54.0, )",
        "resolved": "0.54.0",
        "contentHash": "StDXCFayfy0yB1xzUHT2tgEpV1/HFTiS4JgsAQS49EYTfMixSwwucaQs/bIOCwXjWwIQTMuxjUIxcB5XsJkFJA=="
      },
      "AG": {
        "type": "Transitive",
        "resolved": "0.1.2-alpha",
        "contentHash": "gWkXcwS8zyCTNSGmEex8nWlfqnfVFc40gkasdlOWm4MhMAD4mWnxTKH5C4Z47uR/uxh7I2qntg/LNiauakOwnA=="
      },
      "AG.Collections.Concurrent": {
        "type": "Transitive",
        "resolved": "0.1.2-alpha",
        "contentHash": "gqJoa2iJ53mdFr1PcUykurc+ULRy3BRE7v3bdf1OZ76n976r+xZ2g69NuvDOKP7eM81qRhvUT3ngFa+LT8M9ZQ==",
        "dependencies": {
          "AG": "0.1.2-alpha",
          "AG.Collections.Generic": "0.1.2-alpha"
        }
      },
      "AG.Collections.Generic": {
        "type": "Transitive",
        "resolved": "0.1.2-alpha",
        "contentHash": "6KdevDpXfX1FZNsrFtWYtIWHQq2fUF8AiNpE/A3P4AaZ6Q2WKImj6vdGBxVaotT0+KGwB7xRa0dUNTHJ/ZOoAA==",
        "dependencies": {
          "AG": "0.1.2-alpha"
        }
      },
      "AG.EnumLocalization": {
        "type": "Transitive",
        "resolved": "0.1.3-alpha",
        "contentHash": "BNvyTUh46XipY5ka/SPOpFnUrBHiZSC78vjjvBpLPjYO2hK0OhhyuMHty3fdqXkoIPy/TjcmeF4a2j9p8+OmuA=="
      },
      "AG.NonBlocking": {
        "type": "Transitive",
        "resolved": "2.1.1",
        "contentHash": "YQFUqdQLS2JRlWMFJL2Ejt2dKs3JgUSrYBrCailSdZjO0SXmyLLyDHIskq2p0oVjv9DqVbOa9DgauFvHAA9DIA=="
      },
      "BCnEncoder.Net": {
        "type": "Transitive",
        "resolved": "2.2.1",
        "contentHash": "tI5+/OQo0kciLqWrViRjpOH+IL3FjexYnoWZajiGV41g/EM9CGbWsxsPzBDmpoxNkrV9uox/EtIhCIi9chBSFw==",
        "dependencies": {
          "CommunityToolkit.HighPerformance": "8.4.0"
        }
      },
      "BouncyCastle.Cryptography": {
        "type": "Transitive",
        "resolved": "2.6.2",
        "contentHash": "7oWOcvnntmMKNzDLsdxAYqApt+AjpRpP2CShjMfIa3umZ42UQMvH0tl1qAliYPNYO6vTdcGMqnRrCPmsfzTI1w=="
      },
      "CommunityToolkit.HighPerformance": {
        "type": "Transitive",
        "resolved": "8.4.0",
        "contentHash": "flxspiBs0G/0GMp7IK2J2ijV9bTG6hEwFc/z6ekHqB6nwRJ4Ry2yLdx+TkbCUYFCl4XhABkAwomeKbT6zM2Zlg=="
      },
      "DeviceId": {
        "type": "Transitive",
        "resolved": "6.9.0",
        "contentHash": "2nfdZxcEfXVKJSg6n0Cv9JdH1UmlEdIIplfRy5AGqhzzmOOy5lK/kPcP0dHky1ZbwxqGIlf4fMq2qYCtMtX+0A=="
      },
      "DeviceId.Linux": {
        "type": "Transitive",
        "resolved": "6.9.0",
        "contentHash": "+n8CosDFVVbCuEQnGB+uihhWXjTiQcBtbe0hTSf0uBgDCc+lZfWrTgvBU4nxeX6zpnujaTPsnSfCyiwtVXqgQw==",
        "dependencies": {
          "DeviceId": "6.9.0"
        }
      },
      "DeviceId.Mac": {
        "type": "Transitive",
        "resolved": "6.9.0",
        "contentHash": "xuRcWmO+XmVycUUUT1tOktAN2C6Hl8bod3WZAQsoWxfB1D8aedeJiItIYWtBWN9i81SL0A8PFp5w2vWu/Fpueg==",
        "dependencies": {
          "DeviceId": "6.9.0"
        }
      },
      "DeviceId.Windows": {
        "type": "Transitive",
        "resolved": "6.9.0",
        "contentHash": "6t172GxaXf7s5zn+S/HMT8eFBtuvUjn3mrvff3mjwVMQ68sZiMGvey8Mgw/ejkUjzDn+glifdV/GBxvAoaugUQ==",
        "dependencies": {
          "DeviceId": "6.9.0"
        }
      },
      "DeviceId.Windows.Wmi": {
        "type": "Transitive",
        "resolved": "6.9.0",
        "contentHash": "KUhHWusC+lzJlucPpzgHUOjDWgpeQMYzkQVSgTdP/ntRF01lGk+ReTyX1tZ5deE2ZM5xGa8+X6crIDb5ODsNYg==",
        "dependencies": {
          "DeviceId": "6.9.0",
          "DeviceId.Windows": "6.9.0",
          "System.Management": "9.0.3"
        }
      },
      "DryIocAttributes.dll": {
        "type": "Transitive",
        "resolved": "7.0.0",
        "contentHash": "/fCyHfqZxVerHK9lt0CMoZraaoc411WgUTnAKog7NjqiKyiX/WeiyOKZGmPIvfC7kVoEkrOSNhqRmfxx8q5Tbw==",
        "dependencies": {
          "System.ComponentModel.Composition": "4.7.0"
        }
      },
      "Farmhash.Sharp": {
        "type": "Transitive",
        "resolved": "0.9.0",
        "contentHash": "6Ij80JrfPyiDRM4QqdlEIjev4Q97eqEakh7wFJZYmbUkWVoCJb1+YdSdoXpzvn+Fs2dXH8THRsn+uUvrhMNKpQ=="
      },
      "Humanizer.Core": {
        "type": "Transitive",
        "resolved": "3.0.1",
        "contentHash": "scB3+KcxNmEjZK5V8rKCW2gIiL8m8KH91w14FuuExyhi9xTyAJ+jr+DDxGdy12mHmioe2uvjxTfMgM7WmSUFlw=="
      },
      "Humanizer.Core.af": {
        "type": "Transitive",
        "resolved": "3.0.1",
        "contentHash": "LKNTk2cl3wkK4Nhkbi7YQ0OnxzUvmJNOCUjCwy7rk/NBSSz909HfvC6eshjjWX1owE5Fnk5fyHzq//5vN0IOfw==",
        "dependencies": {
          "Humanizer.Core": "[3.0.1]"
        }
      },
      "Humanizer.Core.ar": {
        "type": "Transitive",
        "resolved": "3.0.1",
        "contentHash": "c4V0Kq4HSL9dCfTHiWrs/75E/2j0X+N5Sto+a+0BbUB5o5+Tr1aE0D99amCQPnDb6GeU/v/Cxejdhmtyu9TWwQ==",
        "dependencies": {
          "Humanizer.Core": "[3.0.1]"
        }
      },
      "Humanizer.Core.az": {
        "type": "Transitive",
        "resolved": "3.0.1",
        "contentHash": "ZOdgketyLCdqswUMCY//oM/zIctTxW542GoE6xa+VJ6kAZ6KjDcYJORxkTaK+q7pXW7u/KiGKEH2E71WiePG8w==",
        "dependencies": {
          "Humanizer.Core": "[3.0.1]"
        }
      },
      "Humanizer.Core.bg": {
        "type": "Transitive",
        "resolved": "3.0.1",
        "contentHash": "b0cHZdnOEHc/3GHlo3dwsDZY8Gf/YZZ2u1znVfPRdOxjUfbUIA1SrNynNXgKiqWIKoG6ugprEkmD7p+/OF3AdA==",
        "dependencies": {
          "Humanizer.Core": "[3.0.1]"
        }
      },
      "Humanizer.Core.bn": {
        "type": "Transitive",
        "resolved": "3.0.1",
        "contentHash": "vGmTf3p4jcCO9C9F5Z04pGnuLvfKQMQnbxvtY2qsIUJEqmQ5lZ1/F0CzOd6Rvbx3dIhQ+0wDoXE3iYEmmBAQTw==",
        "dependencies": {
          "Humanizer.Core": "[3.0.1]"
        }
      },
      "Humanizer.Core.ca": {
        "type": "Transitive",
        "resolved": "3.0.1",
        "contentHash": "AG8zl+fXOl6B9XrjPl+L2emKHNkygO7/7TwecNdmVRQNCSxxvm214K81RGMFEyPpTmUKpwx6Uqv8ADbjjonGMQ==",
        "dependencies": {
          "Humanizer.Core": "[3.0.1]"
        }
      },
      "Humanizer.Core.cs": {
        "type": "Transitive",
        "resolved": "3.0.1",
        "contentHash": "UAt+Nfe2bjK6b2RD0paI/755I8tbFGu4rfwNAUKUM/M7n+F5MLHTlSaRZiKsd45s92WvXxOrkO3bccFRNL2Amw==",
        "dependencies": {
          "Humanizer.Core": "[3.0.1]"
        }
      },
      "Humanizer.Core.da": {
        "type": "Transitive",
        "resolved": "3.0.1",
        "contentHash": "DTRHLcwR3WLCwz8M3O5FeZFHdssPdIKkTMJbDm6s93ae/K7hrOrTGPlCkv1yE9ZobKAIUxB9Wdm9YSfDxhngTQ==",
        "dependencies": {
          "Humanizer.Core": "[3.0.1]"
        }
      },
      "Humanizer.Core.de": {
        "type": "Transitive",
        "resolved": "3.0.1",
        "contentHash": "MGgIR1+RDxJUctd40yP4xBI7afd3agcGcq6vLd06NhtBInicTeswu1iaBYKOh0rciY86pl4Nww/B0Cg7rXUZUQ==",
        "dependencies": {
          "Humanizer.Core": "[3.0.1]"
        }
      },
      "Humanizer.Core.el": {
        "type": "Transitive",
        "resolved": "3.0.1",
        "contentHash": "XS0TXXGf+Ei3lQJmyptLAZzCfY7Ffkv1O2sZrW5uA7pWnSjsupMZjSmEv2X4oo7Zu1ZRK+bB9S0e7rkqDWpn8A==",
        "dependencies": {
          "Humanizer.Core": "[3.0.1]"
        }
      },
      "Humanizer.Core.es": {
        "type": "Transitive",
        "resolved": "3.0.1",
        "contentHash": "6yqGUvfwQfzKwR5ocYIG+qUoPG2SDua7WaaEb9O0xTT1QmqRL0Crzsc07ciHgOZilKB079YDJh1F9ltHFZZyxA==",
        "dependencies": {
          "Humanizer.Core": "[3.0.1]"
        }
      },
      "Humanizer.Core.fa": {
        "type": "Transitive",
        "resolved": "3.0.1",
        "contentHash": "V3F+5SMORKekzej0m89qu5zm76Kqe0I016qBHjwsy7jd1nL3xnEEixPatqQoMtluWw8mUUL3NTYC7EFTR7AEZw==",
        "dependencies": {
          "Humanizer.Core": "[3.0.1]"
        }
      },
      "Humanizer.Core.fi": {
        "type": "Transitive",
        "resolved": "3.0.1",
        "contentHash": "fg8ZPwuheKZ5dZn8cc12c9KWJlugwhvXCvGymRKF8E5wETvkz4a/aVRaGaA0euCf1fbou+LT7JvPkWanow5sVA==",
        "dependencies": {
          "Humanizer.Core": "[3.0.1]"
        }
      },
      "Humanizer.Core.fil": {
        "type": "Transitive",
        "resolved": "3.0.1",
        "contentHash": "Fuld+Fb3fSuxsVzaLV+It4CNQgXX3kwo3ZDOYD+vyJQ3miEmbswB79wrCsxzF9vD6dxSEUM6c1RuOHlQApQiSw==",
        "dependencies": {
          "Humanizer.Core": "[3.0.1]"
        }
      },
      "Humanizer.Core.fr": {
        "type": "Transitive",
        "resolved": "3.0.1",
        "contentHash": "YvBU3L/8yWGO5TZG9wuZejcAFyYKUYUBcRd/0aBj29yAFaU7AxOVMDkvAZ4Djjvqaa2FGM+5aURfS7V4vMfegA==",
        "dependencies": {
          "Humanizer.Core": "[3.0.1]"
        }
      },
      "Humanizer.Core.he": {
        "type": "Transitive",
        "resolved": "3.0.1",
        "contentHash": "/cUou0hORxlbXBwwHh7PtZ1i0hlBbD9QkoOBYEwmr7e+xIyVNfH6lAfGS0ZPsuX+QHRzCn4mURK/hBaLKDVolw==",
        "dependencies": {
          "Humanizer.Core": "[3.0.1]"
        }
      },
      "Humanizer.Core.hr": {
        "type": "Transitive",
        "resolved": "3.0.1",
        "contentHash": "F6zCt7cAKPZhHK0M26Gj+HttdYAEPt/JPEZ7I8Bk6pBDSXikq97Zn8Vj0UUj1MWYIDul2L4UP9+B41bXn/xe/A==",
        "dependencies": {
          "Humanizer.Core": "[3.0.1]"
        }
      },
      "Humanizer.Core.hu": {
        "type": "Transitive",
        "resolved": "3.0.1",
        "contentHash": "NrtTiA0vbU0qvWY6BCbJy/6dMoknrw/tfyHVXUDNSGcWRAqv5S7yiaYufSxaHiyUM4l8I5ZNZII2KJ7iqqL8sg==",
        "dependencies": {
          "Humanizer.Core": "[3.0.1]"
        }
      },
      "Humanizer.Core.hy": {
        "type": "Transitive",
        "resolved": "3.0.1",
        "contentHash": "aLjHh5XmzDI1pfGzN+z3bPVCgek8Z0K50MTyhaMKFWssa0PdqPFuwoF7ZwI1cyonZzif1LB1r6Ibrvgmw5OhQg==",
        "dependencies": {
          "Humanizer.Core": "[3.0.1]"
        }
      },
      "Humanizer.Core.id": {
        "type": "Transitive",
        "resolved": "3.0.1",
        "contentHash": "gpgTbOlZjnt+36Qn6KuNk+iO8zpc+Xg4YK8QazARmV71Jw2AFgWJHRZJZG0aUO+ssEAkAxVrpXxxKrTsUZjAtA==",
        "dependencies": {
          "Humanizer.Core": "[3.0.1]"
        }
      },
      "Humanizer.Core.is": {
        "type": "Transitive",
        "resolved": "3.0.1",
        "contentHash": "4RRKEa3ob42dDemSfP1oeo4Yp3U3kU21JivMdFFxsAW6mb8f7yUvGHCVe/FT3Jp1NvXhM3RS2s5vHbBrpDU8cg==",
        "dependencies": {
          "Humanizer.Core": "[3.0.1]"
        }
      },
      "Humanizer.Core.it": {
        "type": "Transitive",
        "resolved": "3.0.1",
        "contentHash": "pdKh1KxTDi5tQsT2rpChPWeLss7h2AsZB+RZrrTS9mkx1dFPw7aJfLDOP6mGiCSwjV16s9bJDOvTmIMgmbXfYA==",
        "dependencies": {
          "Humanizer.Core": "[3.0.1]"
        }
      },
      "Humanizer.Core.ja": {
        "type": "Transitive",
        "resolved": "3.0.1",
        "contentHash": "qQtb0A759FWcxs8wmrzSQDi97yXxwQQFgBmhYMJ/pll+meAO893jMd5qR9VzRkTTRjCAdU0wTVDWO3rpC7YBAQ==",
        "dependencies": {
          "Humanizer.Core": "[3.0.1]"
        }
      },
      "Humanizer.Core.ko": {
        "type": "Transitive",
        "resolved": "3.0.1",
        "contentHash": "pMkFipRR20mcBWILGNPryzmKdJXYsD24IfNpqWsAiEX4+/c+g+M9YUJwLbdY0oEi792Y3irdWUI1IpnfPcY8Iw==",
        "dependencies": {
          "Humanizer.Core": "[3.0.1]"
        }
      },
      "Humanizer.Core.ku": {
        "type": "Transitive",
        "resolved": "3.0.1",
        "contentHash": "7FZAyQ9qzJMrkDNSkrqcqx0ob7sdg0RWYI/M3yz6IaB5v8nqWO2WnPbPq78XGKGgL/fOiBT2XVKVqKYkdLrulA==",
        "dependencies": {
          "Humanizer.Core": "[3.0.1]"
        }
      },
      "Humanizer.Core.lb": {
        "type": "Transitive",
        "resolved": "3.0.1",
        "contentHash": "ktEeiniJT4syJvPnTXp+bcTQ6R6R7+Je9isCUKrmuDEoRJNr6OoFu36K5RTtvlUsasI7Ru2KP94uSSVnUcSLrA==",
        "dependencies": {
          "Humanizer.Core": "[3.0.1]"
        }
      },
      "Humanizer.Core.lt": {
        "type": "Transitive",
        "resolved": "3.0.1",
        "contentHash": "r5nkmODEYCb/wzmn1+ERWVuZQWLLF8n/zf5e82GSGXo1mgt00wTBLcduGUwIlaWsPo5zAS4eiWCkGLNezPfgLw==",
        "dependencies": {
          "Humanizer.Core": "[3.0.1]"
        }
      },
      "Humanizer.Core.lv": {
        "type": "Transitive",
        "resolved": "3.0.1",
        "contentHash": "4rsHaWK0iyYyHzWN83OZv1RcS8Ho96YoVPq0ZKrlSTfR5ig4xeDacjkoQOxBWDDEUFOlvR3Snno8xWQCE2dI1w==",
        "dependencies": {
          "Humanizer.Core": "[3.0.1]"
        }
      },
      "Humanizer.Core.ms": {
        "type": "Transitive",
        "resolved": "3.0.1",
        "contentHash": "9wHegXMF9bYdbtXGxkOBTB69pk3U3l3xN1JLhTSUyC3ZhzTlBILCewk93afthIOV+vaiQZlZzpK6WDe/ScRS7w==",
        "dependencies": {
          "Humanizer.Core": "[3.0.1]"
        }
      },
      "Humanizer.Core.mt": {
        "type": "Transitive",
        "resolved": "3.0.1",
        "contentHash": "I0kph898CunykQr+6gcXzMhlfuPBgUWY1l4+9Puqemm/WRJV4rdW+AVsGicqtwa5Fs2gFfrbtEVKrc1detS88A==",
        "dependencies": {
          "Humanizer.Core": "[3.0.1]"
        }
      },
      "Humanizer.Core.nb": {
        "type": "Transitive",
        "resolved": "3.0.1",
        "contentHash": "QopJKzTLbjA9z1+YqLRxLrlaXqCnjpAuT9ta3BlT1IZmaFijleh1TvsjmA1l7qkkKqUoumPR7L81Vh6CQu9/GA==",
        "dependencies": {
          "Humanizer.Core": "[3.0.1]"
        }
      },
      "Humanizer.Core.nl": {
        "type": "Transitive",
        "resolved": "3.0.1",
        "contentHash": "j5ddH/XUltLWrPZpHehjQwpPIfHoOUQqi6MCJpJUo106k2TPe+ipyzkhnnnibk9qK+Hd81ov817DhbAbbD2A7A==",
        "dependencies": {
          "Humanizer.Core": "[3.0.1]"
        }
      },
      "Humanizer.Core.pl": {
        "type": "Transitive",
        "resolved": "3.0.1",
        "contentHash": "WjOfc4AzpOZBNlCHsAASbTlvmv3kgQLW3h3vabx66QoehEGl/Kllq4GlNGQRc9kVLUVF7upVC4jSE7MjjtADlA==",
        "dependencies": {
          "Humanizer.Core": "[3.0.1]"
        }
      },
      "Humanizer.Core.pt": {
        "type": "Transitive",
        "resolved": "3.0.1",
        "contentHash": "/OehqYW5xklbEPr0aAYRLmc33/71OqPVjdmU5aYj3KcbNWFI+O0YhfdP2SQITEJGbkSXfr5YdsavkLzEMEfgOg==",
        "dependencies": {
          "Humanizer.Core": "[3.0.1]"
        }
      },
      "Humanizer.Core.pt-BR": {
        "type": "Transitive",
        "resolved": "3.0.1",
        "contentHash": "bZ1UXCWJtsboUjGREGrwO1ppyHj0cr1Z8xXc5IM7WyxVWnowYGBhyerqKO/Lwr8kdpmJncstSB4FsKnSjM39HQ==",
        "dependencies": {
          "Humanizer.Core": "[3.0.1]"
        }
      },
      "Humanizer.Core.ro": {
        "type": "Transitive",
        "resolved": "3.0.1",
        "contentHash": "ua23bRGks2wu4ZSRto8f2KRCBug0DjqmPylMlRT+I4geCGNlnrRdf5917gLaqyPQJ6eCDkKGET3D8D/lackB6Q==",
        "dependencies": {
          "Humanizer.Core": "[3.0.1]"
        }
      },
      "Humanizer.Core.ru": {
        "type": "Transitive",
        "resolved": "3.0.1",
        "contentHash": "Hffw9P/yRVOKwB0S+0878ve7wvHKBS22rqKiaJW6nr1VfmNSFNKdo1tYG9lkwT1POMy3g5b0xi0YqqEmUXtpWQ==",
        "dependencies": {
          "Humanizer.Core": "[3.0.1]"
        }
      },
      "Humanizer.Core.sk": {
        "type": "Transitive",
        "resolved": "3.0.1",
        "contentHash": "kb5oyCUqc7/WDX8fAD37rQveV/Cy9gXcFKy3rKc0sEoDHWIkgVg3y6sW8sPYG4sTuREkDbsOtifRLI+nnsr3Lg==",
        "dependencies": {
          "Humanizer.Core": "[3.0.1]"
        }
      },
      "Humanizer.Core.sl": {
        "type": "Transitive",
        "resolved": "3.0.1",
        "contentHash": "FNtrA7C13LUlpvz88tlsomW/KvlZ0S85MpOrxB5LomdmwJtuE6qAVicFsgEJFfCohqEh9RYJ6u5J2QLmtrXJrg==",
        "dependencies": {
          "Humanizer.Core": "[3.0.1]"
        }
      },
      "Humanizer.Core.sr": {
        "type": "Transitive",
        "resolved": "3.0.1",
        "contentHash": "mhxLDwyt9BdsHPdeVBDrJfZee8IMl2sx1edf1UzUe+L5R3iXX4DvDnM7+f3+WfKryPQQtTCAeovMy+jlC4O4NQ==",
        "dependencies": {
          "Humanizer.Core": "[3.0.1]"
        }
      },
      "Humanizer.Core.sr-Latn": {
        "type": "Transitive",
        "resolved": "3.0.1",
        "contentHash": "t4YT2guMSknD9c1FhrhhPVpxzQTrk4HxecOcKM8A18FMCnA6s/PbAF0ryjWvNo9Tnzzh8dS3VVlVKAm3S0cQcA==",
        "dependencies": {
          "Humanizer.Core": "[3.0.1]"
        }
      },
      "Humanizer.Core.sv": {
        "type": "Transitive",
        "resolved": "3.0.1",
        "contentHash": "GEjSEUWI0Mve2ZpUJa5YwmHWa8/FCc/Hsea7LiSp41gHWkvmh5HCC2wsz/39sc+C+FgA7OEUvXHDLC/Z3p0Hew==",
        "dependencies": {
          "Humanizer.Core": "[3.0.1]"
        }
      },
      "Humanizer.Core.th": {
        "type": "Transitive",
        "resolved": "3.0.1",
        "contentHash": "4g7znXXhYO7kyOhyqYp84Sv25q4LhVQjjY1JIaKXjpfKfDcYSmZ0aUyOXg14SvYbIinOvPR2XEiYdHHyT/uzDA==",
        "dependencies": {
          "Humanizer.Core": "[3.0.1]"
        }
      },
      "Humanizer.Core.tr": {
        "type": "Transitive",
        "resolved": "3.0.1",
        "contentHash": "g36S6Qo9BJumD7AQYux9/2pzQ2FFmRx4YJ7pOqz9UbJ/S2Ic1w3gGNU1YxnNnHTmPHEpo7abQFkCeh/47e0cMg==",
        "dependencies": {
          "Humanizer.Core": "[3.0.1]"
        }
      },
      "Humanizer.Core.uk": {
        "type": "Transitive",
        "resolved": "3.0.1",
        "contentHash": "tWPIN7k+S8skLeb1SPvOrM+6gonNkwj636hsGorKwua9Z2ggr41YB8gdx1wj52yCJ1wckLbjz5+l/6KVBpen6g==",
        "dependencies": {
          "Humanizer.Core": "[3.0.1]"
        }
      },
      "Humanizer.Core.uz-Cyrl-UZ": {
        "type": "Transitive",
        "resolved": "3.0.1",
        "contentHash": "3TRikS82eHOxeIXU0iKI26hAj0vLrx7beHtv6zsSpbp4akqUHWv15c9TP0hGVFSz+WOOWZPfpoRSEet4JsWPqA==",
        "dependencies": {
          "Humanizer.Core": "[3.0.1]"
        }
      },
      "Humanizer.Core.uz-Latn-UZ": {
        "type": "Transitive",
        "resolved": "3.0.1",
        "contentHash": "+O91D1kwMQ3EGSWl42RU9PBJu1hTyfcezVFE2FcdPi1YuPjT5FpPdjq0NUFujAUa5xSSxcfTI/Ultx6WXlAjOw==",
        "dependencies": {
          "Humanizer.Core": "[3.0.1]"
        }
      },
      "Humanizer.Core.vi": {
        "type": "Transitive",
        "resolved": "3.0.1",
        "contentHash": "9lNDn+MhtYoCDBSIEgQ8YRuYI3RGrw6ilX4u18e4OxwGg75xGr8DqQ6tAqMFpnmHqQXVz8/xc06nuPMLeUHfNQ==",
        "dependencies": {
          "Humanizer.Core": "[3.0.1]"
        }
      },
      "Humanizer.Core.zh-CN": {
        "type": "Transitive",
        "resolved": "3.0.1",
        "contentHash": "owiD1DAcG+ABrC0GmJm9qBfaDnFlQGwQUcQUH1Q+ZJLDNNEC8B45B9wY7droXaZbVUU8zQvg4AiHw2TEI1b3oA==",
        "dependencies": {
          "Humanizer.Core": "[3.0.1]"
        }
      },
      "Humanizer.Core.zh-Hans": {
        "type": "Transitive",
        "resolved": "3.0.1",
        "contentHash": "RI8vi3WpQxC7wyluN1LvLqp3YnyACEMhkpBXT0c73RALmWtwih7wskmbHvSG/GE/XXjOFhRdwqhKJQ6Ceh+YGw==",
        "dependencies": {
          "Humanizer.Core": "[3.0.1]"
        }
      },
      "Humanizer.Core.zh-Hant": {
        "type": "Transitive",
        "resolved": "3.0.1",
        "contentHash": "GWgEWGcflavxgcAil3ZYhnqmXZlaJA/QHURXC9GpSp7jrEGkN526ju67fEn0+LpzYRsj3mOZp2ZfFH1ltjD+FQ==",
        "dependencies": {
          "Humanizer.Core": "[3.0.1]"
        }
      },
      "InterlockedUtils": {
        "type": "Transitive",
        "resolved": "1.0.1",
        "contentHash": "GW+lP8C2ioZOWyq3RwNN/cDbict8L/IpUn1h2QlITIABj+HrMCn1SBHcRBKM/FmvcFVceO/GNoauXsX+f+KDsw=="
      },
      "Magick.NET.Core": {
        "type": "Transitive",
        "resolved": "14.10.2",
        "contentHash": "22zhy2QO7GrMPFZZEN5X+oAoBi7IWhq8fqH0dQy/d6jzScLeTfZV0a69CRzmf7LbiRPwPSeguHvpfgrNaAGmeQ=="
      },
      "MessagePack.Annotations": {
        "type": "Transitive",
        "resolved": "3.1.4",
        "contentHash": "aVWrDAkCdqxwQsz/q0ldPh2EFn48M99YUzE9OvZjMq2RNLKz4o2z88iGFvSvbMqOWRweRvKPHBJZe22PRqzslQ=="
      },
      "MessagePackAnalyzer": {
        "type": "Transitive",
        "resolved": "3.1.4",
        "contentHash": "CTaSsN/liJ7MhLCAB7Z4ZLBNuVGCq9lt2BT/cbrc9vzGv89yK3CqIA+z9T19a11eQYl9etZHL6MQJgCqECRVpg=="
      },
      "Microsoft.AspNetCore.Connections.Abstractions": {
        "type": "Transitive",
        "resolved": "10.0.2",
        "contentHash": "88fNcB7Vl5vn8vEsgpOiBeR43FlP+aPs8aUghuIcQ5RRNO5XcYgXfeCEKcDc3vlG7PJFxl0fVVO+/ObMBsLm4g==",
        "dependencies": {
          "Microsoft.Extensions.Features": "10.0.2"
        }
      },
      "Microsoft.AspNetCore.Http.Connections.Client": {
        "type": "Transitive",
        "resolved": "10.0.2",
        "contentHash": "NL1voLwPkiCYnZQkmKVZx/6E9PZJ48gyI/l/Ij/CbULWMPLjK+35SQsIuaT7aGjGcqEgpbZnFAATe4duvWV/Uw==",
        "dependencies": {
          "Microsoft.AspNetCore.Http.Connections.Common": "10.0.2",
          "Microsoft.Extensions.Logging.Abstractions": "10.0.2",
          "Microsoft.Extensions.Options": "10.0.2"
        }
      },
      "Microsoft.AspNetCore.Http.Connections.Common": {
        "type": "Transitive",
        "resolved": "10.0.2",
        "contentHash": "MqPd+3xymCX5dhRjnQ+8QGarwQm66CPn53ZxeRuGAWogSXR87TjrAm1qQ6pyG82sfNEX3EixEs+I+CN5gPCsUQ==",
        "dependencies": {
          "Microsoft.AspNetCore.Connections.Abstractions": "10.0.2"
        }
      },
      "Microsoft.AspNetCore.SignalR.Client": {
        "type": "Transitive",
        "resolved": "10.0.2",
        "contentHash": "cvvmhCKkhM1+mupNIjAi6RVzpb6ep2/jORKIYY9Mg2LVauFpAWM4PCircJbhLPC+2Pyi3tCPyaqwSGnnZUMQ3g==",
        "dependencies": {
          "Microsoft.AspNetCore.Http.Connections.Client": "10.0.2",
          "Microsoft.AspNetCore.SignalR.Client.Core": "10.0.2"
        }
      },
      "Microsoft.AspNetCore.SignalR.Client.Core": {
        "type": "Transitive",
        "resolved": "10.0.2",
        "contentHash": "hO7XvX8WQXpF98zyeyzDftXMlAWe7uqA3cGj4ugso8cV5ixQ8FURUf0R4Olm0AQV17gXrWVDlstQWBXyZWJavQ==",
        "dependencies": {
          "Microsoft.AspNetCore.SignalR.Common": "10.0.2",
          "Microsoft.AspNetCore.SignalR.Protocols.Json": "10.0.2",
          "Microsoft.Extensions.DependencyInjection": "10.0.2",
          "Microsoft.Extensions.Logging": "10.0.2"
        }
      },
      "Microsoft.AspNetCore.SignalR.Common": {
        "type": "Transitive",
        "resolved": "10.0.2",
        "contentHash": "+Dd4cB18jqX0ks+mkPVX1fBKkvvfqeeL+acT/3bSgxKkkjKsEfBKWz8dM9jriZ5JiTY55DrYMxv8b80kOSztSg==",
        "dependencies": {
          "Microsoft.AspNetCore.Connections.Abstractions": "10.0.2",
          "Microsoft.Extensions.Options": "10.0.2"
        }
      },
      "Microsoft.AspNetCore.SignalR.Protocols.Json": {
        "type": "Transitive",
        "resolved": "10.0.2",
        "contentHash": "SKUWoUUXFquGXY1pOqao6GQkIGIPV245ytgvxiwmhQv9T9gvq/5842i7KfW2+TvEyoJn309SRy29UBhQo6u4Rg==",
        "dependencies": {
          "Microsoft.AspNetCore.SignalR.Common": "10.0.2"
        }
      },
      "Microsoft.AspNetCore.SignalR.Protocols.MessagePack": {
        "type": "Transitive",
        "resolved": "10.0.2",
        "contentHash": "sYKe6PE/lTHtvnJqndbkgDKlElvGOaP+nmRa0PmU/cBW8WxEcnoqmtNOGHiDQyI1ybItL3fkfHXczquUsgIuSA==",
        "dependencies": {
          "MessagePack": "2.5.187",
          "Microsoft.AspNetCore.SignalR.Common": "10.0.2"
        }
      },
      "Microsoft.Extensions.DependencyInjection": {
        "type": "Transitive",
        "resolved": "10.0.2",
        "contentHash": "J/Zmp6fY93JbaiZ11ckWvcyxMPjD6XVwIHQXBjryTBgn7O6O20HYg9uVLFcZlNfgH78MnreE/7EH+hjfzn7VyA==",
        "dependencies": {
          "Microsoft.Extensions.DependencyInjection.Abstractions": "10.0.2"
        }
      },
      "Microsoft.Extensions.DependencyInjection.Abstractions": {
        "type": "Transitive",
        "resolved": "10.0.2",
        "contentHash": "zOIurr59+kUf9vNcsUkCvKWZv+fPosUZXURZesYkJCvl0EzTc9F7maAO4Cd2WEV7ZJJ0AZrFQvuH6Npph9wdBw=="
      },
      "Microsoft.Extensions.Features": {
        "type": "Transitive",
        "resolved": "10.0.2",
        "contentHash": "X7tm2aV2w3lN9roSSGhl19lz4w76HvdiuKNhIv2XOiorYII9XCm66o/z9IJ0+QwkgvEv5gMZDM6rV6uwABHEQQ=="
      },
      "Microsoft.Extensions.Logging": {
        "type": "Transitive",
        "resolved": "10.0.2",
        "contentHash": "a0EWuBs6D3d7XMGroDXm+WsAi5CVVfjOJvyxurzWnuhBN9CO+1qHKcrKV1JK7H/T4ZtHIoVCOX/YyWM8K87qtw==",
        "dependencies": {
          "Microsoft.Extensions.DependencyInjection": "10.0.2",
          "Microsoft.Extensions.Logging.Abstractions": "10.0.2",
          "Microsoft.Extensions.Options": "10.0.2"
        }
      },
      "Microsoft.Extensions.Logging.Abstractions": {
        "type": "Transitive",
        "resolved": "10.0.2",
        "contentHash": "RZkez/JjpnO+MZ6efKkSynN6ZztLpw3WbxNzjLCPBd97wWj1S9ZYPWi0nmT4kWBRa6atHsdM1ydGkUr8GudyDQ==",
        "dependencies": {
          "Microsoft.Extensions.DependencyInjection.Abstractions": "10.0.2"
        }
      },
      "Microsoft.Extensions.ObjectPool": {
        "type": "Transitive",
        "resolved": "10.0.0",
        "contentHash": "bpeCq0IYmVLACyEUMzFIOQX+zZUElG1t+nu1lSxthe7B+1oNYking7b91305+jNB6iwojp9fqTY9O+Nh7ULQxg=="
      },
      "Microsoft.Extensions.Options": {
        "type": "Transitive",
        "resolved": "10.0.2",
        "contentHash": "1De2LJjmxdqopI5AYC5dIhoZQ79AR5ayywxNF1rXrXFtKQfbQOV9+n/IsZBa7qWlr0MqoGpW8+OY2v/57udZOA==",
        "dependencies": {
          "Microsoft.Extensions.DependencyInjection.Abstractions": "10.0.2",
          "Microsoft.Extensions.Primitives": "10.0.2"
        }
      },
      "Microsoft.Extensions.Primitives": {
        "type": "Transitive",
        "resolved": "10.0.2",
        "contentHash": "QmSiO+oLBEooGgB3i0GRXyeYRDHjllqt3k365jwfZlYWhvSHA3UL2NEVV5m8aZa041eIlblo6KMI5txvTMpTwA=="
      },
      "Microsoft.NET.StringTools": {
        "type": "Transitive",
        "resolved": "17.11.4",
        "contentHash": "mudqUHhNpeqIdJoUx2YDWZO/I9uEDYVowan89R6wsomfnUJQk6HteoQTlNjZDixhT2B4IXMkMtgZtoceIjLRmA=="
      },
      "System.CodeDom": {
        "type": "Transitive",
        "resolved": "9.0.3",
        "contentHash": "KeFk4+is5IB3FCjFmPjtFYaTSYhFA/l6ZOeWBQo6CVVQchpvl6vv+3kPPfNttkEoA/Gq78FsJFMu4Eej/ln44Q=="
      },
      "System.ComponentModel.Composition": {
        "type": "Transitive",
        "resolved": "4.7.0",
        "contentHash": "TKOHGbuqp7++lEna7+p19kTR8rKeAeoo2Faab2n2q7spV2CWPevmUkghMG6POKfSdeQhtAJoNZ33FT+01CNe3g=="
      },
      "System.Management": {
        "type": "Transitive",
        "resolved": "9.0.3",
        "contentHash": "Wsb47+pRN1xnCxKOXcj+80FZ5OYQK2Dr8nnS8CHS1LVB+MXdzyK90sEmDYs/ux+btrxpE1N56FZo5rDbzpd1HA==",
        "dependencies": {
          "System.CodeDom": "9.0.3"
        }
      },
      "XoshiroPRNG.Net": {
        "type": "Transitive",
        "resolved": "1.6.0",
        "contentHash": "Agj7DDi1obbcZXzPJDGpx4ncwrlr0Q39xe/coNGJV2DU3AzhWiHF33sM2nkHlgIL1icLacx1hkqNz8No7pdWWg=="
      },
      "ZString": {
        "type": "Transitive",
        "resolved": "2.6.0",
        "contentHash": "XE8a+11nZg0LRaf+RGABEWaHIf8yGd5w8v/Ra1iWxMBmAVzwuKbW7G21mS0U7w7sh1lYcgckInWGgnz4qyET8A=="
      },
      "sonar": {
        "type": "Project",
        "dependencies": {
          "AG.NonBlocking": "[2.1.1, )",
          "DeviceId": "[6.9.0, )",
          "DeviceId.Linux": "[6.9.0, )",
          "DeviceId.Mac": "[6.9.0, )",
          "DeviceId.Windows": "[6.9.0, )",
          "DeviceId.Windows.Wmi": "[6.9.0, )",
          "DryIoc.MefAttributedModel.dll": "[7.0.2, )",
          "DryIoc.dll": "[5.4.3, )",
          "InterlockedUtils": "[1.0.1, )",
          "MessagePack": "[3.1.4, )",
          "MessagePack.Annotations": "[3.1.4, )",
          "Microsoft.AspNetCore.SignalR.Client": "[10.0.2, )",
          "Microsoft.AspNetCore.SignalR.Protocols.MessagePack": "[10.0.2, )",
          "SonarUtils": "[1.0.0, )",
          "ZString": "[2.6.0, )"
        }
      },
      "sonarutils": {
        "type": "Project",
        "dependencies": {
          "AG.Collections.Concurrent": "[0.1.2-alpha, )",
          "AG.EnumLocalization": "[0.1.3-alpha, )",
          "BouncyCastle.Cryptography": "[2.6.2, )",
          "Farmhash.Sharp": "[0.9.0, )",
          "XoshiroPRNG.Net": "[1.6.0, )"
        }
      }
    }
  }
}