{
  "version": 1,
  "dependencies": {
    "net10.0": {
      "Blurhash.Core": {
        "type": "Direct",
        "requested": "[4.0.0, )",
        "resolved": "4.0.0",
        "contentHash": "0F9bPDxJ+tfCKKcNzA9x1XzibCZlEYpCSOu2A4e0H1aPLfhRhPRy3W0JhotUh3wtwQayR3vBOR7Q+XBcbzdJqA=="
      },
      "DryIoc.dll": {
        "type": "Direct",
        "requested": "[5.4.3, )",
        "resolved": "5.4.3",
        "contentHash": "yhXOG3SOxeWYxBAWskNRDD8fzw5hriEawv4VN4WKaFHOuubiop4kxe2rkWTEyCnTgRVgxVUSQCDBBkZqwPm1iQ=="
      },
      "DryIoc.MefAttributedModel.dll": {
        "type": "Direct",
        "requested": "[7.0.2, )",
        "resolved": "7.0.2",
        "contentHash": "vshe/0Gf+Aesxi6l73AdWvPkjhgliw10jsS84Z8iq4aiZPtlt+diL16sr4zVDoSmUrmuFn3VPE0Z0hs1sALe9A==",
        "dependencies": {
          "DryIoc.dll": "5.4.2",
          "DryIocAttributes.dll": "7.0.0"
        }
      },
      "FileSystemLinks": {
        "type": "Direct",
        "requested": "[1.0.3, )",
        "resolved": "1.0.3",
        "contentHash": "irD217NSRJEpAg/8r+9me/ENti+m5aap5bTHMJnNQGGn2nrKsy621FM+dCazZTUiwtsq/bgFa93Z+GTE/Y7uqQ=="
      },
      "Humanizer": {
        "type": "Direct",
        "requested": "[3.0.10, )",
        "resolved": "3.0.10",
        "contentHash": "13+6RiWdpVCzSn2SSEd1hAIr/UHScNdLCUhRgjvI60UcD5u3vXu3u1/Z+74OcHWum1itjiBTjYXgJKQna1jTgw==",
        "dependencies": {
          "Humanizer.Core.af": "3.0.10",
          "Humanizer.Core.ar": "3.0.10",
          "Humanizer.Core.az": "3.0.10",
          "Humanizer.Core.bg": "3.0.10",
          "Humanizer.Core.bn": "3.0.10",
          "Humanizer.Core.ca": "3.0.10",
          "Humanizer.Core.cs": "3.0.10",
          "Humanizer.Core.da": "3.0.10",
          "Humanizer.Core.de": "3.0.10",
          "Humanizer.Core.el": "3.0.10",
          "Humanizer.Core.es": "3.0.10",
          "Humanizer.Core.fa": "3.0.10",
          "Humanizer.Core.fi": "3.0.10",
          "Humanizer.Core.fil": "3.0.10",
          "Humanizer.Core.fr": "3.0.10",
          "Humanizer.Core.he": "3.0.10",
          "Humanizer.Core.hr": "3.0.10",
          "Humanizer.Core.hu": "3.0.10",
          "Humanizer.Core.hy": "3.0.10",
          "Humanizer.Core.id": "3.0.10",
          "Humanizer.Core.is": "3.0.10",
          "Humanizer.Core.it": "3.0.10",
          "Humanizer.Core.ja": "3.0.10",
          "Humanizer.Core.ko": "3.0.10",
          "Humanizer.Core.ku": "3.0.10",
          "Humanizer.Core.lb": "3.0.10",
          "Humanizer.Core.lt": "3.0.10",
          "Humanizer.Core.lv": "3.0.10",
          "Humanizer.Core.ms": "3.0.10",
          "Humanizer.Core.mt": "3.0.10",
          "Humanizer.Core.nb": "3.0.10",
          "Humanizer.Core.nl": "3.0.10",
          "Humanizer.Core.pl": "3.0.10",
          "Humanizer.Core.pt": "3.0.10",
          "Humanizer.Core.pt-BR": "3.0.10",
          "Humanizer.Core.ro": "3.0.10",
          "Humanizer.Core.ru": "3.0.10",
          "Humanizer.Core.sk": "3.0.10",
          "Humanizer.Core.sl": "3.0.10",
          "Humanizer.Core.sr": "3.0.10",
          "Humanizer.Core.sr-Latn": "3.0.10",
          "Humanizer.Core.sv": "3.0.10",
          "Humanizer.Core.th": "3.0.10",
          "Humanizer.Core.tr": "3.0.10",
          "Humanizer.Core.uk": "3.0.10",
          "Humanizer.Core.uz-Cyrl-UZ": "3.0.10",
          "Humanizer.Core.uz-Latn-UZ": "3.0.10",
          "Humanizer.Core.vi": "3.0.10",
          "Humanizer.Core.zh-CN": "3.0.10",
          "Humanizer.Core.zh-Hans": "3.0.10",
          "Humanizer.Core.zh-Hant": "3.0.10"
        }
      },
      "Magick.NET-Q8-x64": {
        "type": "Direct",
        "requested": "[14.16.0, )",
        "resolved": "14.16.0",
        "contentHash": "ORq25EHxJzfl58RvmJct3ODyKhu7af0KPZKwGKuNBDduFB53O6oxQK5bU0nQiPLR0KkGqlOqy3oNJzy/3prutw==",
        "dependencies": {
          "Magick.NET.Core": "14.16.0"
        }
      },
      "MessagePack": {
        "type": "Direct",
        "requested": "[3.1.8, )",
        "resolved": "3.1.8",
        "contentHash": "Qk2q+9FVxnMSp+NQ9y3SLz3HqWe7Rg3KRMHhBX28FkKUoOeP9YIU86mA4pFOxDDjUIRA9e7Ssbxs/LwWUcAzPw==",
        "dependencies": {
          "MessagePack.Annotations": "3.1.8",
          "MessagePackAnalyzer": "3.1.8",
          "Microsoft.NET.StringTools": "17.11.4"
        }
      },
      "Microsoft.Extensions.ObjectPool": {
        "type": "Direct",
        "requested": "[10.0.11, )",
        "resolved": "10.0.11",
        "contentHash": "p76ztQFROBOlHgdV1vXfmTjRyu073Av7ZlsiLR93ka6+nzkLCeV2ONXq0DO/BGf71REqGW29Uy/20fzQHAjB7Q=="
      },
      "Spectre.Console": {
        "type": "Direct",
        "requested": "[0.57.2, )",
        "resolved": "0.57.2",
        "contentHash": "wzsB+P9i6F9G+cFOJxRotCiQWNSzZVAMxi8YMiHlGXXU1JLMXGp7zSSqBMmROZS2bzpK5jk+Saa7Evp8HwqhKg==",
        "dependencies": {
          "Spectre.Console.Ansi": "0.57.2"
        }
      },
      "AG": {
        "type": "Transitive",
        "resolved": "0.1.2-alpha",
        "contentHash": "gWkXcwS8zyCTNSGmEex8nWlfqnfVFc40gkasdlOWm4MhMAD4mWnxTKH5C4Z47uR/uxh7I2qntg/LNiauakOwnA=="
      },
      "AG.Collections.Concurrent": {
        "type": "Transitive",
        "resolved": "0.1.2-alpha",
        "contentHash": "gqJoa2iJ53mdFr1PcUykurc+ULRy3BRE7v3bdf1OZ76n976r+xZ2g69NuvDOKP7eM81qRhvUT3ngFa+LT8M9ZQ==",
        "dependencies": {
          "AG": "0.1.2-alpha",
          "AG.Collections.Generic": "0.1.2-alpha"
        }
      },
      "AG.Collections.Generic": {
        "type": "Transitive",
        "resolved": "0.1.2-alpha",
        "contentHash": "6KdevDpXfX1FZNsrFtWYtIWHQq2fUF8AiNpE/A3P4AaZ6Q2WKImj6vdGBxVaotT0+KGwB7xRa0dUNTHJ/ZOoAA==",
        "dependencies": {
          "AG": "0.1.2-alpha"
        }
      },
      "AG.EnumLocalization": {
        "type": "Transitive",
        "resolved": "0.1.3-alpha",
        "contentHash": "BNvyTUh46XipY5ka/SPOpFnUrBHiZSC78vjjvBpLPjYO2hK0OhhyuMHty3fdqXkoIPy/TjcmeF4a2j9p8+OmuA=="
      },
      "AG.NonBlocking": {
        "type": "Transitive",
        "resolved": "2.1.1",
        "contentHash": "YQFUqdQLS2JRlWMFJL2Ejt2dKs3JgUSrYBrCailSdZjO0SXmyLLyDHIskq2p0oVjv9DqVbOa9DgauFvHAA9DIA=="
      },
      "BouncyCastle.Cryptography": {
        "type": "Transitive",
        "resolved": "2.7.0",
        "contentHash": "U+12df8UEWHgBi04YVf/Lgi2dy3SItlIYvHjjEVa/BngCQIzDCDRBk50DDByCfDvSbe5pRNFr3b7UrVK2kMcLw=="
      },
      "DeviceId": {
        "type": "Transitive",
        "resolved": "6.11.0",
        "contentHash": "GrFSc5Epv5MwgcezxgclRZIqm+jW6uNaZdGhtilqJs0MLU768nMzwP3+CgiZsJJQ1azPwQYmZq1Y4fdQafxwdg=="
      },
      "DeviceId.Linux": {
        "type": "Transitive",
        "resolved": "6.11.0",
        "contentHash": "Xc/HIu4KB/3la1LxRsrCsasKVkQywtypz6+CZbvqfalqoKRhynq8bMg7KA/FHwx+TU66p8JcQiZZwyJpKEx+CQ==",
        "dependencies": {
          "DeviceId": "6.11.0"
        }
      },
      "DeviceId.Mac": {
        "type": "Transitive",
        "resolved": "6.11.0",
        "contentHash": "M20qZltegeiL76jwrKzbwGxPYQPt3lg8cQkhPLubqNOfv5qMa6E/LcsBZ5UgVa6rlmUnU8YFeLvwttdpfQc47g==",
        "dependencies": {
          "DeviceId": "6.11.0"
        }
      },
      "DeviceId.Windows": {
        "type": "Transitive",
        "resolved": "6.11.0",
        "contentHash": "QyKZ0GzEK2ujlvUuWiy0FHjFI6p1WL53QiOFJOowjNvQpkYfl6dnEuqp0WgMq43UnDAfAf9TptDsQ2senj1GqA==",
        "dependencies": {
          "DeviceId": "6.11.0"
        }
      },
      "DeviceId.Windows.Wmi": {
        "type": "Transitive",
        "resolved": "6.11.0",
        "contentHash": "VVF9CI0G6TE2I6wantQiPrn05DR0B18NoIBx7/jD6F+zraUgJWYyTEslF0FgLMx5AMrWdZI+qj4YKbNdflRBuw==",
        "dependencies": {
          "DeviceId": "6.11.0",
          "DeviceId.Windows": "6.11.0",
          "System.Management": "10.0.3"
        }
      },
      "DryIoc.Microsoft.DependencyInjection": {
        "type": "Transitive",
        "resolved": "6.2.0",
        "contentHash": "vR0CUZ/H/1WamB9VDHyBg8nTxqGAU8/hJo4MdDQrwfdsm1E2d9HrJNDJo+V8gAg0GXpC1vgHv7JenpehT0iybw==",
        "dependencies": {
          "DryIoc.dll": "5.4.0",
          "Microsoft.Extensions.DependencyInjection.Abstractions": "7.0.0"
        }
      },
      "DryIocAttributes.dll": {
        "type": "Transitive",
        "resolved": "7.0.0",
        "contentHash": "/fCyHfqZxVerHK9lt0CMoZraaoc411WgUTnAKog7NjqiKyiX/WeiyOKZGmPIvfC7kVoEkrOSNhqRmfxx8q5Tbw==",
        "dependencies": {
          "System.ComponentModel.Composition": "4.7.0"
        }
      },
      "Farmhash.Sharp": {
        "type": "Transitive",
        "resolved": "0.9.0",
        "contentHash": "6Ij80JrfPyiDRM4QqdlEIjev4Q97eqEakh7wFJZYmbUkWVoCJb1+YdSdoXpzvn+Fs2dXH8THRsn+uUvrhMNKpQ=="
      },
      "Humanizer.Core": {
        "type": "Transitive",
        "resolved": "3.0.10",
        "contentHash": "yZIhtw8sYuvsONzQbZxWpR60tMWYHXoo0DL6nyOqSFiU5POjBTSEyWFpTQtJEZuy+oqiYTXKXY/Mjx7KnqIQFw=="
      },
      "Humanizer.Core.af": {
        "type": "Transitive",
        "resolved": "3.0.10",
        "contentHash": "jIpC73aOXfhqGEnpFKgO2AJ2Esb2t40c/cKqR+RgK1yg1bcBZBuhtjs+PrAIHf5Lp7Znd4teLjCGDS5ut8O1cw==",
        "dependencies": {
          "Humanizer.Core": "[3.0.10]"
        }
      },
      "Humanizer.Core.ar": {
        "type": "Transitive",
        "resolved": "3.0.10",
        "contentHash": "LdDeLE9nmlqbl14RinjII0v8APKZKUqJEClILvdLAoUEdv8UhgsHhDX2BHJKZv2aNfCnb19z9otE8Ffaa11Sow==",
        "dependencies": {
          "Humanizer.Core": "[3.0.10]"
        }
      },
      "Humanizer.Core.az": {
        "type": "Transitive",
        "resolved": "3.0.10",
        "contentHash": "+tfsgP5PkTY5mpx7t0rpMVVNXJQMcRkFSsWtnPpntuC/z7I8GS68CBcsHItw5/qbTJxWRY/cLPe/Psxh/SjEkA==",
        "dependencies": {
          "Humanizer.Core": "[3.0.10]"
        }
      },
      "Humanizer.Core.bg": {
        "type": "Transitive",
        "resolved": "3.0.10",
        "contentHash": "xBQMDuLOjmj1U0h39tv7B39vmVZXBbRUcy3xkHBKHAyuRoxskDJ3F1LUOOw1/E41+dGQziAe2I0EVukwvQ/h0g==",
        "dependencies": {
          "Humanizer.Core": "[3.0.10]"
        }
      },
      "Humanizer.Core.bn": {
        "type": "Transitive",
        "resolved": "3.0.10",
        "contentHash": "U5Li886U/hPdhMxyN9P3eF5dlB15sT/w4F3NOioXsaTQxnJKdxUKglRHiGbakX+aSrsFGok1MoQwVcH7Sac1Lg==",
        "dependencies": {
          "Humanizer.Core": "[3.0.10]"
        }
      },
      "Humanizer.Core.ca": {
        "type": "Transitive",
        "resolved": "3.0.10",
        "contentHash": "D29T+OWcYG4rlOXKwAGpNNrwLgE44oE1JYqlNuNs3lVYmTDEgItyT+SfjG2TXuTQXkpQLzsxfRjqtA/APygjgw==",
        "dependencies": {
          "Humanizer.Core": "[3.0.10]"
        }
      },
      "Humanizer.Core.cs": {
        "type": "Transitive",
        "resolved": "3.0.10",
        "contentHash": "kaG0//ULYkyB8Rk4g5PgC2o8jrmG2joc8lgtyDzCiFCaobr0jgUn393JAIB0JUygbngEIfA0PMK3fLbMXcBNLQ==",
        "dependencies": {
          "Humanizer.Core": "[3.0.10]"
        }
      },
      "Humanizer.Core.da": {
        "type": "Transitive",
        "resolved": "3.0.10",
        "contentHash": "/MCePoHsSaRo03I1NSRut5iUzhYRIKL+UncbtpN8AZ3Vl0TOu0Psi9/6QyjD4gLLx45puiXB2S0lUjCdYmlP7w==",
        "dependencies": {
          "Humanizer.Core": "[3.0.10]"
        }
      },
      "Humanizer.Core.de": {
        "type": "Transitive",
        "resolved": "3.0.10",
        "contentHash": "UoJk/DmAOFZivuMulLoB52Pn5iFvSqurF7qQQAyUAz1/IUZjxkoeoiI5mMILEjVeGoQJqrylt6O+f8johCo0Bg==",
        "dependencies": {
          "Humanizer.Core": "[3.0.10]"
        }
      },
      "Humanizer.Core.el": {
        "type": "Transitive",
        "resolved": "3.0.10",
        "contentHash": "5oIHs25LMm1IBrhcxOYYLTFHZQfBaqgKxm0jAkYmsxedpDZkv1k+BHs2D5Kg1672/ZhTs4jsLbqYNXkHm671vw==",
        "dependencies": {
          "Humanizer.Core": "[3.0.10]"
        }
      },
      "Humanizer.Core.es": {
        "type": "Transitive",
        "resolved": "3.0.10",
        "contentHash": "epxhWWQJ/I610mJGTfQPTocjp7/xCIH6tiREVIlHb/sA1kDAD1zHQcHI+HgWFzn/LzzbVg99y8HVFFHUvjnfXA==",
        "dependencies": {
          "Humanizer.Core": "[3.0.10]"
        }
      },
      "Humanizer.Core.fa": {
        "type": "Transitive",
        "resolved": "3.0.10",
        "contentHash": "9BEFCpbWoUdq2JnLbkohqBfpjjdeMqFhkhCNk3qYmutZwSxuZHrCozppY14SSWI6b6qD1Veb3rVyHGz9Fex5AA==",
        "dependencies": {
          "Humanizer.Core": "[3.0.10]"
        }
      },
      "Humanizer.Core.fi": {
        "type": "Transitive",
        "resolved": "3.0.10",
        "contentHash": "9Nbbxs1WZH2Li6Q28tZC06Y0mXwmIGnCEO/2nRzHvTqf07153frndezl5ads4uX8mNs+hMnUGUsr03IsFhI3jQ==",
        "dependencies": {
          "Humanizer.Core": "[3.0.10]"
        }
      },
      "Humanizer.Core.fil": {
        "type": "Transitive",
        "resolved": "3.0.10",
        "contentHash": "zpUvc+riMHZ2QGYETwnaDiT4Y4fHv2/Ctpi8Nm5SujNmOuxQyQMEAcalbUqWaLjzfTcysKqlU/NkiNP86kGlCA==",
        "dependencies": {
          "Humanizer.Core": "[3.0.10]"
        }
      },
      "Humanizer.Core.fr": {
        "type": "Transitive",
        "resolved": "3.0.10",
        "contentHash": "k+STDkiJVeO/nA5s0/GeBdwZI17D9KgqyYA4XGxfGxtFACwbFyVKQLWLzlIR2BsrT53EkyKLAzuFJ9FCT2CyfQ==",
        "dependencies": {
          "Humanizer.Core": "[3.0.10]"
        }
      },
      "Humanizer.Core.he": {
        "type": "Transitive",
        "resolved": "3.0.10",
        "contentHash": "4WIzAg5hocnbnzaTnueYW/BRhCrQoPg/0U6WiUC4BJKGJDuVYbqIa8iVcHqhr7vVKd5ngFbhSsXuCgkYqOMaXQ==",
        "dependencies": {
          "Humanizer.Core": "[3.0.10]"
        }
      },
      "Humanizer.Core.hr": {
        "type": "Transitive",
        "resolved": "3.0.10",
        "contentHash": "USin9T/FsHjmxvaolEXgL6FOdw+1Juh7geqcjTvJRCdoo/U4Y/usoAiZRbFtDA//1od4yqSxEbmj+F16nKwbkQ==",
        "dependencies": {
          "Humanizer.Core": "[3.0.10]"
        }
      },
      "Humanizer.Core.hu": {
        "type": "Transitive",
        "resolved": "3.0.10",
        "contentHash": "Umon7VBTVDs8QFDqNzGm6MBD+43UZJoN44htW/+iJUDF2gl8K8meRup27Dkl2zvewW3ynZic/xwP2hTDaPjIjw==",
        "dependencies": {
          "Humanizer.Core": "[3.0.10]"
        }
      },
      "Humanizer.Core.hy": {
        "type": "Transitive",
        "resolved": "3.0.10",
        "contentHash": "PzdcqQMwyDYO81PYbzBf+gFMj+wzOYF3kz3mlJCcBX5mSmNRpLIwB2s6PC9OiNN/Y/ya1orHV/z0OY9j7NFc5Q==",
        "dependencies": {
          "Humanizer.Core": "[3.0.10]"
        }
      },
      "Humanizer.Core.id": {
        "type": "Transitive",
        "resolved": "3.0.10",
        "contentHash": "rMb9jvglGeeUxb6Z4EkXTg+et1Ri3DWZjlXs2WFle1Qpu39zWWF0l9rh9PQJb0fzeiZ8jOjiUhUI9lRnoAHHCQ==",
        "dependencies": {
          "Humanizer.Core": "[3.0.10]"
        }
      },
      "Humanizer.Core.is": {
        "type": "Transitive",
        "resolved": "3.0.10",
        "contentHash": "xnNgWY9azqXyclRYmy3D6kgnbdCcPFBAEN4yNdhu2IN10p7Y2T9YUw5R9jLWo5+NGM2uzbbyTxPGf4+9YYUc1w==",
        "dependencies": {
          "Humanizer.Core": "[3.0.10]"
        }
      },
      "Humanizer.Core.it": {
        "type": "Transitive",
        "resolved": "3.0.10",
        "contentHash": "iCrKxOX6q/PZgEk3vYyU1fHC0jnq0hiq7nwWXiuV7uF5VypOxwVeao3vkE6MLoNKW7RQN/TbP06n1TOqyhTA7A==",
        "dependencies": {
          "Humanizer.Core": "[3.0.10]"
        }
      },
      "Humanizer.Core.ja": {
        "type": "Transitive",
        "resolved": "3.0.10",
        "contentHash": "UicfcXwMibwWN3jLesdk702IRQVndgBUqueFr3iXVEn2POue06pHInSIruxNaPTscaNdGKxXZiIiJrN7pCVO9Q==",
        "dependencies": {
          "Humanizer.Core": "[3.0.10]"
        }
      },
      "Humanizer.Core.ko": {
        "type": "Transitive",
        "resolved": "3.0.10",
        "contentHash": "Zr/GwEilhAcmeiDxVKqr79ZK/SEpHfhKzXD15JZ1NpsfYnIfNAN/9i0o535UaadaDDT6EIVpkoGIYAGuYQ0Z4g==",
        "dependencies": {
          "Humanizer.Core": "[3.0.10]"
        }
      },
      "Humanizer.Core.ku": {
        "type": "Transitive",
        "resolved": "3.0.10",
        "contentHash": "j5Qm+CY+c8onfjO1O+TReCDg/epCYdfv5N5LNB+Ydcmn06gkR4HvbWJnk5UFLVHz8NMPmtCrv7CYwmPJ0+lJqw==",
        "dependencies": {
          "Humanizer.Core": "[3.0.10]"
        }
      },
      "Humanizer.Core.lb": {
        "type": "Transitive",
        "resolved": "3.0.10",
        "contentHash": "5lpkw49T6MQ7Gwa0k2JV4cw6aH5FdT1Ku1nfGeey/iScajHDV9mvdxjkxRZpFAhJ5W/5yCtMlHH992LpXFJkeA==",
        "dependencies": {
          "Humanizer.Core": "[3.0.10]"
        }
      },
      "Humanizer.Core.lt": {
        "type": "Transitive",
        "resolved": "3.0.10",
        "contentHash": "1OO4XZ/74tt5nkxYHnpj+ti1w0HdeMGi+AHR59asxcJ3A/iTDZR4RNRIvoj1MdYRe0HdTUjtnGXfA7tXXOkiYg==",
        "dependencies": {
          "Humanizer.Core": "[3.0.10]"
        }
      },
      "Humanizer.Core.lv": {
        "type": "Transitive",
        "resolved": "3.0.10",
        "contentHash": "S4RN1q/saAQxlFlRRUnmi3Oz+mIXRqWtIRZJA3VrvMmBy12cXIdpeY0+d+HCA58WXpI2diOrWxHq9KPUDPunIw==",
        "dependencies": {
          "Humanizer.Core": "[3.0.10]"
        }
      },
      "Humanizer.Core.ms": {
        "type": "Transitive",
        "resolved": "3.0.10",
        "contentHash": "m0+BJa9vG0GeuAWhmdmMxdUUa1cfGjyHZQeJoeivqxJrrtdUUFekXH0xbpvI3ErC8qu5Ufpmfnr6QAX0WQfkIw==",
        "dependencies": {
          "Humanizer.Core": "[3.0.10]"
        }
      },
      "Humanizer.Core.mt": {
        "type": "Transitive",
        "resolved": "3.0.10",
        "contentHash": "8GfXTko/iweepZHcUcOANreClfvTeCDfSuiMxLtFbUZQOBegLZ6VnTVun2gVtv5OANdOk64qhqUKIVLq2rG0rw==",
        "dependencies": {
          "Humanizer.Core": "[3.0.10]"
        }
      },
      "Humanizer.Core.nb": {
        "type": "Transitive",
        "resolved": "3.0.10",
        "contentHash": "UcdV9TWXG2MFVEkqHy8oD2ZbuFhFPLY7ScCJKWBu7OsgInyuHZe72hHP/i52T0FAgiVbrB+Urd3uoWiUT7hP9Q==",
        "dependencies": {
          "Humanizer.Core": "[3.0.10]"
        }
      },
      "Humanizer.Core.nl": {
        "type": "Transitive",
        "resolved": "3.0.10",
        "contentHash": "b+Y1CFId1ucl33OvNITID0eEVesOKiw/dmrcDJ4Z/P9KEuMTeE8aKu5/iSjwtPVV+SagaMx9XzZe7kVYyRqhuQ==",
        "dependencies": {
          "Humanizer.Core": "[3.0.10]"
        }
      },
      "Humanizer.Core.pl": {
        "type": "Transitive",
        "resolved": "3.0.10",
        "contentHash": "LJCt3+dGUQhopQ/1w/zzBNlUHtjkdrt57zS+llMQeFm+1u0e3R+lWJx4zP+hqZcpRA7armR38KghvRSz+bYBbg==",
        "dependencies": {
          "Humanizer.Core": "[3.0.10]"
        }
      },
      "Humanizer.Core.pt": {
        "type": "Transitive",
        "resolved": "3.0.10",
        "contentHash": "+cggEy6W08xD8GU45/EaMfvNQMCd7K1G7hprSPty/9zIoM3OzaajdMA/Oxrb0mHIKpARxCNbQ29ltOtip3MTNA==",
        "dependencies": {
          "Humanizer.Core": "[3.0.10]"
        }
      },
      "Humanizer.Core.pt-BR": {
        "type": "Transitive",
        "resolved": "3.0.10",
        "contentHash": "kbhwn4G+STHUT9cLDdrP60+ZFla4lTg6def+FTnhpMS4JHf8ll0TL1kz9Nj5DTJFdqnvs8/eYfmVhnEegyBjBw==",
        "dependencies": {
          "Humanizer.Core": "[3.0.10]"
        }
      },
      "Humanizer.Core.ro": {
        "type": "Transitive",
        "resolved": "3.0.10",
        "contentHash": "JwdY+SywNIDrFcWKyiZsgsSJkIleoAXAtCLYiLn+CNCk+135VwhchZHm5B9nNvpLjGVaP5Y0ouZQ8xTx1oeZag==",
        "dependencies": {
          "Humanizer.Core": "[3.0.10]"
        }
      },
      "Humanizer.Core.ru": {
        "type": "Transitive",
        "resolved": "3.0.10",
        "contentHash": "1vXr7pkV0zSZF6ENJUadsAagubrBAvTPHPgdgttHlMhUQ1Zz9ZWTJaQdmf2RCen4YywMmfsQQZiGqJl52LVT8Q==",
        "dependencies": {
          "Humanizer.Core": "[3.0.10]"
        }
      },
      "Humanizer.Core.sk": {
        "type": "Transitive",
        "resolved": "3.0.10",
        "contentHash": "LD93nJw1zwXuC+LSw3+02Jk02bdAoENHzb/qrMoGBf70XeV2rBeoxSyJBVLHQ00RZfwNSy6TCTXQyagESVmN+Q==",
        "dependencies": {
          "Humanizer.Core": "[3.0.10]"
        }
      },
      "Humanizer.Core.sl": {
        "type": "Transitive",
        "resolved": "3.0.10",
        "contentHash": "utURJ8K/tnbA5KXlKcT8T+35MEVdZrXUvu2tH+T6M9xxJ1MhLGuFWnc687pcsLdpaLnGB7ZVwrAITlueAE+KGA==",
        "dependencies": {
          "Humanizer.Core": "[3.0.10]"
        }
      },
      "Humanizer.Core.sr": {
        "type": "Transitive",
        "resolved": "3.0.10",
        "contentHash": "e2bVzUAjEpxjFdLVmXZL9EsdVojlV/8GMwZzwDS6OByfG+PP5JxemKylK6FoUK5X2IBPNg68LOvn72WgwaruIQ==",
        "dependencies": {
          "Humanizer.Core": "[3.0.10]"
        }
      },
      "Humanizer.Core.sr-Latn": {
        "type": "Transitive",
        "resolved": "3.0.10",
        "contentHash": "VXPlm+eg5sraDhZ50WGiMZMvj4I2d+0VAy8cNaLLXNt+EgkUz646dRfg5HrQPPjtBbegj6o7gcg8Xl6z0ke+hA==",
        "dependencies": {
          "Humanizer.Core": "[3.0.10]"
        }
      },
      "Humanizer.Core.sv": {
        "type": "Transitive",
        "resolved": "3.0.10",
        "contentHash": "COq4bbUKk7F1jfE2sC/ZmomoQqX0Herwe1iXZyDl5zyw21mUY9wL96S1qbRmRp15UmGzFJdqBPdnd58P7kVMyg==",
        "dependencies": {
          "Humanizer.Core": "[3.0.10]"
        }
      },
      "Humanizer.Core.th": {
        "type": "Transitive",
        "resolved": "3.0.10",
        "contentHash": "8A4lZCLE6bEPYdQKeGfPBHDgAsY30TWWdjoWA1+vAfLA9Ip1l2Ons+Ngw4npkcoI3qdCidU6hWOsFnPfJ8ZufQ==",
        "dependencies": {
          "Humanizer.Core": "[3.0.10]"
        }
      },
      "Humanizer.Core.tr": {
        "type": "Transitive",
        "resolved": "3.0.10",
        "contentHash": "aRAxq1VyuIVoFdx8TZyVsRoDk0yqe9NATjhGgWHPsdR8TVHnuiyXeEbiXf846870VteyLJL9tVy3jaj2rC45tw==",
        "dependencies": {
          "Humanizer.Core": "[3.0.10]"
        }
      },
      "Humanizer.Core.uk": {
        "type": "Transitive",
        "resolved": "3.0.10",
        "contentHash": "NPnGZ1jdoMDYGrsHt5aLlj7Ambp7i5ER/5BbtjBSegn3+PliMbd4Eftr1Ind4qvCU6rTP2a9lUqBoRd+hSVA+g==",
        "dependencies": {
          "Humanizer.Core": "[3.0.10]"
        }
      },
      "Humanizer.Core.uz-Cyrl-UZ": {
        "type": "Transitive",
        "resolved": "3.0.10",
        "contentHash": "8NSyuiTlCfse1ki9QeO35IpZLcxoMlSMGvEY892aw9CNGaDMROQjFzf1iKJkWTyB9atrHHPuWlasBAFk2QkT9w==",
        "dependencies": {
          "Humanizer.Core": "[3.0.10]"
        }
      },
      "Humanizer.Core.uz-Latn-UZ": {
        "type": "Transitive",
        "resolved": "3.0.10",
        "contentHash": "FaSETkwfUiDU/RHlD54xbBKEZXnFIUnTNTnA5ZYXgDOiMmX6cY7vyRDmI1YpQtO+QR1irSettpLFpHeysslnpA==",
        "dependencies": {
          "Humanizer.Core": "[3.0.10]"
        }
      },
      "Humanizer.Core.vi": {
        "type": "Transitive",
        "resolved": "3.0.10",
        "contentHash": "Uz5gph//0eNP0Ta1tqdKDyghiUnZdW0aVW4MK/poD5hLEH1qLoDTWuTb8gxj3F8GvSFjgVmF9HZGQx5cO06N8Q==",
        "dependencies": {
          "Humanizer.Core": "[3.0.10]"
        }
      },
      "Humanizer.Core.zh-CN": {
        "type": "Transitive",
        "resolved": "3.0.10",
        "contentHash": "7veG4JdZ4OeYNlgci/6I/Xf9G/iCljBcwsbLVyGaqdia+2UMAp1iGu+MCs3zKOmEvcb4ipHGFkwT5d/2WfEevA==",
        "dependencies": {
          "Humanizer.Core": "[3.0.10]"
        }
      },
      "Humanizer.Core.zh-Hans": {
        "type": "Transitive",
        "resolved": "3.0.10",
        "contentHash": "z8E2R0QL43NB6m8ntQaL1cONMjudoIJXvMQUFXG4OaKp5iyYqWs6FMC2B7x2rLxOynpsxoq5AQ/8BO0pMdfZrw==",
        "dependencies": {
          "Humanizer.Core": "[3.0.10]"
        }
      },
      "Humanizer.Core.zh-Hant": {
        "type": "Transitive",
        "resolved": "3.0.10",
        "contentHash": "KI5Nv82v9diPBxcBAwIAvZQHjSrDy7He0atnzdZghS+QchHwlkPKhTyEzVSbOZdD42RxCX1ArMiL864A2iw34Q==",
        "dependencies": {
          "Humanizer.Core": "[3.0.10]"
        }
      },
      "InterlockedUtils": {
        "type": "Transitive",
        "resolved": "1.0.1",
        "contentHash": "GW+lP8C2ioZOWyq3RwNN/cDbict8L/IpUn1h2QlITIABj+HrMCn1SBHcRBKM/FmvcFVceO/GNoauXsX+f+KDsw=="
      },
      "IPAddressRange": {
        "type": "Transitive",
        "resolved": "6.3.0",
        "contentHash": "VrGoeUz+ZK2QiwHNj+vab9uOvTDucenRseJZjc4uB7ASduQ7RNWnpd8gy1e9z2BsY4VoigVaCRrcQCQKuQVSiw=="
      },
      "Magick.NET.Core": {
        "type": "Transitive",
        "resolved": "14.16.0",
        "contentHash": "ddBX/Zb0sCsX4agqHdHeqUx+grfw8I7GFU+lgut3mtNl7roxbxemSQFGLIJXtzwPuAHxbaMtkXA+ijVl02EUhQ=="
      },
      "MessagePack.Annotations": {
        "type": "Transitive",
        "resolved": "3.1.8",
        "contentHash": "SitOtZ4tOlAZZPF7p52M7143F+Cuz7o/aU0MrtAXX0+ZkPXzDNroOFhzzE2ogMFThsoEW/E6akXVVcBFM9ZKaw=="
      },
      "MessagePackAnalyzer": {
        "type": "Transitive",
        "resolved": "3.1.8",
        "contentHash": "Vm4g0cR4YRKRchEOmMJ0uVFU6yxdg7cJa2KHv3SUAHEsdYKvMpHMF5A1hZfsix89ymD5cmuzRnw9a6dKMcvq+Q=="
      },
      "Microsoft.AspNetCore.Connections.Abstractions": {
        "type": "Transitive",
        "resolved": "10.0.11",
        "contentHash": "DCrayFIb+t+P9EI6NAP8BmAIgi51lrdmdtMAQnZf2v2J51q5ptOMR2rzfhvSMAZZhYReAK4H+ZTprf8Q5rOnzw==",
        "dependencies": {
          "Microsoft.Extensions.Features": "10.0.11"
        }
      },
      "Microsoft.AspNetCore.Http.Connections.Client": {
        "type": "Transitive",
        "resolved": "10.0.11",
        "contentHash": "dib9kKN5aiTDGW8ecYDnJi4Zkqgy6CPf7/K26eO5le2XNDuvWVysx/4hNtteoLFvwrrqhiNZ/l+4AYcXzjtYwQ==",
        "dependencies": {
          "Microsoft.AspNetCore.Http.Connections.Common": "10.0.11",
          "Microsoft.Extensions.Logging.Abstractions": "10.0.11",
          "Microsoft.Extensions.Options": "10.0.11"
        }
      },
      "Microsoft.AspNetCore.Http.Connections.Common": {
        "type": "Transitive",
        "resolved": "10.0.11",
        "contentHash": "dI0VVgQwdAgkYoC38QqMnHkPD9A5kKTcI2NBeyQZGJ036Tt5mbSoPoWY66vNUTLYRomfETc/wasHdnEDkhqceA==",
        "dependencies": {
          "Microsoft.AspNetCore.Connections.Abstractions": "10.0.11"
        }
      },
      "Microsoft.AspNetCore.SignalR.Client": {
        "type": "Transitive",
        "resolved": "10.0.11",
        "contentHash": "axdL5Zyv3wGD9rKOOBOOzO2jmsebEI3+7Hjfwpd33SZLea6W/72Gt9LbynGdVkPFESg3bybP7KD0SO5Q7K66Rw==",
        "dependencies": {
          "Microsoft.AspNetCore.Http.Connections.Client": "10.0.11",
          "Microsoft.AspNetCore.SignalR.Client.Core": "10.0.11"
        }
      },
      "Microsoft.AspNetCore.SignalR.Client.Core": {
        "type": "Transitive",
        "resolved": "10.0.11",
        "contentHash": "eaT/epxfM+o9hsqaU87BnrhENi72KeS0XYDBsAbPM8ZBdVlDh6CZ2n04MB3PZ1cSK8SnQUUxep4OgEkDOh8N3Q==",
        "dependencies": {
          "Microsoft.AspNetCore.SignalR.Common": "10.0.11",
          "Microsoft.AspNetCore.SignalR.Protocols.Json": "10.0.11",
          "Microsoft.Extensions.DependencyInjection": "10.0.11",
          "Microsoft.Extensions.Logging": "10.0.11"
        }
      },
      "Microsoft.AspNetCore.SignalR.Common": {
        "type": "Transitive",
        "resolved": "10.0.11",
        "contentHash": "fDg4cdP3q4VTxNdp+oy1Ju+7Zi12pFEtQQVeQu3oOXwaIh2KwprmebI+zgfQZQSimQx0DSoWUB87sKiyDaT9nA==",
        "dependencies": {
          "Microsoft.AspNetCore.Connections.Abstractions": "10.0.11",
          "Microsoft.Extensions.Options": "10.0.11"
        }
      },
      "Microsoft.AspNetCore.SignalR.Protocols.Json": {
        "type": "Transitive",
        "resolved": "10.0.11",
        "contentHash": "WAyf+LFX8tPlyzP9NwH61EkiNAuQhB46FrDRopvXUU+Y3ED3iRUi/Qfh1vBFz4z/10vdBI2uJWIuAawBi5zxiA==",
        "dependencies": {
          "Microsoft.AspNetCore.SignalR.Common": "10.0.11"
        }
      },
      "Microsoft.AspNetCore.SignalR.Protocols.MessagePack": {
        "type": "Transitive",
        "resolved": "10.0.11",
        "contentHash": "rZXe/AAxEMCYcya2CqK7veMVavIm04+CLOyXpmU1clXJ0MMaU2OogU0e8kshN2/ahOhYC54HkkOFr/gFvNtJBw==",
        "dependencies": {
          "MessagePack": "2.5.302",
          "Microsoft.AspNetCore.SignalR.Common": "10.0.11"
        }
      },
      "Microsoft.Extensions.Configuration": {
        "type": "Transitive",
        "resolved": "10.0.11",
        "contentHash": "wlhRqZW8LcJPa+vk2oLAc/REXDItHtkFQdf/QcXYGZbZOO13izcsKY1pCvuFQYwUiZD+hwSZwsKASjqT+BNaVg==",
        "dependencies": {
          "Microsoft.Extensions.Configuration.Abstractions": "10.0.11",
          "Microsoft.Extensions.Primitives": "10.0.11"
        }
      },
      "Microsoft.Extensions.Configuration.Abstractions": {
        "type": "Transitive",
        "resolved": "10.0.11",
        "contentHash": "fVi053xdpda9Em7vSkmgVxO/PtgC2m78ekReKWsgcyskqY0U82Bz/MONwxpGzI0hElYKJfw+fupqMVeKW3fSaA==",
        "dependencies": {
          "Microsoft.Extensions.Primitives": "10.0.11"
        }
      },
      "Microsoft.Extensions.Configuration.Binder": {
        "type": "Transitive",
        "resolved": "10.0.11",
        "contentHash": "rFn8RuszZn3qquPVkDytMUlPc2+rXl9MCoygwc1XmAgC5vg5/oXJ8hkOosOrLoBLsqdTy4lFwP6iQdPS9uSYOA==",
        "dependencies": {
          "Microsoft.Extensions.Configuration": "10.0.11",
          "Microsoft.Extensions.Configuration.Abstractions": "10.0.11"
        }
      },
      "Microsoft.Extensions.Configuration.CommandLine": {
        "type": "Transitive",
        "resolved": "10.0.11",
        "contentHash": "1KHr/1L56llwQ/yI0tAisEA31UpPsn8aasjASIwELOaN4JIUcbjuQBMdFOIzfNBBeULoUa0XfBe5QDtRRUY+fg==",
        "dependencies": {
          "Microsoft.Extensions.Configuration": "10.0.11",
          "Microsoft.Extensions.Configuration.Abstractions": "10.0.11"
        }
      },
      "Microsoft.Extensions.Configuration.EnvironmentVariables": {
        "type": "Transitive",
        "resolved": "10.0.11",
        "contentHash": "KICyU3eVi5jvloKm01EXV69L97H/zkhISVtV98cIuzuFOxNx3xTUVcXqvWTz3aq7OvUuDB/MFlPFjmxRaKF7/A==",
        "dependencies": {
          "Microsoft.Extensions.Configuration": "10.0.11",
          "Microsoft.Extensions.Configuration.Abstractions": "10.0.11"
        }
      },
      "Microsoft.Extensions.Configuration.FileExtensions": {
        "type": "Transitive",
        "resolved": "10.0.11",
        "contentHash": "mDW7KVFB05M6jiRUyaZiOMWhS31n5HlSZwoYctHAZAucD4sMDJ70IxOmkGDt6RpstchD+keWBjhdzcMpSkWvWQ==",
        "dependencies": {
          "Microsoft.Extensions.Configuration": "10.0.11",
          "Microsoft.Extensions.Configuration.Abstractions": "10.0.11",
          "Microsoft.Extensions.FileProviders.Abstractions": "10.0.11",
          "Microsoft.Extensions.FileProviders.Physical": "10.0.11",
          "Microsoft.Extensions.Primitives": "10.0.11"
        }
      },
      "Microsoft.Extensions.Configuration.Json": {
        "type": "Transitive",
        "resolved": "10.0.11",
        "contentHash": "nSPrT8U/cNoB4coqkmnanAMK9PsL7lsjG+LLUKEwHRFwS6E78b8S1wdv/y88EOxBhasWov1rLd7RTHmmsYPOLg==",
        "dependencies": {
          "Microsoft.Extensions.Configuration": "10.0.11",
          "Microsoft.Extensions.Configuration.Abstractions": "10.0.11",
          "Microsoft.Extensions.Configuration.FileExtensions": "10.0.11",
          "Microsoft.Extensions.FileProviders.Abstractions": "10.0.11"
        }
      },
      "Microsoft.Extensions.Configuration.UserSecrets": {
        "type": "Transitive",
        "resolved": "10.0.11",
        "contentHash": "BRliLdUowglV8GS+J1G/QsSofCJYYFg3U8QZx0ACRn+a91az/Qnpy+h6PyHS94WgV2TSazX5D/cuuk6wnCJatw==",
        "dependencies": {
          "Microsoft.Extensions.Configuration.Abstractions": "10.0.11",
          "Microsoft.Extensions.Configuration.Json": "10.0.11",
          "Microsoft.Extensions.FileProviders.Abstractions": "10.0.11",
          "Microsoft.Extensions.FileProviders.Physical": "10.0.11"
        }
      },
      "Microsoft.Extensions.DependencyInjection": {
        "type": "Transitive",
        "resolved": "10.0.11",
        "contentHash": "PSmotV19c7E3lKed++uYo1kSiXFI+uTl37CBSrhq+CfLC3FCHjG7R91+xPnNehQfHS1b0Tzo/CCLPWH3qaEheg==",
        "dependencies": {
          "Microsoft.Extensions.DependencyInjection.Abstractions": "10.0.11"
        }
      },
      "Microsoft.Extensions.DependencyInjection.Abstractions": {
        "type": "Transitive",
        "resolved": "10.0.11",
        "contentHash": "/a1aJz4m7ylhEDf25ugQChLQoN5XwoGjWw/BoR/ZWWKsO1v4DdJElS1uyngahz4B/eOzjFk1KNTkarRLE5wsIg=="
      },
      "Microsoft.Extensions.Diagnostics": {
        "type": "Transitive",
        "resolved": "10.0.11",
        "contentHash": "HT70uGPxMLqqnOzKMcnQtDmeV4r0KHr4qVCLhP7SXil9jMEm8sQXwcybxVVFGXZJ1V44xV0mLqQ54aZbcR2OiQ==",
        "dependencies": {
          "Microsoft.Extensions.Configuration": "10.0.11",
          "Microsoft.Extensions.Diagnostics.Abstractions": "10.0.11",
          "Microsoft.Extensions.Options.ConfigurationExtensions": "10.0.11"
        }
      },
      "Microsoft.Extensions.Diagnostics.Abstractions": {
        "type": "Transitive",
        "resolved": "10.0.11",
        "contentHash": "se7Kx8QpJEt+nf26L4qIVAofGTDr1wbexxsh/Fm3Xc04xUkqUXK06KUS7FLwSQYSjqb7q9n+T7MEcXYBhI1Y5g==",
        "dependencies": {
          "Microsoft.Extensions.DependencyInjection.Abstractions": "10.0.11",
          "Microsoft.Extensions.Options": "10.0.11"
        }
      },
      "Microsoft.Extensions.Features": {
        "type": "Transitive",
        "resolved": "10.0.11",
        "contentHash": "/ro7Ate9LihDcZP6ukTwUjFj3dBzz7tijNcGg4aYBa3RkjqC/cOPqxZtMrOS3RU3nhRLHX8WTKq9EKL/4V4r5A=="
      },
      "Microsoft.Extensions.FileProviders.Abstractions": {
        "type": "Transitive",
        "resolved": "10.0.11",
        "contentHash": "JOjac6SQQgZmdmB8WGEw61/7siqMZoWJMkmq2p1goJGxqI59lO6oB4bOl0jNsbaPBdYy5Mlkb+6U7T4+CjnD8Q==",
        "dependencies": {
          "Microsoft.Extensions.Primitives": "10.0.11"
        }
      },
      "Microsoft.Extensions.FileProviders.Physical": {
        "type": "Transitive",
        "resolved": "10.0.11",
        "contentHash": "Tq/UqMaczePv9yWwSsJZRgKtgA46djVR5xHj/lZBCueQ3ag8f9v5mu0EdhrNx7tXxNk+Y9OurG2oKuSKINjr0A==",
        "dependencies": {
          "Microsoft.Extensions.FileProviders.Abstractions": "10.0.11",
          "Microsoft.Extensions.FileSystemGlobbing": "10.0.11",
          "Microsoft.Extensions.Primitives": "10.0.11"
        }
      },
      "Microsoft.Extensions.FileSystemGlobbing": {
        "type": "Transitive",
        "resolved": "10.0.11",
        "contentHash": "2i6rtW/B5rCnWCnhdmWWEmaM9O0HD0zsPY9eRqa++y4tclI3Uw8zvGbBvhY/LjAdtf8gUHhUPcAWj3DRlWMXmQ=="
      },
      "Microsoft.Extensions.Hosting": {
        "type": "Transitive",
        "resolved": "10.0.11",
        "contentHash": "eIDa/Rl+93aj17gMlFsJJx+LhBvb3CP0Mu1PeVYkDp2Y3S4Jock8UynfGQEcx7lrlq+gKW+ECQJHbro/LTPDEQ==",
        "dependencies": {
          "Microsoft.Extensions.Configuration": "10.0.11",
          "Microsoft.Extensions.Configuration.Abstractions": "10.0.11",
          "Microsoft.Extensions.Configuration.Binder": "10.0.11",
          "Microsoft.Extensions.Configuration.CommandLine": "10.0.11",
          "Microsoft.Extensions.Configuration.EnvironmentVariables": "10.0.11",
          "Microsoft.Extensions.Configuration.FileExtensions": "10.0.11",
          "Microsoft.Extensions.Configuration.Json": "10.0.11",
          "Microsoft.Extensions.Configuration.UserSecrets": "10.0.11",
          "Microsoft.Extensions.DependencyInjection": "10.0.11",
          "Microsoft.Extensions.DependencyInjection.Abstractions": "10.0.11",
          "Microsoft.Extensions.Diagnostics": "10.0.11",
          "Microsoft.Extensions.FileProviders.Abstractions": "10.0.11",
          "Microsoft.Extensions.FileProviders.Physical": "10.0.11",
          "Microsoft.Extensions.Hosting.Abstractions": "10.0.11",
          "Microsoft.Extensions.Logging": "10.0.11",
          "Microsoft.Extensions.Logging.Abstractions": "10.0.11",
          "Microsoft.Extensions.Logging.Configuration": "10.0.11",
          "Microsoft.Extensions.Logging.Console": "10.0.11",
          "Microsoft.Extensions.Logging.Debug": "10.0.11",
          "Microsoft.Extensions.Logging.EventLog": "10.0.11",
          "Microsoft.Extensions.Logging.EventSource": "10.0.11",
          "Microsoft.Extensions.Options": "10.0.11"
        }
      },
      "Microsoft.Extensions.Hosting.Abstractions": {
        "type": "Transitive",
        "resolved": "10.0.11",
        "contentHash": "pwtpF7iF/NNaOBcX+pvMZ7y2+JAVbH5KkNrH9uMZtuVxVJsFTDiWiCR7Tk3HVptsAijaetipUZVRVK2LLq+nvA==",
        "dependencies": {
          "Microsoft.Extensions.Configuration.Abstractions": "10.0.11",
          "Microsoft.Extensions.DependencyInjection.Abstractions": "10.0.11",
          "Microsoft.Extensions.Diagnostics.Abstractions": "10.0.11",
          "Microsoft.Extensions.FileProviders.Abstractions": "10.0.11",
          "Microsoft.Extensions.Logging.Abstractions": "10.0.11"
        }
      },
      "Microsoft.Extensions.Logging": {
        "type": "Transitive",
        "resolved": "10.0.11",
        "contentHash": "nUOJwgFkSiLHiVGFpU22pIJtuWYewuSYQ3JVuP/gdK8ASMT807Px+TYQiRWs6uSsOmoyFTaVCwKXTasczV6BpA==",
        "dependencies": {
          "Microsoft.Extensions.DependencyInjection": "10.0.11",
          "Microsoft.Extensions.Logging.Abstractions": "10.0.11",
          "Microsoft.Extensions.Options": "10.0.11"
        }
      },
      "Microsoft.Extensions.Logging.Abstractions": {
        "type": "Transitive",
        "resolved": "10.0.11",
        "contentHash": "Ljd0Uxoq5XpScD2Bg0nM/r3mwx7Ao5Uq24eo2ARxbGvqJ7Zht6rt2cJtwVRH4Cv+1ZVMdXz6TB43KbpmsxRrvQ==",
        "dependencies": {
          "Microsoft.Extensions.DependencyInjection.Abstractions": "10.0.11"
        }
      },
      "Microsoft.Extensions.Logging.Configuration": {
        "type": "Transitive",
        "resolved": "10.0.11",
        "contentHash": "S7LvLeVHKNPaY2NMyxW7c2TBGsLgxoSUBCV5Ev5iN8kgC7EPR2UB7eW7vHsElGMcIUDwRmoxLfvGDynCn3q6EA==",
        "dependencies": {
          "Microsoft.Extensions.Configuration": "10.0.11",
          "Microsoft.Extensions.Configuration.Abstractions": "10.0.11",
          "Microsoft.Extensions.Configuration.Binder": "10.0.11",
          "Microsoft.Extensions.DependencyInjection.Abstractions": "10.0.11",
          "Microsoft.Extensions.Logging": "10.0.11",
          "Microsoft.Extensions.Logging.Abstractions": "10.0.11",
          "Microsoft.Extensions.Options": "10.0.11",
          "Microsoft.Extensions.Options.ConfigurationExtensions": "10.0.11"
        }
      },
      "Microsoft.Extensions.Logging.Console": {
        "type": "Transitive",
        "resolved": "10.0.11",
        "contentHash": "dFc0yDudyD1iIg6z9XT7ofsT3hVO7Y4ylrxGHIVRR0GaZ4CUk4ujOrMoy7wWEdNHZhvJooySg6hZpOxyS8zEVA==",
        "dependencies": {
          "Microsoft.Extensions.DependencyInjection.Abstractions": "10.0.11",
          "Microsoft.Extensions.Logging": "10.0.11",
          "Microsoft.Extensions.Logging.Abstractions": "10.0.11",
          "Microsoft.Extensions.Logging.Configuration": "10.0.11",
          "Microsoft.Extensions.Options": "10.0.11"
        }
      },
      "Microsoft.Extensions.Logging.Debug": {
        "type": "Transitive",
        "resolved": "10.0.11",
        "contentHash": "wr+j1bjdFXhc8lKTLoq+RbwFM8M+orcMS9xrcqLmDGOxJcXpKizEeE5h6v/GKwCZV02FmhaA7OlNjoq072jZpQ==",
        "dependencies": {
          "Microsoft.Extensions.DependencyInjection.Abstractions": "10.0.11",
          "Microsoft.Extensions.Logging": "10.0.11",
          "Microsoft.Extensions.Logging.Abstractions": "10.0.11"
        }
      },
      "Microsoft.Extensions.Logging.EventLog": {
        "type": "Transitive",
        "resolved": "10.0.11",
        "contentHash": "Eck9GpCCpvZ3f6L7IUlN+mPtRVefnf7PsiIG5vi61QawPtLNCEAv2TPD/M3SojcU0PFaef+BxiVGPOShFHtDog==",
        "dependencies": {
          "Microsoft.Extensions.DependencyInjection.Abstractions": "10.0.11",
          "Microsoft.Extensions.Logging": "10.0.11",
          "Microsoft.Extensions.Logging.Abstractions": "10.0.11",
          "Microsoft.Extensions.Options": "10.0.11",
          "System.Diagnostics.EventLog": "10.0.11"
        }
      },
      "Microsoft.Extensions.Logging.EventSource": {
        "type": "Transitive",
        "resolved": "10.0.11",
        "contentHash": "hs6QWECLLohi2VKqUvSGRUvrg7eXR1DqKL95Jrtz3cdD2g2nBA+yJPdRQLZ7SLmnTZWycxfMDK2s0ho+rfst5w==",
        "dependencies": {
          "Microsoft.Extensions.DependencyInjection.Abstractions": "10.0.11",
          "Microsoft.Extensions.Logging": "10.0.11",
          "Microsoft.Extensions.Logging.Abstractions": "10.0.11",
          "Microsoft.Extensions.Options": "10.0.11",
          "Microsoft.Extensions.Primitives": "10.0.11"
        }
      },
      "Microsoft.Extensions.Options": {
        "type": "Transitive",
        "resolved": "10.0.11",
        "contentHash": "eY1GAKcTfD2maP27J84X9IovT3yjHJ2dVDzPmDg6/XqYvt3jMzJhtfQCLjG9pVsZGAd+8DQ2QrjaDcs2+VQLGw==",
        "dependencies": {
          "Microsoft.Extensions.DependencyInjection.Abstractions": "10.0.11",
          "Microsoft.Extensions.Primitives": "10.0.11"
        }
      },
      "Microsoft.Extensions.Options.ConfigurationExtensions": {
        "type": "Transitive",
        "resolved": "10.0.11",
        "contentHash": "syEhXQ/sEaSBFaqzlp9gDGHX/nk6gkQkh1sIUpBO1mlBj3Phu1rmb4ML1uCiyPW9N6Kxfxv3y5FGObC+bV01Qw==",
        "dependencies": {
          "Microsoft.Extensions.Configuration.Abstractions": "10.0.11",
          "Microsoft.Extensions.Configuration.Binder": "10.0.11",
          "Microsoft.Extensions.DependencyInjection.Abstractions": "10.0.11",
          "Microsoft.Extensions.Options": "10.0.11",
          "Microsoft.Extensions.Primitives": "10.0.11"
        }
      },
      "Microsoft.Extensions.Primitives": {
        "type": "Transitive",
        "resolved": "10.0.11",
        "contentHash": "SXcz+kF+4Oo9b1+55zntpJFYfwb1jw66ioxptyNOOTDc8g2FHnBFWjZpsWfCvZIhzr0x+4e2trVTs4OKwQfBtw=="
      },
      "Microsoft.NET.StringTools": {
        "type": "Transitive",
        "resolved": "17.11.4",
        "contentHash": "mudqUHhNpeqIdJoUx2YDWZO/I9uEDYVowan89R6wsomfnUJQk6HteoQTlNjZDixhT2B4IXMkMtgZtoceIjLRmA=="
      },
      "Spectre.Console.Ansi": {
        "type": "Transitive",
        "resolved": "0.57.2",
        "contentHash": "Y1+u73shwP+JYHmrkdN6bSt2kaGBEAafhi2nrecczbXdFRey+k7J/WF9YPfcB0rqivv2S8fmif6FSBq9m/AFvw=="
      },
      "System.CodeDom": {
        "type": "Transitive",
        "resolved": "10.0.3",
        "contentHash": "+G1mBhHJp8taiDcHK1gmckOZ884n9JeIrS1dzFYZhSa8oTiIF+EagIyAyCOQzdBbbES7eb9AkjGBlUZqqoCaeg=="
      },
      "System.ComponentModel.Composition": {
        "type": "Transitive",
        "resolved": "4.7.0",
        "contentHash": "TKOHGbuqp7++lEna7+p19kTR8rKeAeoo2Faab2n2q7spV2CWPevmUkghMG6POKfSdeQhtAJoNZ33FT+01CNe3g=="
      },
      "System.Diagnostics.EventLog": {
        "type": "Transitive",
        "resolved": "10.0.11",
        "contentHash": "QTXEoQBzz00SFWbo7nAg1Ogd4f99lwqcO9uAJ7MYSLEUR28f6As32QktrqG2Fr9cfAfd1GjLyGYspE7Ipj7P6w=="
      },
      "System.Management": {
        "type": "Transitive",
        "resolved": "10.0.3",
        "contentHash": "VyK/nnG1ZgwP/wY8HGrNrdha7kenyI+bkfE0miywiRaWVwqtenuYshA6pmP6Xm7lPsTE2ZRZ+BkzmUVg/VZtTg==",
        "dependencies": {
          "System.CodeDom": "10.0.3"
        }
      },
      "XoshiroPRNG.Net": {
        "type": "Transitive",
        "resolved": "1.6.0",
        "contentHash": "Agj7DDi1obbcZXzPJDGpx4ncwrlr0Q39xe/coNGJV2DU3AzhWiHF33sM2nkHlgIL1icLacx1hkqNz8No7pdWWg=="
      },
      "ZString": {
        "type": "Transitive",
        "resolved": "2.6.0",
        "contentHash": "XE8a+11nZg0LRaf+RGABEWaHIf8yGd5w8v/Ra1iWxMBmAVzwuKbW7G21mS0U7w7sh1lYcgckInWGgnz4qyET8A=="
      },
      "sonar": {
        "type": "Project",
        "dependencies": {
          "AG.NonBlocking": "[2.1.1, )",
          "DeviceId": "[6.11.0, )",
          "DeviceId.Linux": "[6.11.0, )",
          "DeviceId.Mac": "[6.11.0, )",
          "DeviceId.Windows": "[6.11.0, )",
          "DeviceId.Windows.Wmi": "[6.11.0, )",
          "InterlockedUtils": "[1.0.1, )",
          "MessagePack": "[3.1.8, )",
          "MessagePack.Annotations": "[3.1.8, )",
          "Microsoft.AspNetCore.SignalR.Client": "[10.0.11, )",
          "Microsoft.AspNetCore.SignalR.Protocols.MessagePack": "[10.0.11, )",
          "SonarUtils": "[1.0.0, )",
          "ZString": "[2.6.0, )"
        }
      },
      "sonarutils": {
        "type": "Project",
        "dependencies": {
          "AG.Collections.Concurrent": "[0.1.2-alpha, )",
          "AG.EnumLocalization": "[0.1.3-alpha, )",
          "BouncyCastle.Cryptography": "[2.7.0, )",
          "DryIoc.MefAttributedModel.dll": "[7.0.2, )",
          "DryIoc.Microsoft.DependencyInjection": "[6.2.0, )",
          "DryIoc.dll": "[5.4.3, )",
          "Farmhash.Sharp": "[0.9.0, )",
          "IPAddressRange": "[6.3.0, )",
          "Microsoft.Extensions.Hosting": "[10.0.11, )",
          "XoshiroPRNG.Net": "[1.6.0, )"
        }
      }
    }
  }
}