{
  "version": 1,
  "dependencies": {
    "net7.0-windows7.0": {
      "ConcurrencyLab.ParallelChecker": {
        "type": "Direct",
        "requested": "[2.7.0, )",
        "resolved": "2.7.0",
        "contentHash": "ydBfxgn7cMWywJNIFv4eIXWa08ze2+5o/GnEYLnpo4A+dC6nO0F+UxCbPyG1dYbVwsNO7EASKoo47hdb/0z+Vw=="
      },
      "ConfigureAwait.Fody": {
        "type": "Direct",
        "requested": "[3.3.2, )",
        "resolved": "3.3.2",
        "contentHash": "vzGcpFU7uY4SbdB1Q68sFqv52HU5V1l39bF1rw6BIb7Os/DRLZa5ObV1yf/CNuTXj8IZjqJQ7PnTzSUiI/W49A==",
        "dependencies": {
          "Fody": "6.6.4"
        }
      },
      "DalamudPackager": {
        "type": "Direct",
        "requested": "[2.1.12, )",
        "resolved": "2.1.12",
        "contentHash": "Sc0PVxvgg4NQjcI8n10/VfUQBAS4O+Fw2pZrAqBdRMbthYGeogzu5+xmIGCGmsEZ/ukMOBuAqiNiB5qA3MRalg=="
      },
      "DryIoc.dll": {
        "type": "Direct",
        "requested": "[5.4.1, )",
        "resolved": "5.4.1",
        "contentHash": "fWjM3O4tCivhoQiHsJ3XClLtQ8wK2Tg6Loy6bQ7nOO1L5nRngB4G8TjtLJT3JuvnVQ7DC+kD4nDIVR/qjQg/dw=="
      },
      "Fody": {
        "type": "Direct",
        "requested": "[6.8.0, )",
        "resolved": "6.8.0",
        "contentHash": "hfZ/f8Mezt8aTkgv9nsvFdYoQ809/AqwsJlOGOPYIfBcG2aAIG3v3ex9d8ZqQuFYyMoucjRg4eKy3VleeGodKQ=="
      },
      "NAudio.Core": {
        "type": "Direct",
        "requested": "[2.2.1, )",
        "resolved": "2.2.1",
        "contentHash": "GgkdP6K/7FqXFo7uHvoqGZTJvW4z8g2IffhOO4JHaLzKCdDOUEzVKtveoZkCuUX8eV2HAINqi7VFqlFndrnz/g=="
      },
      "NAudio.Wasapi": {
        "type": "Direct",
        "requested": "[2.2.1, )",
        "resolved": "2.2.1",
        "contentHash": "lFfXoqacZZe0WqNChJgGYI+XV/n/61LzPHT3C1CJp4khoxeo2sziyX5wzNYWeCMNbsWxFvT3b3iXeY1UYjBhZw==",
        "dependencies": {
          "NAudio.Core": "2.2.1"
        }
      },
      "NAudio.WinMM": {
        "type": "Direct",
        "requested": "[2.2.1, )",
        "resolved": "2.2.1",
        "contentHash": "xFHRFwH4x6aq3IxRbewvO33ugJRvZFEOfO62i7uQJRUNW2cnu6BeBTHUS0JD5KBucZbHZaYqxQG8dwZ47ezQuQ==",
        "dependencies": {
          "Microsoft.Win32.Registry": "4.7.0",
          "NAudio.Core": "2.2.1"
        }
      },
      "AG.NonBlocking": {
        "type": "Transitive",
        "resolved": "2.1.1",
        "contentHash": "YQFUqdQLS2JRlWMFJL2Ejt2dKs3JgUSrYBrCailSdZjO0SXmyLLyDHIskq2p0oVjv9DqVbOa9DgauFvHAA9DIA==",
        "dependencies": {
          "System.Runtime.CompilerServices.Unsafe": "6.0.0"
        }
      },
      "DeviceId.Windows.Wmi": {
        "type": "Transitive",
        "resolved": "6.5.0",
        "contentHash": "Vqffz85WRqHWS+KPPCkBsyWBwWCBTyDoksizqmOvuvgVRp+W4jCJt94Zi62zoIcyKCH6OTqapI+l03twoqgzRQ==",
        "dependencies": {
          "DeviceId": "6.4.0",
          "DeviceId.Windows": "6.4.0",
          "System.Management": "7.0.0"
        }
      },
      "DryIoc.MefAttributedModel.dll": {
        "type": "Transitive",
        "resolved": "7.0.0",
        "contentHash": "rL15zLKGf1J/kLMpO1JSdNooOHrAjWTHduvrHRFuA/AYQ+9pqowKxsm3VgdPZecJMx2J4ixFk0gLWZhxl5Y5wg==",
        "dependencies": {
          "DryIoc.dll": "5.0.0",
          "DryIocAttributes.dll": "7.0.0"
        }
      },
      "DryIocAttributes.dll": {
        "type": "Transitive",
        "resolved": "7.0.0",
        "contentHash": "/fCyHfqZxVerHK9lt0CMoZraaoc411WgUTnAKog7NjqiKyiX/WeiyOKZGmPIvfC7kVoEkrOSNhqRmfxx8q5Tbw==",
        "dependencies": {
          "System.ComponentModel.Composition": "4.7.0"
        }
      },
      "InterlockedUtils": {
        "type": "Transitive",
        "resolved": "1.0.1",
        "contentHash": "GW+lP8C2ioZOWyq3RwNN/cDbict8L/IpUn1h2QlITIABj+HrMCn1SBHcRBKM/FmvcFVceO/GNoauXsX+f+KDsw=="
      },
      "Microsoft.NETCore.Platforms": {
        "type": "Transitive",
        "resolved": "3.1.0",
        "contentHash": "z7aeg8oHln2CuNulfhiLYxCVMPEwBl3rzicjvIX+4sUuCwvXw5oXQEtbiU2c0z4qYL5L3Kmx0mMA/+t/SbY67w=="
      },
      "Microsoft.Win32.Registry": {
        "type": "Transitive",
        "resolved": "4.7.0",
        "contentHash": "KSrRMb5vNi0CWSGG1++id2ZOs/1QhRqROt+qgbEAdQuGjGrFcl4AOl4/exGPUYz2wUnU42nvJqon1T3U0kPXLA==",
        "dependencies": {
          "System.Security.AccessControl": "4.7.0",
          "System.Security.Principal.Windows": "4.7.0"
        }
      },
      "System.CodeDom": {
        "type": "Transitive",
        "resolved": "7.0.0",
        "contentHash": "GLltyqEsE5/3IE+zYRP5sNa1l44qKl9v+bfdMcwg+M9qnQf47wK3H0SUR/T+3N4JEQXF3vV4CSuuo0rsg+nq2A=="
      },
      "System.ComponentModel.Composition": {
        "type": "Transitive",
        "resolved": "4.7.0",
        "contentHash": "TKOHGbuqp7++lEna7+p19kTR8rKeAeoo2Faab2n2q7spV2CWPevmUkghMG6POKfSdeQhtAJoNZ33FT+01CNe3g=="
      },
      "System.Management": {
        "type": "Transitive",
        "resolved": "7.0.0",
        "contentHash": "A4jed4QUviDOm7fJNKAJObEAEkEUXmkGL/w0iyCYTzrl1rezTj8LGFHfsVst4Vb9JwFcTpboiDrvdST48avBpw==",
        "dependencies": {
          "System.CodeDom": "7.0.0"
        }
      },
      "System.Runtime.CompilerServices.Unsafe": {
        "type": "Transitive",
        "resolved": "6.0.0",
        "contentHash": "/iUeP3tq1S0XdNNoMz5C9twLSrM/TH+qElHkXWaPvuNOt+99G75NrV0OS2EqHx5wMN7popYjpc8oTjC1y16DLg=="
      },
      "System.Security.AccessControl": {
        "type": "Transitive",
        "resolved": "4.7.0",
        "contentHash": "JECvTt5aFF3WT3gHpfofL2MNNP6v84sxtXxpqhLBCcDRzqsPBmHhQ6shv4DwwN2tRlzsUxtb3G9M3763rbXKDg==",
        "dependencies": {
          "Microsoft.NETCore.Platforms": "3.1.0",
          "System.Security.Principal.Windows": "4.7.0"
        }
      },
      "System.Security.Principal.Windows": {
        "type": "Transitive",
        "resolved": "4.7.0",
        "contentHash": "ojD0PX0XhneCsUbAZVKdb7h/70vyYMDYs85lwEI+LngEONe/17A0cFaRFqZU+sOEidcVswYWikYOQ9PPfjlbtQ=="
      },
      "ZString": {
        "type": "Transitive",
        "resolved": "2.5.1",
        "contentHash": "hHZnrIZAgda8j9n2gR4M7GbETcjr6EBo4CUnMtK8o2MgkgzARg+Y7XI142nNOpRRuup1LJb12/gd/tMhzwdw8g=="
      },
      "sonar": {
        "type": "Project",
        "dependencies": {
          "AG.NonBlocking": "[2.1.1, )",
          "ConcurrencyLab.ParallelChecker": "[2.7.0, )",
          "DeviceId.Windows.Wmi": "[6.5.0, )",
          "DryIoc.MefAttributedModel.dll": "[7.0.0, )",
          "DryIoc.dll": "[5.4.1, )",
          "InterlockedUtils": "[1.0.1, )",
          "SonarUtils": "[1.0.0, )",
          "ZString": "[2.5.1, )"
        }
      },
      "sonarutils": {
        "type": "Project",
        "dependencies": {
          "ConcurrencyLab.ParallelChecker": "[2.7.0, )"
        }
      }
    }
  }
}