{
  "version": 1,
  "dependencies": {
    "net10.0-windows7.0": {
      "AG": {
        "type": "Direct",
        "requested": "[0.1.2-alpha, )",
        "resolved": "0.1.2-alpha",
        "contentHash": "gWkXcwS8zyCTNSGmEex8nWlfqnfVFc40gkasdlOWm4MhMAD4mWnxTKH5C4Z47uR/uxh7I2qntg/LNiauakOwnA=="
      },
      "ConfigureAwait.Fody": {
        "type": "Direct",
        "requested": "[3.4.0, )",
        "resolved": "3.4.0",
        "contentHash": "TZ8HzGKNqCVPccGggWH0oAf8kTY676Aqnh3cWNK+zbKAqsRwQ2yLkwenWWF+2N3QXx/EZsP6cy7TRx0hyBiMQA==",
        "dependencies": {
          "Fody": "6.9.3"
        }
      },
      "DalamudPackager": {
        "type": "Direct",
        "requested": "[15.0.0, )",
        "resolved": "15.0.0",
        "contentHash": "411vwC8/X8Z/sQ2TI6v3SvOn66xFPeOjFn3Zn+h0d3Ox2t1kFm66AhDvmx/qcMwVrR+Hidxj0dadpQ2dgyXMBQ=="
      },
      "DotNet.ReproducibleBuilds": {
        "type": "Direct",
        "requested": "[1.2.39, )",
        "resolved": "1.2.39",
        "contentHash": "fcFN01tDTIQqDuTwr1jUQK/geofiwjG5DycJQOnC72i1SsLAk1ELe+apBOuZ11UMQG8YKFZG1FgvjZPbqHyatg=="
      },
      "DryIoc.dll": {
        "type": "Direct",
        "requested": "[5.4.3, )",
        "resolved": "5.4.3",
        "contentHash": "yhXOG3SOxeWYxBAWskNRDD8fzw5hriEawv4VN4WKaFHOuubiop4kxe2rkWTEyCnTgRVgxVUSQCDBBkZqwPm1iQ=="
      },
      "Fody": {
        "type": "Direct",
        "requested": "[6.9.3, )",
        "resolved": "6.9.3",
        "contentHash": "1CUGgFdyECDKgi5HaUBhdv6k+VG9Iy4OCforGfHyar3xQXAJypZkzymgKtWj/4SPd6nSG0Qi7NH71qHrDSZLaA=="
      },
      "NAudio.Core": {
        "type": "Direct",
        "requested": "[2.3.0, )",
        "resolved": "2.3.0",
        "contentHash": "jMd7r6dB6tAtXhOYL58ntPqwERNm1/Rhw5MKOIYvsnXzuX+PTGsa2VMam6n0npZYSwlSidKa4GAm4bFcXFUlcg=="
      },
      "NAudio.Wasapi": {
        "type": "Direct",
        "requested": "[2.3.0, )",
        "resolved": "2.3.0",
        "contentHash": "y5K2BxrLnvohgu5znzg5wRsai3YcuNXfrpo68i7PmCQqpK5MC/R24e5aO3OyN/XhfRr12e0QYV0OnUWEHi5SzA==",
        "dependencies": {
          "NAudio.Core": "2.3.0"
        }
      },
      "NAudio.WinMM": {
        "type": "Direct",
        "requested": "[2.3.0, )",
        "resolved": "2.3.0",
        "contentHash": "5G1dRjsZm50T3luyuqcmI2BSvj3K4ZJaD/x776/0Epj88qOsOryDZG40+MufwIk1UFJSFWhRobBqtJYFc8Ss4g==",
        "dependencies": {
          "NAudio.Core": "2.3.0"
        }
      },
      "AG.Collections.Concurrent": {
        "type": "Transitive",
        "resolved": "0.1.2-alpha",
        "contentHash": "gqJoa2iJ53mdFr1PcUykurc+ULRy3BRE7v3bdf1OZ76n976r+xZ2g69NuvDOKP7eM81qRhvUT3ngFa+LT8M9ZQ==",
        "dependencies": {
          "AG": "0.1.2-alpha",
          "AG.Collections.Generic": "0.1.2-alpha"
        }
      },
      "AG.Collections.Generic": {
        "type": "Transitive",
        "resolved": "0.1.2-alpha",
        "contentHash": "6KdevDpXfX1FZNsrFtWYtIWHQq2fUF8AiNpE/A3P4AaZ6Q2WKImj6vdGBxVaotT0+KGwB7xRa0dUNTHJ/ZOoAA==",
        "dependencies": {
          "AG": "0.1.2-alpha"
        }
      },
      "AG.EnumLocalization": {
        "type": "Transitive",
        "resolved": "0.1.3-alpha",
        "contentHash": "BNvyTUh46XipY5ka/SPOpFnUrBHiZSC78vjjvBpLPjYO2hK0OhhyuMHty3fdqXkoIPy/TjcmeF4a2j9p8+OmuA=="
      },
      "AG.NonBlocking": {
        "type": "Transitive",
        "resolved": "2.1.1",
        "contentHash": "YQFUqdQLS2JRlWMFJL2Ejt2dKs3JgUSrYBrCailSdZjO0SXmyLLyDHIskq2p0oVjv9DqVbOa9DgauFvHAA9DIA=="
      },
      "BouncyCastle.Cryptography": {
        "type": "Transitive",
        "resolved": "2.6.2",
        "contentHash": "7oWOcvnntmMKNzDLsdxAYqApt+AjpRpP2CShjMfIa3umZ42UQMvH0tl1qAliYPNYO6vTdcGMqnRrCPmsfzTI1w=="
      },
      "DeviceId": {
        "type": "Transitive",
        "resolved": "6.11.0",
        "contentHash": "GrFSc5Epv5MwgcezxgclRZIqm+jW6uNaZdGhtilqJs0MLU768nMzwP3+CgiZsJJQ1azPwQYmZq1Y4fdQafxwdg=="
      },
      "DeviceId.Linux": {
        "type": "Transitive",
        "resolved": "6.11.0",
        "contentHash": "Xc/HIu4KB/3la1LxRsrCsasKVkQywtypz6+CZbvqfalqoKRhynq8bMg7KA/FHwx+TU66p8JcQiZZwyJpKEx+CQ==",
        "dependencies": {
          "DeviceId": "6.11.0"
        }
      },
      "DeviceId.Mac": {
        "type": "Transitive",
        "resolved": "6.11.0",
        "contentHash": "M20qZltegeiL76jwrKzbwGxPYQPt3lg8cQkhPLubqNOfv5qMa6E/LcsBZ5UgVa6rlmUnU8YFeLvwttdpfQc47g==",
        "dependencies": {
          "DeviceId": "6.11.0"
        }
      },
      "DeviceId.Windows": {
        "type": "Transitive",
        "resolved": "6.11.0",
        "contentHash": "QyKZ0GzEK2ujlvUuWiy0FHjFI6p1WL53QiOFJOowjNvQpkYfl6dnEuqp0WgMq43UnDAfAf9TptDsQ2senj1GqA==",
        "dependencies": {
          "DeviceId": "6.11.0"
        }
      },
      "DeviceId.Windows.Wmi": {
        "type": "Transitive",
        "resolved": "6.11.0",
        "contentHash": "VVF9CI0G6TE2I6wantQiPrn05DR0B18NoIBx7/jD6F+zraUgJWYyTEslF0FgLMx5AMrWdZI+qj4YKbNdflRBuw==",
        "dependencies": {
          "DeviceId": "6.11.0",
          "DeviceId.Windows": "6.11.0",
          "System.Management": "10.0.3"
        }
      },
      "DryIoc.MefAttributedModel.dll": {
        "type": "Transitive",
        "resolved": "7.0.2",
        "contentHash": "vshe/0Gf+Aesxi6l73AdWvPkjhgliw10jsS84Z8iq4aiZPtlt+diL16sr4zVDoSmUrmuFn3VPE0Z0hs1sALe9A==",
        "dependencies": {
          "DryIoc.dll": "5.4.2",
          "DryIocAttributes.dll": "7.0.0"
        }
      },
      "DryIoc.Microsoft.DependencyInjection": {
        "type": "Transitive",
        "resolved": "6.2.0",
        "contentHash": "vR0CUZ/H/1WamB9VDHyBg8nTxqGAU8/hJo4MdDQrwfdsm1E2d9HrJNDJo+V8gAg0GXpC1vgHv7JenpehT0iybw==",
        "dependencies": {
          "DryIoc.dll": "5.4.0",
          "Microsoft.Extensions.DependencyInjection.Abstractions": "7.0.0"
        }
      },
      "DryIocAttributes.dll": {
        "type": "Transitive",
        "resolved": "7.0.0",
        "contentHash": "/fCyHfqZxVerHK9lt0CMoZraaoc411WgUTnAKog7NjqiKyiX/WeiyOKZGmPIvfC7kVoEkrOSNhqRmfxx8q5Tbw==",
        "dependencies": {
          "System.ComponentModel.Composition": "4.7.0"
        }
      },
      "Farmhash.Sharp": {
        "type": "Transitive",
        "resolved": "0.9.0",
        "contentHash": "6Ij80JrfPyiDRM4QqdlEIjev4Q97eqEakh7wFJZYmbUkWVoCJb1+YdSdoXpzvn+Fs2dXH8THRsn+uUvrhMNKpQ=="
      },
      "InterlockedUtils": {
        "type": "Transitive",
        "resolved": "1.0.1",
        "contentHash": "GW+lP8C2ioZOWyq3RwNN/cDbict8L/IpUn1h2QlITIABj+HrMCn1SBHcRBKM/FmvcFVceO/GNoauXsX+f+KDsw=="
      },
      "IPAddressRange": {
        "type": "Transitive",
        "resolved": "6.3.0",
        "contentHash": "VrGoeUz+ZK2QiwHNj+vab9uOvTDucenRseJZjc4uB7ASduQ7RNWnpd8gy1e9z2BsY4VoigVaCRrcQCQKuQVSiw=="
      },
      "MessagePack": {
        "type": "Transitive",
        "resolved": "3.1.4",
        "contentHash": "BH0wlHWmVoZpbAPyyt2Awbq30C+ZsS3eHSkYdnyUAbqVJ22fAJDzn2xTieBeoT5QlcBzp61vHcv878YJGfi3mg==",
        "dependencies": {
          "MessagePack.Annotations": "3.1.4",
          "MessagePackAnalyzer": "3.1.4",
          "Microsoft.NET.StringTools": "17.11.4"
        }
      },
      "MessagePack.Annotations": {
        "type": "Transitive",
        "resolved": "3.1.4",
        "contentHash": "aVWrDAkCdqxwQsz/q0ldPh2EFn48M99YUzE9OvZjMq2RNLKz4o2z88iGFvSvbMqOWRweRvKPHBJZe22PRqzslQ=="
      },
      "Microsoft.AspNetCore.Connections.Abstractions": {
        "type": "Transitive",
        "resolved": "10.0.7",
        "contentHash": "O8OsajBAeZthyKWw3zrS0G49weEI6/w0VQLxxWk0zuzhYbphODrcyjp6sds3HONheStEZj8/bCKPaT5rpIYT0Q==",
        "dependencies": {
          "Microsoft.Extensions.Features": "10.0.7"
        }
      },
      "Microsoft.AspNetCore.Http.Connections.Client": {
        "type": "Transitive",
        "resolved": "10.0.7",
        "contentHash": "oZzsyHxPfwJg9xLrIow1HRe6Y2w1/ylRKJLbCvePVNZgy/2WeYDk68V+Z20zzs6gXNQS3UjbbdsQai3/ih/CeA==",
        "dependencies": {
          "Microsoft.AspNetCore.Http.Connections.Common": "10.0.7",
          "Microsoft.Extensions.Logging.Abstractions": "10.0.7",
          "Microsoft.Extensions.Options": "10.0.7"
        }
      },
      "Microsoft.AspNetCore.Http.Connections.Common": {
        "type": "Transitive",
        "resolved": "10.0.7",
        "contentHash": "qG/Z9C1qR5JbPuRT76TZWqWZk88UuuRGGCV6kzWMiq+0IBXXinZVvKKlVNzepeA3E88Fx9aAkwQnts1H4LYP3A==",
        "dependencies": {
          "Microsoft.AspNetCore.Connections.Abstractions": "10.0.7"
        }
      },
      "Microsoft.AspNetCore.SignalR.Client": {
        "type": "Transitive",
        "resolved": "10.0.7",
        "contentHash": "P0vOQH/vHTpRBjsqK21CV+JDcppN4+80nhcNhKT61YA2DturJGC5wuQnRVKvMtbi7wW7QNbtpo8+KA+cnE/HQw==",
        "dependencies": {
          "Microsoft.AspNetCore.Http.Connections.Client": "10.0.7",
          "Microsoft.AspNetCore.SignalR.Client.Core": "10.0.7"
        }
      },
      "Microsoft.AspNetCore.SignalR.Client.Core": {
        "type": "Transitive",
        "resolved": "10.0.7",
        "contentHash": "zItZbjPjkhViHO9cxf0QMlXKHESgoIMcH1yPnlkfC2NVdcyxmcQ8aKdV6LSn4+v1rEiRZgALxSNT9fPwYlCtcA==",
        "dependencies": {
          "Microsoft.AspNetCore.SignalR.Common": "10.0.7",
          "Microsoft.AspNetCore.SignalR.Protocols.Json": "10.0.7",
          "Microsoft.Extensions.DependencyInjection": "10.0.7",
          "Microsoft.Extensions.Logging": "10.0.7"
        }
      },
      "Microsoft.AspNetCore.SignalR.Common": {
        "type": "Transitive",
        "resolved": "10.0.7",
        "contentHash": "00bk3BwiPg4qfYelpsD6bQdvlRz3I2bwH4/+twxPw57KY+WU1XrQIDuAR8SMBG+Bbt42gyu9vSEO6Lz/CEfsag==",
        "dependencies": {
          "Microsoft.AspNetCore.Connections.Abstractions": "10.0.7",
          "Microsoft.Extensions.Options": "10.0.7"
        }
      },
      "Microsoft.AspNetCore.SignalR.Protocols.Json": {
        "type": "Transitive",
        "resolved": "10.0.7",
        "contentHash": "Z12681pukNsHIGZ87arfec1R2CyRS1MP7m65oLzyXAuugf+moAWSojIPX/D18amTfKqddDMn9j+W4PcTCBDDlA==",
        "dependencies": {
          "Microsoft.AspNetCore.SignalR.Common": "10.0.7"
        }
      },
      "Microsoft.AspNetCore.SignalR.Protocols.MessagePack": {
        "type": "Transitive",
        "resolved": "10.0.7",
        "contentHash": "wnzMODxK/KcHF2Ql7Ly4RXR/mGLFYCc2yg0L8OzWpsG2lhwb8X+XaRSL4E33W5UYfHmapGAKDVYYek5uHirr4Q==",
        "dependencies": {
          "MessagePack": "2.5.187",
          "Microsoft.AspNetCore.SignalR.Common": "10.0.7"
        }
      },
      "Microsoft.Extensions.Configuration": {
        "type": "Transitive",
        "resolved": "10.0.7",
        "contentHash": "wZbGh7J8R1vXN525O6d8dlcDTxhRTnd5MyW4LdfP5S0tSnTwTCseYSrq6g0Mxh7W9xn8P/2xPuf0D/m6k2dy2w==",
        "dependencies": {
          "Microsoft.Extensions.Configuration.Abstractions": "10.0.7",
          "Microsoft.Extensions.Primitives": "10.0.7"
        }
      },
      "Microsoft.Extensions.Configuration.Abstractions": {
        "type": "Transitive",
        "resolved": "10.0.7",
        "contentHash": "t56nEgvECcyLPojZIUFWJknQQDAbgfTf9J+QMYJE1YYvVgz69vN6B/AKL8Grvj3Lcnp8kTpNqwmwFhb3YLJmtQ==",
        "dependencies": {
          "Microsoft.Extensions.Primitives": "10.0.7"
        }
      },
      "Microsoft.Extensions.Configuration.Binder": {
        "type": "Transitive",
        "resolved": "10.0.7",
        "contentHash": "8bS1qIaRivny+WX+49pmeJ6iAylbtX8C0DLEcCQWZjdxQvLqaMssXiGD9P/6pYElrHbK5/nAHmjbQ8STqdMYeg==",
        "dependencies": {
          "Microsoft.Extensions.Configuration": "10.0.7",
          "Microsoft.Extensions.Configuration.Abstractions": "10.0.7"
        }
      },
      "Microsoft.Extensions.Configuration.CommandLine": {
        "type": "Transitive",
        "resolved": "10.0.7",
        "contentHash": "3lNjglxfFxOzI9zG+3HSg/YSGqo//8Fqw6u6iuIamZb4JCorbA3JLaeWOpfKTAPi2UJwaispOXWx14dUqcGz4A==",
        "dependencies": {
          "Microsoft.Extensions.Configuration": "10.0.7",
          "Microsoft.Extensions.Configuration.Abstractions": "10.0.7"
        }
      },
      "Microsoft.Extensions.Configuration.EnvironmentVariables": {
        "type": "Transitive",
        "resolved": "10.0.7",
        "contentHash": "TWto3imA+mJMLZI+5sbgLiFFoOFNFkizQYNaC5jTuiHKn3diwm1RN7mWDOEZN9kG2bixw7IvgpvtUG5/teSRzA==",
        "dependencies": {
          "Microsoft.Extensions.Configuration": "10.0.7",
          "Microsoft.Extensions.Configuration.Abstractions": "10.0.7"
        }
      },
      "Microsoft.Extensions.Configuration.FileExtensions": {
        "type": "Transitive",
        "resolved": "10.0.7",
        "contentHash": "qbZLvLsoTdArSloEnSxs21P781YUmwVmHc5NJPQD/ezAreQ7884z+6QfAZVKi86WAZtzx83jK2uC4itxOM44gQ==",
        "dependencies": {
          "Microsoft.Extensions.Configuration": "10.0.7",
          "Microsoft.Extensions.Configuration.Abstractions": "10.0.7",
          "Microsoft.Extensions.FileProviders.Abstractions": "10.0.7",
          "Microsoft.Extensions.FileProviders.Physical": "10.0.7",
          "Microsoft.Extensions.Primitives": "10.0.7"
        }
      },
      "Microsoft.Extensions.Configuration.Json": {
        "type": "Transitive",
        "resolved": "10.0.7",
        "contentHash": "64dimvyyKk0dbUbrLg/YCv4ugJ4sVz2aXLwfvZwR1EC4tJqW9ru/oVRcXwoJRa2lQGXtYtlpk4maWOeIb48tQw==",
        "dependencies": {
          "Microsoft.Extensions.Configuration": "10.0.7",
          "Microsoft.Extensions.Configuration.Abstractions": "10.0.7",
          "Microsoft.Extensions.Configuration.FileExtensions": "10.0.7",
          "Microsoft.Extensions.FileProviders.Abstractions": "10.0.7"
        }
      },
      "Microsoft.Extensions.Configuration.UserSecrets": {
        "type": "Transitive",
        "resolved": "10.0.7",
        "contentHash": "YqVIICoIdl0016wkeO2WQS+uEbEXbUhMLKdC5rZNl1X3nu59F+nwaAHdHjq/4OK+Cx31DYmNUSFh+MUot8qSDw==",
        "dependencies": {
          "Microsoft.Extensions.Configuration.Abstractions": "10.0.7",
          "Microsoft.Extensions.Configuration.Json": "10.0.7",
          "Microsoft.Extensions.FileProviders.Abstractions": "10.0.7",
          "Microsoft.Extensions.FileProviders.Physical": "10.0.7"
        }
      },
      "Microsoft.Extensions.DependencyInjection": {
        "type": "Transitive",
        "resolved": "10.0.7",
        "contentHash": "91F/o3emPV/+xY/ip3s2LqDNF14kjttlVtq0BXgg6p4MnCzeSZxnUJm+t6WRrtD3JdGo88/oX+z7OwK4y8PZuw==",
        "dependencies": {
          "Microsoft.Extensions.DependencyInjection.Abstractions": "10.0.7"
        }
      },
      "Microsoft.Extensions.DependencyInjection.Abstractions": {
        "type": "Transitive",
        "resolved": "10.0.7",
        "contentHash": "Z6mfFEaFcwCfSboxJwOLfu7/31npCY9q70WUamHW/vRQhDvBKOT4Vf9YkZj5J6hLvJpb0oDEYfHunQZj0xxvKw=="
      },
      "Microsoft.Extensions.Diagnostics": {
        "type": "Transitive",
        "resolved": "10.0.7",
        "contentHash": "l+smp1qPlU0OUXD0OGfdp7OUFrbdq7ZaP5T7m2WpfZ4RFKD7iG73BAT7tjSMxNmbSXkhAn1jYHOAqzYG1r9sNg==",
        "dependencies": {
          "Microsoft.Extensions.Configuration": "10.0.7",
          "Microsoft.Extensions.Diagnostics.Abstractions": "10.0.7",
          "Microsoft.Extensions.Options.ConfigurationExtensions": "10.0.7"
        }
      },
      "Microsoft.Extensions.Diagnostics.Abstractions": {
        "type": "Transitive",
        "resolved": "10.0.7",
        "contentHash": "uJ9JP677y+uy+C0vtaSfi7XXgFAdz8DhU3M9lwwIXDfQKcyQ0yxM9DVYa0NXDtdVTYA2eBUtVFZ8LY0GCdeE/w==",
        "dependencies": {
          "Microsoft.Extensions.DependencyInjection.Abstractions": "10.0.7",
          "Microsoft.Extensions.Options": "10.0.7"
        }
      },
      "Microsoft.Extensions.Features": {
        "type": "Transitive",
        "resolved": "10.0.7",
        "contentHash": "SdPQY5HKYuhymSbwerc3joc4fyLkDwHdtVnYu9NGoXbo4ZoXsc4yFzI4qpuw7pyUcCugU6jKA3jldMyDHcUTNg=="
      },
      "Microsoft.Extensions.FileProviders.Abstractions": {
        "type": "Transitive",
        "resolved": "10.0.7",
        "contentHash": "teioDgVpi8L186wUfrXQV1YuBt6lCSPmFZiMZo53+FZxHFjOV+f4GXo4LXgJ273Mku9//AdXWVjk9J7eJP6inw==",
        "dependencies": {
          "Microsoft.Extensions.Primitives": "10.0.7"
        }
      },
      "Microsoft.Extensions.FileProviders.Physical": {
        "type": "Transitive",
        "resolved": "10.0.7",
        "contentHash": "zhgWg/i0ECj5v0jLFBSZHplvc5ygCI91DR4nne+BP4XAKF5ycz0pEKnFiTw8C1jCABJEZsnBZh6pXAvn71kFmw==",
        "dependencies": {
          "Microsoft.Extensions.FileProviders.Abstractions": "10.0.7",
          "Microsoft.Extensions.FileSystemGlobbing": "10.0.7",
          "Microsoft.Extensions.Primitives": "10.0.7"
        }
      },
      "Microsoft.Extensions.FileSystemGlobbing": {
        "type": "Transitive",
        "resolved": "10.0.7",
        "contentHash": "NTUspqB+vH9g4wAD6KPOBx01xqYuKXR/cHXm449zpbq1GqfjdAxBmg7eJXrNsPw7SKwIdT2cJ05GxYVvc+lvsA=="
      },
      "Microsoft.Extensions.Hosting": {
        "type": "Transitive",
        "resolved": "10.0.7",
        "contentHash": "M/vBpfWcschvS2EUeq7cHfscsxabiGTptXwV7GeSueovGiSoNjyo1j5PMcWuOAAQrRW3nRqxZk8NeumrmpzUBg==",
        "dependencies": {
          "Microsoft.Extensions.Configuration": "10.0.7",
          "Microsoft.Extensions.Configuration.Abstractions": "10.0.7",
          "Microsoft.Extensions.Configuration.Binder": "10.0.7",
          "Microsoft.Extensions.Configuration.CommandLine": "10.0.7",
          "Microsoft.Extensions.Configuration.EnvironmentVariables": "10.0.7",
          "Microsoft.Extensions.Configuration.FileExtensions": "10.0.7",
          "Microsoft.Extensions.Configuration.Json": "10.0.7",
          "Microsoft.Extensions.Configuration.UserSecrets": "10.0.7",
          "Microsoft.Extensions.DependencyInjection": "10.0.7",
          "Microsoft.Extensions.DependencyInjection.Abstractions": "10.0.7",
          "Microsoft.Extensions.Diagnostics": "10.0.7",
          "Microsoft.Extensions.FileProviders.Abstractions": "10.0.7",
          "Microsoft.Extensions.FileProviders.Physical": "10.0.7",
          "Microsoft.Extensions.Hosting.Abstractions": "10.0.7",
          "Microsoft.Extensions.Logging": "10.0.7",
          "Microsoft.Extensions.Logging.Abstractions": "10.0.7",
          "Microsoft.Extensions.Logging.Configuration": "10.0.7",
          "Microsoft.Extensions.Logging.Console": "10.0.7",
          "Microsoft.Extensions.Logging.Debug": "10.0.7",
          "Microsoft.Extensions.Logging.EventLog": "10.0.7",
          "Microsoft.Extensions.Logging.EventSource": "10.0.7",
          "Microsoft.Extensions.Options": "10.0.7"
        }
      },
      "Microsoft.Extensions.Hosting.Abstractions": {
        "type": "Transitive",
        "resolved": "10.0.7",
        "contentHash": "5s8d6qC6EA8UOI4wR/+zlsq7SXttJMRb9d7zvVZ7+bE3CQEfVtC9ITUDCommm87R1zzj6WJBbCnztuIJXnP3DA==",
        "dependencies": {
          "Microsoft.Extensions.Configuration.Abstractions": "10.0.7",
          "Microsoft.Extensions.DependencyInjection.Abstractions": "10.0.7",
          "Microsoft.Extensions.Diagnostics.Abstractions": "10.0.7",
          "Microsoft.Extensions.FileProviders.Abstractions": "10.0.7",
          "Microsoft.Extensions.Logging.Abstractions": "10.0.7"
        }
      },
      "Microsoft.Extensions.Logging": {
        "type": "Transitive",
        "resolved": "10.0.7",
        "contentHash": "hOeRIQ63GkgiYCB/MIFp+LQs8aXpJXpB55t6Aj37ab7t2/6WeFcPXxYM9hdy/o5tffzwf8mhqzLJP6mjGYCxjw==",
        "dependencies": {
          "Microsoft.Extensions.DependencyInjection": "10.0.7",
          "Microsoft.Extensions.Logging.Abstractions": "10.0.7",
          "Microsoft.Extensions.Options": "10.0.7"
        }
      },
      "Microsoft.Extensions.Logging.Abstractions": {
        "type": "Transitive",
        "resolved": "10.0.7",
        "contentHash": "tIEcQ2gvERrH2KiCjdsVcHGhXt9lIsuDStfOIeZWr7/fP8IXhGiYfx0/80PNI7WPO2IYuFtlZLSlnTS8+/Mchw==",
        "dependencies": {
          "Microsoft.Extensions.DependencyInjection.Abstractions": "10.0.7"
        }
      },
      "Microsoft.Extensions.Logging.Configuration": {
        "type": "Transitive",
        "resolved": "10.0.7",
        "contentHash": "7BBnoGF37USiu7j434put9mDp7EjdlNDIZsR4vHfC1FbLZeLqiWjgJbeEtF0p59Ryqt8AtraHawf0ZKbe5jibg==",
        "dependencies": {
          "Microsoft.Extensions.Configuration": "10.0.7",
          "Microsoft.Extensions.Configuration.Abstractions": "10.0.7",
          "Microsoft.Extensions.Configuration.Binder": "10.0.7",
          "Microsoft.Extensions.DependencyInjection.Abstractions": "10.0.7",
          "Microsoft.Extensions.Logging": "10.0.7",
          "Microsoft.Extensions.Logging.Abstractions": "10.0.7",
          "Microsoft.Extensions.Options": "10.0.7",
          "Microsoft.Extensions.Options.ConfigurationExtensions": "10.0.7"
        }
      },
      "Microsoft.Extensions.Logging.Console": {
        "type": "Transitive",
        "resolved": "10.0.7",
        "contentHash": "DA++Es6v6W0HfrOrw+K8WyN6jNnZHp640PDdEvl8yfeVmgflKdn6vSSFvufNUSOuY+M2ZaSUgfY+jUKtNpXcCw==",
        "dependencies": {
          "Microsoft.Extensions.DependencyInjection.Abstractions": "10.0.7",
          "Microsoft.Extensions.Logging": "10.0.7",
          "Microsoft.Extensions.Logging.Abstractions": "10.0.7",
          "Microsoft.Extensions.Logging.Configuration": "10.0.7",
          "Microsoft.Extensions.Options": "10.0.7"
        }
      },
      "Microsoft.Extensions.Logging.Debug": {
        "type": "Transitive",
        "resolved": "10.0.7",
        "contentHash": "Y6DSt/JZApunYWKqTtqbdsR6iqAvHx3D0tavbNJ1rnC24MUpF+3XO/VKgFi+9PFqMyvQ2GHBBGb8H3cLSw7rDg==",
        "dependencies": {
          "Microsoft.Extensions.DependencyInjection.Abstractions": "10.0.7",
          "Microsoft.Extensions.Logging": "10.0.7",
          "Microsoft.Extensions.Logging.Abstractions": "10.0.7"
        }
      },
      "Microsoft.Extensions.Logging.EventLog": {
        "type": "Transitive",
        "resolved": "10.0.7",
        "contentHash": "1C8eTuxF6BLncNSJ1HCfmaBcjpUSqQDPlBVdYTlet9oldHTPpNh9iatxSJLs8TOqdp/FOpH+nSLdBve7fu9mTQ==",
        "dependencies": {
          "Microsoft.Extensions.DependencyInjection.Abstractions": "10.0.7",
          "Microsoft.Extensions.Logging": "10.0.7",
          "Microsoft.Extensions.Logging.Abstractions": "10.0.7",
          "Microsoft.Extensions.Options": "10.0.7",
          "System.Diagnostics.EventLog": "10.0.7"
        }
      },
      "Microsoft.Extensions.Logging.EventSource": {
        "type": "Transitive",
        "resolved": "10.0.7",
        "contentHash": "YWfndnDX1jVMGCN8d5T+rO+BO8sDw6BkYlUk0BYui+WP7+HhlWx8QLdA4yUDjrkGVb3AQxIWWEPVKw5Nnfj5GQ==",
        "dependencies": {
          "Microsoft.Extensions.DependencyInjection.Abstractions": "10.0.7",
          "Microsoft.Extensions.Logging": "10.0.7",
          "Microsoft.Extensions.Logging.Abstractions": "10.0.7",
          "Microsoft.Extensions.Options": "10.0.7",
          "Microsoft.Extensions.Primitives": "10.0.7"
        }
      },
      "Microsoft.Extensions.Options": {
        "type": "Transitive",
        "resolved": "10.0.7",
        "contentHash": "00SHUGTh2jSMvIr6x9Xwd2nE+B5/qFCO/9hDwUDhJsjYRDlADmaBZ7tqehXzBDsfjHSXJzuRHJzPYPPjphBQ7Q==",
        "dependencies": {
          "Microsoft.Extensions.DependencyInjection.Abstractions": "10.0.7",
          "Microsoft.Extensions.Primitives": "10.0.7"
        }
      },
      "Microsoft.Extensions.Options.ConfigurationExtensions": {
        "type": "Transitive",
        "resolved": "10.0.7",
        "contentHash": "IT7f+EMXZtkjatEcF+o6aOw/7OE4etRrMiDGEWH/iiTu2R3uhC4NEQJCfHiibtX45U3sIQ5Fh6tbb1qaOz3YAg==",
        "dependencies": {
          "Microsoft.Extensions.Configuration.Abstractions": "10.0.7",
          "Microsoft.Extensions.Configuration.Binder": "10.0.7",
          "Microsoft.Extensions.DependencyInjection.Abstractions": "10.0.7",
          "Microsoft.Extensions.Options": "10.0.7",
          "Microsoft.Extensions.Primitives": "10.0.7"
        }
      },
      "Microsoft.Extensions.Primitives": {
        "type": "Transitive",
        "resolved": "10.0.7",
        "contentHash": "D5M0Jr551iTgwkZMN9rm0pSkgNLj5quUWQUmQPMZh7k/bnvZTnXRGfE2KuvXf1EEjt/ofD9yw9IumpgdP9QCnw=="
      },
      "Microsoft.NET.StringTools": {
        "type": "Transitive",
        "resolved": "17.11.4",
        "contentHash": "mudqUHhNpeqIdJoUx2YDWZO/I9uEDYVowan89R6wsomfnUJQk6HteoQTlNjZDixhT2B4IXMkMtgZtoceIjLRmA=="
      },
      "System.CodeDom": {
        "type": "Transitive",
        "resolved": "10.0.3",
        "contentHash": "+G1mBhHJp8taiDcHK1gmckOZ884n9JeIrS1dzFYZhSa8oTiIF+EagIyAyCOQzdBbbES7eb9AkjGBlUZqqoCaeg=="
      },
      "System.ComponentModel.Composition": {
        "type": "Transitive",
        "resolved": "4.7.0",
        "contentHash": "TKOHGbuqp7++lEna7+p19kTR8rKeAeoo2Faab2n2q7spV2CWPevmUkghMG6POKfSdeQhtAJoNZ33FT+01CNe3g=="
      },
      "System.Diagnostics.EventLog": {
        "type": "Transitive",
        "resolved": "10.0.7",
        "contentHash": "WbmDLeTPYhEzXhvYVioTVn/D1XX6bovyny9n5p8Zxtf03+eY385RB818teZm6n+fA63iZNvng0/Np4tLuhkMhQ=="
      },
      "System.Management": {
        "type": "Transitive",
        "resolved": "10.0.3",
        "contentHash": "VyK/nnG1ZgwP/wY8HGrNrdha7kenyI+bkfE0miywiRaWVwqtenuYshA6pmP6Xm7lPsTE2ZRZ+BkzmUVg/VZtTg==",
        "dependencies": {
          "System.CodeDom": "10.0.3"
        }
      },
      "XoshiroPRNG.Net": {
        "type": "Transitive",
        "resolved": "1.6.0",
        "contentHash": "Agj7DDi1obbcZXzPJDGpx4ncwrlr0Q39xe/coNGJV2DU3AzhWiHF33sM2nkHlgIL1icLacx1hkqNz8No7pdWWg=="
      },
      "ZString": {
        "type": "Transitive",
        "resolved": "2.6.0",
        "contentHash": "XE8a+11nZg0LRaf+RGABEWaHIf8yGd5w8v/Ra1iWxMBmAVzwuKbW7G21mS0U7w7sh1lYcgckInWGgnz4qyET8A=="
      },
      "sonar": {
        "type": "Project",
        "dependencies": {
          "AG.NonBlocking": "[2.1.1, )",
          "DeviceId": "[6.11.0, )",
          "DeviceId.Linux": "[6.11.0, )",
          "DeviceId.Mac": "[6.11.0, )",
          "DeviceId.Windows": "[6.11.0, )",
          "DeviceId.Windows.Wmi": "[6.11.0, )",
          "InterlockedUtils": "[1.0.1, )",
          "MessagePack": "[3.1.4, )",
          "MessagePack.Annotations": "[3.1.4, )",
          "Microsoft.AspNetCore.SignalR.Client": "[10.0.7, )",
          "Microsoft.AspNetCore.SignalR.Protocols.MessagePack": "[10.0.7, )",
          "SonarUtils": "[1.0.0, )",
          "ZString": "[2.6.0, )"
        }
      },
      "sonarutils": {
        "type": "Project",
        "dependencies": {
          "AG.Collections.Concurrent": "[0.1.2-alpha, )",
          "AG.EnumLocalization": "[0.1.3-alpha, )",
          "BouncyCastle.Cryptography": "[2.6.2, )",
          "DryIoc.MefAttributedModel.dll": "[7.0.2, )",
          "DryIoc.Microsoft.DependencyInjection": "[6.2.0, )",
          "DryIoc.dll": "[5.4.3, )",
          "Farmhash.Sharp": "[0.9.0, )",
          "IPAddressRange": "[6.3.0, )",
          "Microsoft.Extensions.Hosting": "[10.0.7, )",
          "XoshiroPRNG.Net": "[1.6.0, )"
        }
      }
    }
  }
}